Microsoft Visual Studio Solution File, Format Version 12.00
# Visual Studio Version 17
VisualStudioVersion = 17.3.32611.2
MinimumVisualStudioVersion = 10.0.40219.1
Project("{9A19103F-16F7-4668-BE54-9A1E7A4F7556}") = "Lottie.iOS", "Lottie.iOS\Lottie.iOS.csproj", "{8F0CC2B2-88E2-459B-AC92-F3A74071707E}"
EndProject
Project("{2150E333-8FDC-42A3-9474-1A3956D46DE8}") = "SolutionItems", "SolutionItems", "{E8F45614-179E-47E6-8D29-E292E32BA282}"
	ProjectSection(SolutionItems) = preProject
		Directory.Build.props = Directory.Build.props
		Directory.Build.targets = Directory.Build.targets
		LICENSE = LICENSE
	EndProjectSection
EndProject
Project("{2150E333-8FDC-42A3-9474-1A3956D46DE8}") = "Samples", "Samples", "{6FFBECD5-AC8D-4B60-9D5E-C847AC0DC22A}"
	ProjectSection(SolutionItems) = preProject
		Samples\Directory.Build.props = Samples\Directory.Build.props
	EndProjectSection
EndProject
Project("{2150E333-8FDC-42A3-9474-1A3956D46DE8}") = "Forms", "Forms", "{DD5FE1BA-D2FC-4AF7-860F-C7C8AF0C17B4}"
EndProject
Project("{2150E333-8FDC-42A3-9474-1A3956D46DE8}") = "Native", "Native", "{46FDD0BB-356C-450A-A0F7-5AF6F4B3C082}"
EndProject
Project("{FAE04EC0-301F-11D3-BF4B-00C04F79EFBC}") = "Lottie.Maui", "Lottie.Maui\Lottie.Maui.csproj", "{8573D258-4149-4ED8-B8DF-15780B32DDB8}"
EndProject
Project("{2150E333-8FDC-42A3-9474-1A3956D46DE8}") = "Maui", "Maui", "{D307F102-0A59-40B0-B146-E2D9A79525B6}"
EndProject
Project("{FAE04EC0-301F-11D3-BF4B-00C04F79EFBC}") = "Lottie.Sample", "Samples\Maui\Lottie.Sample\Lottie.Sample.csproj", "{1BE63C0C-7914-4832-97F6-3289089BB98C}"
EndProject
Project("{9344BDBB-3E7F-41FC-A0DD-8665D75EE146}") = "Example.macOS", "Samples\Native\Example.macOS\Example.macOS.csproj", "{D67A449A-9D5A-4D07-B006-9A42EDEEAFDE}"
EndProject
Project("{9344BDBB-3E7F-41FC-A0DD-8665D75EE146}") = "Lottie.Forms", "Lottie.Forms\Lottie.Forms.csproj", "{C7B25D11-84B6-4DB8-A6A7-B9401CF51E2D}"
EndProject
Project("{9344BDBB-3E7F-41FC-A0DD-8665D75EE146}") = "Lottie.Android", "Lottie.Android\Lottie.Android.csproj", "{CE38E538-5A0F-44F3-89E9-58B2CF69E83D}"
EndProject
Project("{9344BDBB-3E7F-41FC-A0DD-8665D75EE146}") = "Example.Forms", "Samples\Forms\Example.Forms\Example.Forms.csproj", "{38A407AC-B56C-4C2A-A448-B49CFBF697C0}"
EndProject
Project("{9344BDBB-3E7F-41FC-A0DD-8665D75EE146}") = "Example.Forms.Droid", "Samples\Forms\Example.Forms.Droid\Example.Forms.Droid.csproj", "{47F6B56F-A2C8-4C7C-93DB-EA7F8B5BFADC}"
EndProject
Project("{9344BDBB-3E7F-41FC-A0DD-8665D75EE146}") = "Example.Forms.iOS", "Samples\Forms\Example.Forms.iOS\Example.Forms.iOS.csproj", "{849E5EAF-FAA5-4E44-A11F-E4C6A749FBF6}"
EndProject
Project("{9344BDBB-3E7F-41FC-A0DD-8665D75EE146}") = "Example.Forms.UWP", "Samples\Forms\Example.Forms.UWP\Example.Forms.UWP.csproj", "{EFBF1CFF-0529-49F7-98AF-47D8EE51CC51}"
EndProject
Project("{9344BDBB-3E7F-41FC-A0DD-8665D75EE146}") = "Example.Droid", "Samples\Native\Example.Droid\Example.Droid.csproj", "{A86DBCF2-FB0E-4F76-81DC-1A079965A60D}"
EndProject
Project("{FAE04EC0-301F-11D3-BF4B-00C04F79EFBC}") = "Example.iOS", "Samples\Native\Example.iOS\Example.iOS.csproj", "{479F258B-F78C-4A5B-8351-23911CE800A2}"
EndProject
Project("{9344BDBB-3E7F-41FC-A0DD-8665D75EE146}") = "Example.tvOS", "Samples\Native\Example.tvOS\Example.tvOS.csproj", "{2CB86DA1-A8A2-4E1C-B1A0-891EBA283C6C}"
EndProject
Project("{FAE04EC0-301F-11D3-BF4B-00C04F79EFBC}") = "Lottie.iOS.Migrated", "Lottie.iOS.Migrated\Lottie.iOS.Migrated.csproj", "{4825D005-9713-4CBA-BA8D-293E72D80AF8}"
EndProject
Global
	GlobalSection(SolutionConfigurationPlatforms) = preSolution
		Ad-Hoc|Any CPU = Ad-Hoc|Any CPU
		Ad-Hoc|ARM = Ad-Hoc|ARM
		Ad-Hoc|iPhone = Ad-Hoc|iPhone
		Ad-Hoc|iPhoneSimulator = Ad-Hoc|iPhoneSimulator
		Ad-Hoc|x64 = Ad-Hoc|x64
		Ad-Hoc|x86 = Ad-Hoc|x86
		AppStore|Any CPU = AppStore|Any CPU
		AppStore|ARM = AppStore|ARM
		AppStore|iPhone = AppStore|iPhone
		AppStore|iPhoneSimulator = AppStore|iPhoneSimulator
		AppStore|x64 = AppStore|x64
		AppStore|x86 = AppStore|x86
		Debug|Any CPU = Debug|Any CPU
		Debug|ARM = Debug|ARM
		Debug|iPhone = Debug|iPhone
		Debug|iPhoneSimulator = Debug|iPhoneSimulator
		Debug|x64 = Debug|x64
		Debug|x86 = Debug|x86
		Release|Any CPU = Release|Any CPU
		Release|ARM = Release|ARM
		Release|iPhone = Release|iPhone
		Release|iPhoneSimulator = Release|iPhoneSimulator
		Release|x64 = Release|x64
		Release|x86 = Release|x86
	EndGlobalSection
	GlobalSection(ProjectConfigurationPlatforms) = postSolution
		{8F0CC2B2-88E2-459B-AC92-F3A74071707E}.Ad-Hoc|Any CPU.ActiveCfg = Release|Any CPU
		{8F0CC2B2-88E2-459B-AC92-F3A74071707E}.Ad-Hoc|Any CPU.Build.0 = Release|Any CPU
		{8F0CC2B2-88E2-459B-AC92-F3A74071707E}.Ad-Hoc|ARM.ActiveCfg = Debug|Any CPU
		{8F0CC2B2-88E2-459B-AC92-F3A74071707E}.Ad-Hoc|ARM.Build.0 = Debug|Any CPU
		{8F0CC2B2-88E2-459B-AC92-F3A74071707E}.Ad-Hoc|iPhone.ActiveCfg = Release|Any CPU
		{8F0CC2B2-88E2-459B-AC92-F3A74071707E}.Ad-Hoc|iPhone.Build.0 = Release|Any CPU
		{8F0CC2B2-88E2-459B-AC92-F3A74071707E}.Ad-Hoc|iPhoneSimulator.ActiveCfg = Release|Any CPU
		{8F0CC2B2-88E2-459B-AC92-F3A74071707E}.Ad-Hoc|iPhoneSimulator.Build.0 = Release|Any CPU
		{8F0CC2B2-88E2-459B-AC92-F3A74071707E}.Ad-Hoc|x64.ActiveCfg = Debug|Any CPU
		{8F0CC2B2-88E2-459B-AC92-F3A74071707E}.Ad-Hoc|x64.Build.0 = Debug|Any CPU
		{8F0CC2B2-88E2-459B-AC92-F3A74071707E}.Ad-Hoc|x86.ActiveCfg = Debug|Any CPU
		{8F0CC2B2-88E2-459B-AC92-F3A74071707E}.Ad-Hoc|x86.Build.0 = Debug|Any CPU
		{8F0CC2B2-88E2-459B-AC92-F3A74071707E}.AppStore|Any CPU.ActiveCfg = Release|Any CPU
		{8F0CC2B2-88E2-459B-AC92-F3A74071707E}.AppStore|Any CPU.Build.0 = Release|Any CPU
		{8F0CC2B2-88E2-459B-AC92-F3A74071707E}.AppStore|ARM.ActiveCfg = Debug|Any CPU
		{8F0CC2B2-88E2-459B-AC92-F3A74071707E}.AppStore|ARM.Build.0 = Debug|Any CPU
		{8F0CC2B2-88E2-459B-AC92-F3A74071707E}.AppStore|iPhone.ActiveCfg = Release|Any CPU
		{8F0CC2B2-88E2-459B-AC92-F3A74071707E}.AppStore|iPhone.Build.0 = Release|Any CPU
		{8F0CC2B2-88E2-459B-AC92-F3A74071707E}.AppStore|iPhoneSimulator.ActiveCfg = Release|Any CPU
		{8F0CC2B2-88E2-459B-AC92-F3A74071707E}.AppStore|iPhoneSimulator.Build.0 = Release|Any CPU
		{8F0CC2B2-88E2-459B-AC92-F3A74071707E}.AppStore|x64.ActiveCfg = Debug|Any CPU
		{8F0CC2B2-88E2-459B-AC92-F3A74071707E}.AppStore|x64.Build.0 = Debug|Any CPU
		{8F0CC2B2-88E2-459B-AC92-F3A74071707E}.AppStore|x86.ActiveCfg = Debug|Any CPU
		{8F0CC2B2-88E2-459B-AC92-F3A74071707E}.AppStore|x86.Build.0 = Debug|Any CPU
		{8F0CC2B2-88E2-459B-AC92-F3A74071707E}.Debug|Any CPU.ActiveCfg = Debug|Any CPU
		{8F0CC2B2-88E2-459B-AC92-F3A74071707E}.Debug|Any CPU.Build.0 = Debug|Any CPU
		{8F0CC2B2-88E2-459B-AC92-F3A74071707E}.Debug|ARM.ActiveCfg = Debug|Any CPU
		{8F0CC2B2-88E2-459B-AC92-F3A74071707E}.Debug|ARM.Build.0 = Debug|Any CPU
		{8F0CC2B2-88E2-459B-AC92-F3A74071707E}.Debug|iPhone.ActiveCfg = Debug|Any CPU
		{8F0CC2B2-88E2-459B-AC92-F3A74071707E}.Debug|iPhone.Build.0 = Debug|Any CPU
		{8F0CC2B2-88E2-459B-AC92-F3A74071707E}.Debug|iPhoneSimulator.ActiveCfg = Debug|Any CPU
		{8F0CC2B2-88E2-459B-AC92-F3A74071707E}.Debug|iPhoneSimulator.Build.0 = Debug|Any CPU
		{8F0CC2B2-88E2-459B-AC92-F3A74071707E}.Debug|x64.ActiveCfg = Debug|Any CPU
		{8F0CC2B2-88E2-459B-AC92-F3A74071707E}.Debug|x64.Build.0 = Debug|Any CPU
		{8F0CC2B2-88E2-459B-AC92-F3A74071707E}.Debug|x86.ActiveCfg = Debug|Any CPU
		{8F0CC2B2-88E2-459B-AC92-F3A74071707E}.Debug|x86.Build.0 = Debug|Any CPU
		{8F0CC2B2-88E2-459B-AC92-F3A74071707E}.Release|Any CPU.ActiveCfg = Release|Any CPU
		{8F0CC2B2-88E2-459B-AC92-F3A74071707E}.Release|Any CPU.Build.0 = Release|Any CPU
		{8F0CC2B2-88E2-459B-AC92-F3A74071707E}.Release|ARM.ActiveCfg = Release|Any CPU
		{8F0CC2B2-88E2-459B-AC92-F3A74071707E}.Release|ARM.Build.0 = Release|Any CPU
		{8F0CC2B2-88E2-459B-AC92-F3A74071707E}.Release|iPhone.ActiveCfg = Release|Any CPU
		{8F0CC2B2-88E2-459B-AC92-F3A74071707E}.Release|iPhone.Build.0 = Release|Any CPU
		{8F0CC2B2-88E2-459B-AC92-F3A74071707E}.Release|iPhoneSimulator.ActiveCfg = Release|Any CPU
		{8F0CC2B2-88E2-459B-AC92-F3A74071707E}.Release|iPhoneSimulator.Build.0 = Release|Any CPU
		{8F0CC2B2-88E2-459B-AC92-F3A74071707E}.Release|x64.ActiveCfg = Release|Any CPU
		{8F0CC2B2-88E2-459B-AC92-F3A74071707E}.Release|x64.Build.0 = Release|Any CPU
		{8F0CC2B2-88E2-459B-AC92-F3A74071707E}.Release|x86.ActiveCfg = Release|Any CPU
		{8F0CC2B2-88E2-459B-AC92-F3A74071707E}.Release|x86.Build.0 = Release|Any CPU
		{8573D258-4149-4ED8-B8DF-15780B32DDB8}.Ad-Hoc|Any CPU.ActiveCfg = Debug|Any CPU
		{8573D258-4149-4ED8-B8DF-15780B32DDB8}.Ad-Hoc|Any CPU.Build.0 = Debug|Any CPU
		{8573D258-4149-4ED8-B8DF-15780B32DDB8}.Ad-Hoc|ARM.ActiveCfg = Debug|Any CPU
		{8573D258-4149-4ED8-B8DF-15780B32DDB8}.Ad-Hoc|ARM.Build.0 = Debug|Any CPU
		{8573D258-4149-4ED8-B8DF-15780B32DDB8}.Ad-Hoc|iPhone.ActiveCfg = Debug|Any CPU
		{8573D258-4149-4ED8-B8DF-15780B32DDB8}.Ad-Hoc|iPhone.Build.0 = Debug|Any CPU
		{8573D258-4149-4ED8-B8DF-15780B32DDB8}.Ad-Hoc|iPhoneSimulator.ActiveCfg = Debug|Any CPU
		{8573D258-4149-4ED8-B8DF-15780B32DDB8}.Ad-Hoc|iPhoneSimulator.Build.0 = Debug|Any CPU
		{8573D258-4149-4ED8-B8DF-15780B32DDB8}.Ad-Hoc|x64.ActiveCfg = Debug|Any CPU
		{8573D258-4149-4ED8-B8DF-15780B32DDB8}.Ad-Hoc|x64.Build.0 = Debug|Any CPU
		{8573D258-4149-4ED8-B8DF-15780B32DDB8}.Ad-Hoc|x86.ActiveCfg = Debug|Any CPU
		{8573D258-4149-4ED8-B8DF-15780B32DDB8}.Ad-Hoc|x86.Build.0 = Debug|Any CPU
		{8573D258-4149-4ED8-B8DF-15780B32DDB8}.AppStore|Any CPU.ActiveCfg = Debug|Any CPU
		{8573D258-4149-4ED8-B8DF-15780B32DDB8}.AppStore|Any CPU.Build.0 = Debug|Any CPU
		{8573D258-4149-4ED8-B8DF-15780B32DDB8}.AppStore|ARM.ActiveCfg = Debug|Any CPU
		{8573D258-4149-4ED8-B8DF-15780B32DDB8}.AppStore|ARM.Build.0 = Debug|Any CPU
		{8573D258-4149-4ED8-B8DF-15780B32DDB8}.AppStore|iPhone.ActiveCfg = Debug|Any CPU
		{8573D258-4149-4ED8-B8DF-15780B32DDB8}.AppStore|iPhone.Build.0 = Debug|Any CPU
		{8573D258-4149-4ED8-B8DF-15780B32DDB8}.AppStore|iPhoneSimulator.ActiveCfg = Debug|Any CPU
		{8573D258-4149-4ED8-B8DF-15780B32DDB8}.AppStore|iPhoneSimulator.Build.0 = Debug|Any CPU
		{8573D258-4149-4ED8-B8DF-15780B32DDB8}.AppStore|x64.ActiveCfg = Debug|Any CPU
		{8573D258-4149-4ED8-B8DF-15780B32DDB8}.AppStore|x64.Build.0 = Debug|Any CPU
		{8573D258-4149-4ED8-B8DF-15780B32DDB8}.AppStore|x86.ActiveCfg = Debug|Any CPU
		{8573D258-4149-4ED8-B8DF-15780B32DDB8}.AppStore|x86.Build.0 = Debug|Any CPU
		{8573D258-4149-4ED8-B8DF-15780B32DDB8}.Debug|Any CPU.ActiveCfg = Debug|Any CPU
		{8573D258-4149-4ED8-B8DF-15780B32DDB8}.Debug|Any CPU.Build.0 = Debug|Any CPU
		{8573D258-4149-4ED8-B8DF-15780B32DDB8}.Debug|ARM.ActiveCfg = Debug|Any CPU
		{8573D258-4149-4ED8-B8DF-15780B32DDB8}.Debug|ARM.Build.0 = Debug|Any CPU
		{8573D258-4149-4ED8-B8DF-15780B32DDB8}.Debug|iPhone.ActiveCfg = Debug|Any CPU
		{8573D258-4149-4ED8-B8DF-15780B32DDB8}.Debug|iPhone.Build.0 = Debug|Any CPU
		{8573D258-4149-4ED8-B8DF-15780B32DDB8}.Debug|iPhoneSimulator.ActiveCfg = Debug|Any CPU
		{8573D258-4149-4ED8-B8DF-15780B32DDB8}.Debug|iPhoneSimulator.Build.0 = Debug|Any CPU
		{8573D258-4149-4ED8-B8DF-15780B32DDB8}.Debug|x64.ActiveCfg = Debug|Any CPU
		{8573D258-4149-4ED8-B8DF-15780B32DDB8}.Debug|x64.Build.0 = Debug|Any CPU
		{8573D258-4149-4ED8-B8DF-15780B32DDB8}.Debug|x86.ActiveCfg = Debug|Any CPU
		{8573D258-4149-4ED8-B8DF-15780B32DDB8}.Debug|x86.Build.0 = Debug|Any CPU
		{8573D258-4149-4ED8-B8DF-15780B32DDB8}.Release|Any CPU.ActiveCfg = Release|Any CPU
		{8573D258-4149-4ED8-B8DF-15780B32DDB8}.Release|Any CPU.Build.0 = Release|Any CPU
		{8573D258-4149-4ED8-B8DF-15780B32DDB8}.Release|ARM.ActiveCfg = Release|Any CPU
		{8573D258-4149-4ED8-B8DF-15780B32DDB8}.Release|ARM.Build.0 = Release|Any CPU
		{8573D258-4149-4ED8-B8DF-15780B32DDB8}.Release|iPhone.ActiveCfg = Release|Any CPU
		{8573D258-4149-4ED8-B8DF-15780B32DDB8}.Release|iPhone.Build.0 = Release|Any CPU
		{8573D258-4149-4ED8-B8DF-15780B32DDB8}.Release|iPhoneSimulator.ActiveCfg = Release|Any CPU
		{8573D258-4149-4ED8-B8DF-15780B32DDB8}.Release|iPhoneSimulator.Build.0 = Release|Any CPU
		{8573D258-4149-4ED8-B8DF-15780B32DDB8}.Release|x64.ActiveCfg = Release|Any CPU
		{8573D258-4149-4ED8-B8DF-15780B32DDB8}.Release|x64.Build.0 = Release|Any CPU
		{8573D258-4149-4ED8-B8DF-15780B32DDB8}.Release|x86.ActiveCfg = Release|Any CPU
		{8573D258-4149-4ED8-B8DF-15780B32DDB8}.Release|x86.Build.0 = Release|Any CPU
		{1BE63C0C-7914-4832-97F6-3289089BB98C}.Ad-Hoc|Any CPU.ActiveCfg = Debug|Any CPU
		{1BE63C0C-7914-4832-97F6-3289089BB98C}.Ad-Hoc|Any CPU.Build.0 = Debug|Any CPU
		{1BE63C0C-7914-4832-97F6-3289089BB98C}.Ad-Hoc|Any CPU.Deploy.0 = Debug|Any CPU
		{1BE63C0C-7914-4832-97F6-3289089BB98C}.Ad-Hoc|ARM.ActiveCfg = Debug|Any CPU
		{1BE63C0C-7914-4832-97F6-3289089BB98C}.Ad-Hoc|ARM.Build.0 = Debug|Any CPU
		{1BE63C0C-7914-4832-97F6-3289089BB98C}.Ad-Hoc|ARM.Deploy.0 = Debug|Any CPU
		{1BE63C0C-7914-4832-97F6-3289089BB98C}.Ad-Hoc|iPhone.ActiveCfg = Debug|Any CPU
		{1BE63C0C-7914-4832-97F6-3289089BB98C}.Ad-Hoc|iPhone.Build.0 = Debug|Any CPU
		{1BE63C0C-7914-4832-97F6-3289089BB98C}.Ad-Hoc|iPhone.Deploy.0 = Debug|Any CPU
		{1BE63C0C-7914-4832-97F6-3289089BB98C}.Ad-Hoc|iPhoneSimulator.ActiveCfg = Debug|Any CPU
		{1BE63C0C-7914-4832-97F6-3289089BB98C}.Ad-Hoc|iPhoneSimulator.Build.0 = Debug|Any CPU
		{1BE63C0C-7914-4832-97F6-3289089BB98C}.Ad-Hoc|iPhoneSimulator.Deploy.0 = Debug|Any CPU
		{1BE63C0C-7914-4832-97F6-3289089BB98C}.Ad-Hoc|x64.ActiveCfg = Debug|Any CPU
		{1BE63C0C-7914-4832-97F6-3289089BB98C}.Ad-Hoc|x64.Build.0 = Debug|Any CPU
		{1BE63C0C-7914-4832-97F6-3289089BB98C}.Ad-Hoc|x64.Deploy.0 = Debug|Any CPU
		{1BE63C0C-7914-4832-97F6-3289089BB98C}.Ad-Hoc|x86.ActiveCfg = Debug|Any CPU
		{1BE63C0C-7914-4832-97F6-3289089BB98C}.Ad-Hoc|x86.Build.0 = Debug|Any CPU
		{1BE63C0C-7914-4832-97F6-3289089BB98C}.Ad-Hoc|x86.Deploy.0 = Debug|Any CPU
		{1BE63C0C-7914-4832-97F6-3289089BB98C}.AppStore|Any CPU.ActiveCfg = Debug|Any CPU
		{1BE63C0C-7914-4832-97F6-3289089BB98C}.AppStore|Any CPU.Build.0 = Debug|Any CPU
		{1BE63C0C-7914-4832-97F6-3289089BB98C}.AppStore|Any CPU.Deploy.0 = Debug|Any CPU
		{1BE63C0C-7914-4832-97F6-3289089BB98C}.AppStore|ARM.ActiveCfg = Debug|Any CPU
		{1BE63C0C-7914-4832-97F6-3289089BB98C}.AppStore|ARM.Build.0 = Debug|Any CPU
		{1BE63C0C-7914-4832-97F6-3289089BB98C}.AppStore|ARM.Deploy.0 = Debug|Any CPU
		{1BE63C0C-7914-4832-97F6-3289089BB98C}.AppStore|iPhone.ActiveCfg = Debug|Any CPU
		{1BE63C0C-7914-4832-97F6-3289089BB98C}.AppStore|iPhone.Build.0 = Debug|Any CPU
		{1BE63C0C-7914-4832-97F6-3289089BB98C}.AppStore|iPhone.Deploy.0 = Debug|Any CPU
		{1BE63C0C-7914-4832-97F6-3289089BB98C}.AppStore|iPhoneSimulator.ActiveCfg = Debug|Any CPU
		{1BE63C0C-7914-4832-97F6-3289089BB98C}.AppStore|iPhoneSimulator.Build.0 = Debug|Any CPU
		{1BE63C0C-7914-4832-97F6-3289089BB98C}.AppStore|iPhoneSimulator.Deploy.0 = Debug|Any CPU
		{1BE63C0C-7914-4832-97F6-3289089BB98C}.AppStore|x64.ActiveCfg = Debug|Any CPU
		{1BE63C0C-7914-4832-97F6-3289089BB98C}.AppStore|x64.Build.0 = Debug|Any CPU
		{1BE63C0C-7914-4832-97F6-3289089BB98C}.AppStore|x64.Deploy.0 = Debug|Any CPU
		{1BE63C0C-7914-4832-97F6-3289089BB98C}.AppStore|x86.ActiveCfg = Debug|Any CPU
		{1BE63C0C-7914-4832-97F6-3289089BB98C}.AppStore|x86.Build.0 = Debug|Any CPU
		{1BE63C0C-7914-4832-97F6-3289089BB98C}.AppStore|x86.Deploy.0 = Debug|Any CPU
		{1BE63C0C-7914-4832-97F6-3289089BB98C}.Debug|Any CPU.ActiveCfg = Debug|Any CPU
		{1BE63C0C-7914-4832-97F6-3289089BB98C}.Debug|Any CPU.Build.0 = Debug|Any CPU
		{1BE63C0C-7914-4832-97F6-3289089BB98C}.Debug|Any CPU.Deploy.0 = Debug|Any CPU
		{1BE63C0C-7914-4832-97F6-3289089BB98C}.Debug|ARM.ActiveCfg = Debug|Any CPU
		{1BE63C0C-7914-4832-97F6-3289089BB98C}.Debug|ARM.Build.0 = Debug|Any CPU
		{1BE63C0C-7914-4832-97F6-3289089BB98C}.Debug|ARM.Deploy.0 = Debug|Any CPU
		{1BE63C0C-7914-4832-97F6-3289089BB98C}.Debug|iPhone.ActiveCfg = Debug|Any CPU
		{1BE63C0C-7914-4832-97F6-3289089BB98C}.Debug|iPhone.Build.0 = Debug|Any CPU
		{1BE63C0C-7914-4832-97F6-3289089BB98C}.Debug|iPhone.Deploy.0 = Debug|Any CPU
		{1BE63C0C-7914-4832-97F6-3289089BB98C}.Debug|iPhoneSimulator.ActiveCfg = Debug|Any CPU
		{1BE63C0C-7914-4832-97F6-3289089BB98C}.Debug|iPhoneSimulator.Build.0 = Debug|Any CPU
		{1BE63C0C-7914-4832-97F6-3289089BB98C}.Debug|iPhoneSimulator.Deploy.0 = Debug|Any CPU
		{1BE63C0C-7914-4832-97F6-3289089BB98C}.Debug|x64.ActiveCfg = Debug|Any CPU
		{1BE63C0C-7914-4832-97F6-3289089BB98C}.Debug|x64.Build.0 = Debug|Any CPU
		{1BE63C0C-7914-4832-97F6-3289089BB98C}.Debug|x64.Deploy.0 = Debug|Any CPU
		{1BE63C0C-7914-4832-97F6-3289089BB98C}.Debug|x86.ActiveCfg = Debug|Any CPU
		{1BE63C0C-7914-4832-97F6-3289089BB98C}.Debug|x86.Build.0 = Debug|Any CPU
		{1BE63C0C-7914-4832-97F6-3289089BB98C}.Debug|x86.Deploy.0 = Debug|Any CPU
		{1BE63C0C-7914-4832-97F6-3289089BB98C}.Release|Any CPU.ActiveCfg = Release|Any CPU
		{1BE63C0C-7914-4832-97F6-3289089BB98C}.Release|ARM.ActiveCfg = Release|Any CPU
		{1BE63C0C-7914-4832-97F6-3289089BB98C}.Release|ARM.Build.0 = Release|Any CPU
		{1BE63C0C-7914-4832-97F6-3289089BB98C}.Release|ARM.Deploy.0 = Release|Any CPU
		{1BE63C0C-7914-4832-97F6-3289089BB98C}.Release|iPhone.ActiveCfg = Release|Any CPU
		{1BE63C0C-7914-4832-97F6-3289089BB98C}.Release|iPhone.Build.0 = Release|Any CPU
		{1BE63C0C-7914-4832-97F6-3289089BB98C}.Release|iPhone.Deploy.0 = Release|Any CPU
		{1BE63C0C-7914-4832-97F6-3289089BB98C}.Release|iPhoneSimulator.ActiveCfg = Release|Any CPU
		{1BE63C0C-7914-4832-97F6-3289089BB98C}.Release|iPhoneSimulator.Build.0 = Release|Any CPU
		{1BE63C0C-7914-4832-97F6-3289089BB98C}.Release|iPhoneSimulator.Deploy.0 = Release|Any CPU
		{1BE63C0C-7914-4832-97F6-3289089BB98C}.Release|x64.ActiveCfg = Release|Any CPU
		{1BE63C0C-7914-4832-97F6-3289089BB98C}.Release|x64.Build.0 = Release|Any CPU
		{1BE63C0C-7914-4832-97F6-3289089BB98C}.Release|x64.Deploy.0 = Release|Any CPU
		{1BE63C0C-7914-4832-97F6-3289089BB98C}.Release|x86.ActiveCfg = Release|Any CPU
		{1BE63C0C-7914-4832-97F6-3289089BB98C}.Release|x86.Build.0 = Release|Any CPU
		{1BE63C0C-7914-4832-97F6-3289089BB98C}.Release|x86.Deploy.0 = Release|Any CPU
		{D67A449A-9D5A-4D07-B006-9A42EDEEAFDE}.Ad-Hoc|Any CPU.ActiveCfg = Release|iPhoneSimulator
		{D67A449A-9D5A-4D07-B006-9A42EDEEAFDE}.Ad-Hoc|Any CPU.Build.0 = Release|iPhoneSimulator
		{D67A449A-9D5A-4D07-B006-9A42EDEEAFDE}.Ad-Hoc|ARM.ActiveCfg = Release|iPhoneSimulator
		{D67A449A-9D5A-4D07-B006-9A42EDEEAFDE}.Ad-Hoc|ARM.Build.0 = Release|iPhoneSimulator
		{D67A449A-9D5A-4D07-B006-9A42EDEEAFDE}.Ad-Hoc|iPhone.ActiveCfg = Release|iPhoneSimulator
		{D67A449A-9D5A-4D07-B006-9A42EDEEAFDE}.Ad-Hoc|iPhone.Build.0 = Release|iPhoneSimulator
		{D67A449A-9D5A-4D07-B006-9A42EDEEAFDE}.Ad-Hoc|iPhoneSimulator.ActiveCfg = Release|iPhoneSimulator
		{D67A449A-9D5A-4D07-B006-9A42EDEEAFDE}.Ad-Hoc|iPhoneSimulator.Build.0 = Release|iPhoneSimulator
		{D67A449A-9D5A-4D07-B006-9A42EDEEAFDE}.Ad-Hoc|x64.ActiveCfg = Release|iPhoneSimulator
		{D67A449A-9D5A-4D07-B006-9A42EDEEAFDE}.Ad-Hoc|x64.Build.0 = Release|iPhoneSimulator
		{D67A449A-9D5A-4D07-B006-9A42EDEEAFDE}.Ad-Hoc|x86.ActiveCfg = Release|iPhoneSimulator
		{D67A449A-9D5A-4D07-B006-9A42EDEEAFDE}.Ad-Hoc|x86.Build.0 = Release|iPhoneSimulator
		{D67A449A-9D5A-4D07-B006-9A42EDEEAFDE}.AppStore|Any CPU.ActiveCfg = Release|iPhoneSimulator
		{D67A449A-9D5A-4D07-B006-9A42EDEEAFDE}.AppStore|Any CPU.Build.0 = Release|iPhoneSimulator
		{D67A449A-9D5A-4D07-B006-9A42EDEEAFDE}.AppStore|ARM.ActiveCfg = Release|iPhoneSimulator
		{D67A449A-9D5A-4D07-B006-9A42EDEEAFDE}.AppStore|ARM.Build.0 = Release|iPhoneSimulator
		{D67A449A-9D5A-4D07-B006-9A42EDEEAFDE}.AppStore|iPhone.ActiveCfg = Release|iPhoneSimulator
		{D67A449A-9D5A-4D07-B006-9A42EDEEAFDE}.AppStore|iPhone.Build.0 = Release|iPhoneSimulator
		{D67A449A-9D5A-4D07-B006-9A42EDEEAFDE}.AppStore|iPhoneSimulator.ActiveCfg = Release|iPhoneSimulator
		{D67A449A-9D5A-4D07-B006-9A42EDEEAFDE}.AppStore|iPhoneSimulator.Build.0 = Release|iPhoneSimulator
		{D67A449A-9D5A-4D07-B006-9A42EDEEAFDE}.AppStore|x64.ActiveCfg = Release|iPhoneSimulator
		{D67A449A-9D5A-4D07-B006-9A42EDEEAFDE}.AppStore|x64.Build.0 = Release|iPhoneSimulator
		{D67A449A-9D5A-4D07-B006-9A42EDEEAFDE}.AppStore|x86.ActiveCfg = Release|iPhoneSimulator
		{D67A449A-9D5A-4D07-B006-9A42EDEEAFDE}.AppStore|x86.Build.0 = Release|iPhoneSimulator
		{D67A449A-9D5A-4D07-B006-9A42EDEEAFDE}.Debug|Any CPU.ActiveCfg = Debug|iPhoneSimulator
		{D67A449A-9D5A-4D07-B006-9A42EDEEAFDE}.Debug|Any CPU.Build.0 = Debug|iPhoneSimulator
		{D67A449A-9D5A-4D07-B006-9A42EDEEAFDE}.Debug|ARM.ActiveCfg = Debug|iPhoneSimulator
		{D67A449A-9D5A-4D07-B006-9A42EDEEAFDE}.Debug|iPhone.ActiveCfg = Debug|iPhoneSimulator
		{D67A449A-9D5A-4D07-B006-9A42EDEEAFDE}.Debug|iPhoneSimulator.ActiveCfg = Debug|iPhoneSimulator
		{D67A449A-9D5A-4D07-B006-9A42EDEEAFDE}.Debug|iPhoneSimulator.Build.0 = Debug|iPhoneSimulator
		{D67A449A-9D5A-4D07-B006-9A42EDEEAFDE}.Debug|x64.ActiveCfg = Debug|iPhoneSimulator
		{D67A449A-9D5A-4D07-B006-9A42EDEEAFDE}.Debug|x86.ActiveCfg = Debug|iPhoneSimulator
		{D67A449A-9D5A-4D07-B006-9A42EDEEAFDE}.Release|Any CPU.ActiveCfg = Release|iPhoneSimulator
		{D67A449A-9D5A-4D07-B006-9A42EDEEAFDE}.Release|ARM.ActiveCfg = Release|iPhoneSimulator
		{D67A449A-9D5A-4D07-B006-9A42EDEEAFDE}.Release|iPhone.ActiveCfg = Release|iPhoneSimulator
		{D67A449A-9D5A-4D07-B006-9A42EDEEAFDE}.Release|iPhoneSimulator.ActiveCfg = Release|iPhoneSimulator
		{D67A449A-9D5A-4D07-B006-9A42EDEEAFDE}.Release|iPhoneSimulator.Build.0 = Release|iPhoneSimulator
		{D67A449A-9D5A-4D07-B006-9A42EDEEAFDE}.Release|x64.ActiveCfg = Release|iPhoneSimulator
		{D67A449A-9D5A-4D07-B006-9A42EDEEAFDE}.Release|x86.ActiveCfg = Release|iPhoneSimulator
		{C7B25D11-84B6-4DB8-A6A7-B9401CF51E2D}.Ad-Hoc|Any CPU.ActiveCfg = Release|Any CPU
		{C7B25D11-84B6-4DB8-A6A7-B9401CF51E2D}.Ad-Hoc|Any CPU.Build.0 = Release|Any CPU
		{C7B25D11-84B6-4DB8-A6A7-B9401CF51E2D}.Ad-Hoc|ARM.ActiveCfg = Debug|Any CPU
		{C7B25D11-84B6-4DB8-A6A7-B9401CF51E2D}.Ad-Hoc|ARM.Build.0 = Debug|Any CPU
		{C7B25D11-84B6-4DB8-A6A7-B9401CF51E2D}.Ad-Hoc|iPhone.ActiveCfg = Release|Any CPU
		{C7B25D11-84B6-4DB8-A6A7-B9401CF51E2D}.Ad-Hoc|iPhone.Build.0 = Release|Any CPU
		{C7B25D11-84B6-4DB8-A6A7-B9401CF51E2D}.Ad-Hoc|iPhoneSimulator.ActiveCfg = Release|Any CPU
		{C7B25D11-84B6-4DB8-A6A7-B9401CF51E2D}.Ad-Hoc|iPhoneSimulator.Build.0 = Release|Any CPU
		{C7B25D11-84B6-4DB8-A6A7-B9401CF51E2D}.Ad-Hoc|x64.ActiveCfg = Debug|Any CPU
		{C7B25D11-84B6-4DB8-A6A7-B9401CF51E2D}.Ad-Hoc|x64.Build.0 = Debug|Any CPU
		{C7B25D11-84B6-4DB8-A6A7-B9401CF51E2D}.Ad-Hoc|x86.ActiveCfg = Debug|Any CPU
		{C7B25D11-84B6-4DB8-A6A7-B9401CF51E2D}.Ad-Hoc|x86.Build.0 = Debug|Any CPU
		{C7B25D11-84B6-4DB8-A6A7-B9401CF51E2D}.AppStore|Any CPU.ActiveCfg = Release|Any CPU
		{C7B25D11-84B6-4DB8-A6A7-B9401CF51E2D}.AppStore|Any CPU.Build.0 = Release|Any CPU
		{C7B25D11-84B6-4DB8-A6A7-B9401CF51E2D}.AppStore|ARM.ActiveCfg = Debug|Any CPU
		{C7B25D11-84B6-4DB8-A6A7-B9401CF51E2D}.AppStore|ARM.Build.0 = Debug|Any CPU
		{C7B25D11-84B6-4DB8-A6A7-B9401CF51E2D}.AppStore|iPhone.ActiveCfg = Release|Any CPU
		{C7B25D11-84B6-4DB8-A6A7-B9401CF51E2D}.AppStore|iPhone.Build.0 = Release|Any CPU
		{C7B25D11-84B6-4DB8-A6A7-B9401CF51E2D}.AppStore|iPhoneSimulator.ActiveCfg = Release|Any CPU
		{C7B25D11-84B6-4DB8-A6A7-B9401CF51E2D}.AppStore|iPhoneSimulator.Build.0 = Release|Any CPU
		{C7B25D11-84B6-4DB8-A6A7-B9401CF51E2D}.AppStore|x64.ActiveCfg = Debug|Any CPU
		{C7B25D11-84B6-4DB8-A6A7-B9401CF51E2D}.AppStore|x64.Build.0 = Debug|Any CPU
		{C7B25D11-84B6-4DB8-A6A7-B9401CF51E2D}.AppStore|x86.ActiveCfg = Debug|Any CPU
		{C7B25D11-84B6-4DB8-A6A7-B9401CF51E2D}.AppStore|x86.Build.0 = Debug|Any CPU
		{C7B25D11-84B6-4DB8-A6A7-B9401CF51E2D}.Debug|Any CPU.ActiveCfg = Debug|Any CPU
		{C7B25D11-84B6-4DB8-A6A7-B9401CF51E2D}.Debug|Any CPU.Build.0 = Debug|Any CPU
		{C7B25D11-84B6-4DB8-A6A7-B9401CF51E2D}.Debug|ARM.ActiveCfg = Debug|Any CPU
		{C7B25D11-84B6-4DB8-A6A7-B9401CF51E2D}.Debug|ARM.Build.0 = Debug|Any CPU
		{C7B25D11-84B6-4DB8-A6A7-B9401CF51E2D}.Debug|iPhone.ActiveCfg = Debug|Any CPU
		{C7B25D11-84B6-4DB8-A6A7-B9401CF51E2D}.Debug|iPhone.Build.0 = Debug|Any CPU
		{C7B25D11-84B6-4DB8-A6A7-B9401CF51E2D}.Debug|iPhoneSimulator.ActiveCfg = Debug|Any CPU
		{C7B25D11-84B6-4DB8-A6A7-B9401CF51E2D}.Debug|iPhoneSimulator.Build.0 = Debug|Any CPU
		{C7B25D11-84B6-4DB8-A6A7-B9401CF51E2D}.Debug|x64.ActiveCfg = Debug|Any CPU
		{C7B25D11-84B6-4DB8-A6A7-B9401CF51E2D}.Debug|x64.Build.0 = Debug|Any CPU
		{C7B25D11-84B6-4DB8-A6A7-B9401CF51E2D}.Debug|x86.ActiveCfg = Debug|Any CPU
		{C7B25D11-84B6-4DB8-A6A7-B9401CF51E2D}.Debug|x86.Build.0 = Debug|Any CPU
		{C7B25D11-84B6-4DB8-A6A7-B9401CF51E2D}.Release|Any CPU.ActiveCfg = Release|Any CPU
		{C7B25D11-84B6-4DB8-A6A7-B9401CF51E2D}.Release|Any CPU.Build.0 = Release|Any CPU
		{C7B25D11-84B6-4DB8-A6A7-B9401CF51E2D}.Release|ARM.ActiveCfg = Release|Any CPU
		{C7B25D11-84B6-4DB8-A6A7-B9401CF51E2D}.Release|ARM.Build.0 = Release|Any CPU
		{C7B25D11-84B6-4DB8-A6A7-B9401CF51E2D}.Release|iPhone.ActiveCfg = Release|Any CPU
		{C7B25D11-84B6-4DB8-A6A7-B9401CF51E2D}.Release|iPhone.Build.0 = Release|Any CPU
		{C7B25D11-84B6-4DB8-A6A7-B9401CF51E2D}.Release|iPhoneSimulator.ActiveCfg = Release|Any CPU
		{C7B25D11-84B6-4DB8-A6A7-B9401CF51E2D}.Release|iPhoneSimulator.Build.0 = Release|Any CPU
		{C7B25D11-84B6-4DB8-A6A7-B9401CF51E2D}.Release|x64.ActiveCfg = Release|Any CPU
		{C7B25D11-84B6-4DB8-A6A7-B9401CF51E2D}.Release|x64.Build.0 = Release|Any CPU
		{C7B25D11-84B6-4DB8-A6A7-B9401CF51E2D}.Release|x86.ActiveCfg = Release|Any CPU
		{C7B25D11-84B6-4DB8-A6A7-B9401CF51E2D}.Release|x86.Build.0 = Release|Any CPU
		{CE38E538-5A0F-44F3-89E9-58B2CF69E83D}.Ad-Hoc|Any CPU.ActiveCfg = Release|Any CPU
		{CE38E538-5A0F-44F3-89E9-58B2CF69E83D}.Ad-Hoc|Any CPU.Build.0 = Release|Any CPU
		{CE38E538-5A0F-44F3-89E9-58B2CF69E83D}.Ad-Hoc|ARM.ActiveCfg = Release|Any CPU
		{CE38E538-5A0F-44F3-89E9-58B2CF69E83D}.Ad-Hoc|ARM.Build.0 = Release|Any CPU
		{CE38E538-5A0F-44F3-89E9-58B2CF69E83D}.Ad-Hoc|iPhone.ActiveCfg = Release|Any CPU
		{CE38E538-5A0F-44F3-89E9-58B2CF69E83D}.Ad-Hoc|iPhone.Build.0 = Release|Any CPU
		{CE38E538-5A0F-44F3-89E9-58B2CF69E83D}.Ad-Hoc|iPhoneSimulator.ActiveCfg = Release|Any CPU
		{CE38E538-5A0F-44F3-89E9-58B2CF69E83D}.Ad-Hoc|iPhoneSimulator.Build.0 = Release|Any CPU
		{CE38E538-5A0F-44F3-89E9-58B2CF69E83D}.Ad-Hoc|x64.ActiveCfg = Release|Any CPU
		{CE38E538-5A0F-44F3-89E9-58B2CF69E83D}.Ad-Hoc|x64.Build.0 = Release|Any CPU
		{CE38E538-5A0F-44F3-89E9-58B2CF69E83D}.Ad-Hoc|x86.ActiveCfg = Release|Any CPU
		{CE38E538-5A0F-44F3-89E9-58B2CF69E83D}.Ad-Hoc|x86.Build.0 = Release|Any CPU
		{CE38E538-5A0F-44F3-89E9-58B2CF69E83D}.AppStore|Any CPU.ActiveCfg = Release|Any CPU
		{CE38E538-5A0F-44F3-89E9-58B2CF69E83D}.AppStore|Any CPU.Build.0 = Release|Any CPU
		{CE38E538-5A0F-44F3-89E9-58B2CF69E83D}.AppStore|ARM.ActiveCfg = Release|Any CPU
		{CE38E538-5A0F-44F3-89E9-58B2CF69E83D}.AppStore|ARM.Build.0 = Release|Any CPU
		{CE38E538-5A0F-44F3-89E9-58B2CF69E83D}.AppStore|iPhone.ActiveCfg = Release|Any CPU
		{CE38E538-5A0F-44F3-89E9-58B2CF69E83D}.AppStore|iPhone.Build.0 = Release|Any CPU
		{CE38E538-5A0F-44F3-89E9-58B2CF69E83D}.AppStore|iPhoneSimulator.ActiveCfg = Release|Any CPU
		{CE38E538-5A0F-44F3-89E9-58B2CF69E83D}.AppStore|iPhoneSimulator.Build.0 = Release|Any CPU
		{CE38E538-5A0F-44F3-89E9-58B2CF69E83D}.AppStore|x64.ActiveCfg = Release|Any CPU
		{CE38E538-5A0F-44F3-89E9-58B2CF69E83D}.AppStore|x64.Build.0 = Release|Any CPU
		{CE38E538-5A0F-44F3-89E9-58B2CF69E83D}.AppStore|x86.ActiveCfg = Release|Any CPU
		{CE38E538-5A0F-44F3-89E9-58B2CF69E83D}.AppStore|x86.Build.0 = Release|Any CPU
		{CE38E538-5A0F-44F3-89E9-58B2CF69E83D}.Debug|Any CPU.ActiveCfg = Debug|Any CPU
		{CE38E538-5A0F-44F3-89E9-58B2CF69E83D}.Debug|Any CPU.Build.0 = Debug|Any CPU
		{CE38E538-5A0F-44F3-89E9-58B2CF69E83D}.Debug|ARM.ActiveCfg = Debug|Any CPU
		{CE38E538-5A0F-44F3-89E9-58B2CF69E83D}.Debug|ARM.Build.0 = Debug|Any CPU
		{CE38E538-5A0F-44F3-89E9-58B2CF69E83D}.Debug|iPhone.ActiveCfg = Debug|Any CPU
		{CE38E538-5A0F-44F3-89E9-58B2CF69E83D}.Debug|iPhone.Build.0 = Debug|Any CPU
		{CE38E538-5A0F-44F3-89E9-58B2CF69E83D}.Debug|iPhoneSimulator.ActiveCfg = Debug|Any CPU
		{CE38E538-5A0F-44F3-89E9-58B2CF69E83D}.Debug|iPhoneSimulator.Build.0 = Debug|Any CPU
		{CE38E538-5A0F-44F3-89E9-58B2CF69E83D}.Debug|x64.ActiveCfg = Debug|Any CPU
		{CE38E538-5A0F-44F3-89E9-58B2CF69E83D}.Debug|x64.Build.0 = Debug|Any CPU
		{CE38E538-5A0F-44F3-89E9-58B2CF69E83D}.Debug|x86.ActiveCfg = Debug|Any CPU
		{CE38E538-5A0F-44F3-89E9-58B2CF69E83D}.Debug|x86.Build.0 = Debug|Any CPU
		{CE38E538-5A0F-44F3-89E9-58B2CF69E83D}.Release|Any CPU.ActiveCfg = Release|Any CPU
		{CE38E538-5A0F-44F3-89E9-58B2CF69E83D}.Release|Any CPU.Build.0 = Release|Any CPU
		{CE38E538-5A0F-44F3-89E9-58B2CF69E83D}.Release|ARM.ActiveCfg = Release|Any CPU
		{CE38E538-5A0F-44F3-89E9-58B2CF69E83D}.Release|ARM.Build.0 = Release|Any CPU
		{CE38E538-5A0F-44F3-89E9-58B2CF69E83D}.Release|iPhone.ActiveCfg = Release|Any CPU
		{CE38E538-5A0F-44F3-89E9-58B2CF69E83D}.Release|iPhone.Build.0 = Release|Any CPU
		{CE38E538-5A0F-44F3-89E9-58B2CF69E83D}.Release|iPhoneSimulator.ActiveCfg = Release|Any CPU
		{CE38E538-5A0F-44F3-89E9-58B2CF69E83D}.Release|iPhoneSimulator.Build.0 = Release|Any CPU
		{CE38E538-5A0F-44F3-89E9-58B2CF69E83D}.Release|x64.ActiveCfg = Release|Any CPU
		{CE38E538-5A0F-44F3-89E9-58B2CF69E83D}.Release|x64.Build.0 = Release|Any CPU
		{CE38E538-5A0F-44F3-89E9-58B2CF69E83D}.Release|x86.ActiveCfg = Release|Any CPU
		{CE38E538-5A0F-44F3-89E9-58B2CF69E83D}.Release|x86.Build.0 = Release|Any CPU
		{38A407AC-B56C-4C2A-A448-B49CFBF697C0}.Ad-Hoc|Any CPU.ActiveCfg = Debug|Any CPU
		{38A407AC-B56C-4C2A-A448-B49CFBF697C0}.Ad-Hoc|Any CPU.Build.0 = Debug|Any CPU
		{38A407AC-B56C-4C2A-A448-B49CFBF697C0}.Ad-Hoc|ARM.ActiveCfg = Debug|Any CPU
		{38A407AC-B56C-4C2A-A448-B49CFBF697C0}.Ad-Hoc|ARM.Build.0 = Debug|Any CPU
		{38A407AC-B56C-4C2A-A448-B49CFBF697C0}.Ad-Hoc|iPhone.ActiveCfg = Debug|Any CPU
		{38A407AC-B56C-4C2A-A448-B49CFBF697C0}.Ad-Hoc|iPhone.Build.0 = Debug|Any CPU
		{38A407AC-B56C-4C2A-A448-B49CFBF697C0}.Ad-Hoc|iPhoneSimulator.ActiveCfg = Debug|Any CPU
		{38A407AC-B56C-4C2A-A448-B49CFBF697C0}.Ad-Hoc|iPhoneSimulator.Build.0 = Debug|Any CPU
		{38A407AC-B56C-4C2A-A448-B49CFBF697C0}.Ad-Hoc|x64.ActiveCfg = Debug|Any CPU
		{38A407AC-B56C-4C2A-A448-B49CFBF697C0}.Ad-Hoc|x64.Build.0 = Debug|Any CPU
		{38A407AC-B56C-4C2A-A448-B49CFBF697C0}.Ad-Hoc|x86.ActiveCfg = Debug|Any CPU
		{38A407AC-B56C-4C2A-A448-B49CFBF697C0}.Ad-Hoc|x86.Build.0 = Debug|Any CPU
		{38A407AC-B56C-4C2A-A448-B49CFBF697C0}.AppStore|Any CPU.ActiveCfg = Debug|Any CPU
		{38A407AC-B56C-4C2A-A448-B49CFBF697C0}.AppStore|Any CPU.Build.0 = Debug|Any CPU
		{38A407AC-B56C-4C2A-A448-B49CFBF697C0}.AppStore|ARM.ActiveCfg = Debug|Any CPU
		{38A407AC-B56C-4C2A-A448-B49CFBF697C0}.AppStore|ARM.Build.0 = Debug|Any CPU
		{38A407AC-B56C-4C2A-A448-B49CFBF697C0}.AppStore|iPhone.ActiveCfg = Debug|Any CPU
		{38A407AC-B56C-4C2A-A448-B49CFBF697C0}.AppStore|iPhone.Build.0 = Debug|Any CPU
		{38A407AC-B56C-4C2A-A448-B49CFBF697C0}.AppStore|iPhoneSimulator.ActiveCfg = Debug|Any CPU
		{38A407AC-B56C-4C2A-A448-B49CFBF697C0}.AppStore|iPhoneSimulator.Build.0 = Debug|Any CPU
		{38A407AC-B56C-4C2A-A448-B49CFBF697C0}.AppStore|x64.ActiveCfg = Debug|Any CPU
		{38A407AC-B56C-4C2A-A448-B49CFBF697C0}.AppStore|x64.Build.0 = Debug|Any CPU
		{38A407AC-B56C-4C2A-A448-B49CFBF697C0}.AppStore|x86.ActiveCfg = Debug|Any CPU
		{38A407AC-B56C-4C2A-A448-B49CFBF697C0}.AppStore|x86.Build.0 = Debug|Any CPU
		{38A407AC-B56C-4C2A-A448-B49CFBF697C0}.Debug|Any CPU.ActiveCfg = Debug|Any CPU
		{38A407AC-B56C-4C2A-A448-B49CFBF697C0}.Debug|Any CPU.Build.0 = Debug|Any CPU
		{38A407AC-B56C-4C2A-A448-B49CFBF697C0}.Debug|ARM.ActiveCfg = Debug|Any CPU
		{38A407AC-B56C-4C2A-A448-B49CFBF697C0}.Debug|ARM.Build.0 = Debug|Any CPU
		{38A407AC-B56C-4C2A-A448-B49CFBF697C0}.Debug|iPhone.ActiveCfg = Debug|Any CPU
		{38A407AC-B56C-4C2A-A448-B49CFBF697C0}.Debug|iPhone.Build.0 = Debug|Any CPU
		{38A407AC-B56C-4C2A-A448-B49CFBF697C0}.Debug|iPhoneSimulator.ActiveCfg = Debug|Any CPU
		{38A407AC-B56C-4C2A-A448-B49CFBF697C0}.Debug|iPhoneSimulator.Build.0 = Debug|Any CPU
		{38A407AC-B56C-4C2A-A448-B49CFBF697C0}.Debug|x64.ActiveCfg = Debug|Any CPU
		{38A407AC-B56C-4C2A-A448-B49CFBF697C0}.Debug|x64.Build.0 = Debug|Any CPU
		{38A407AC-B56C-4C2A-A448-B49CFBF697C0}.Debug|x86.ActiveCfg = Debug|Any CPU
		{38A407AC-B56C-4C2A-A448-B49CFBF697C0}.Debug|x86.Build.0 = Debug|Any CPU
		{38A407AC-B56C-4C2A-A448-B49CFBF697C0}.Release|Any CPU.ActiveCfg = Release|Any CPU
		{38A407AC-B56C-4C2A-A448-B49CFBF697C0}.Release|ARM.ActiveCfg = Release|Any CPU
		{38A407AC-B56C-4C2A-A448-B49CFBF697C0}.Release|ARM.Build.0 = Release|Any CPU
		{38A407AC-B56C-4C2A-A448-B49CFBF697C0}.Release|iPhone.ActiveCfg = Release|Any CPU
		{38A407AC-B56C-4C2A-A448-B49CFBF697C0}.Release|iPhone.Build.0 = Release|Any CPU
		{38A407AC-B56C-4C2A-A448-B49CFBF697C0}.Release|iPhoneSimulator.ActiveCfg = Release|Any CPU
		{38A407AC-B56C-4C2A-A448-B49CFBF697C0}.Release|iPhoneSimulator.Build.0 = Release|Any CPU
		{38A407AC-B56C-4C2A-A448-B49CFBF697C0}.Release|x64.ActiveCfg = Release|Any CPU
		{38A407AC-B56C-4C2A-A448-B49CFBF697C0}.Release|x64.Build.0 = Release|Any CPU
		{38A407AC-B56C-4C2A-A448-B49CFBF697C0}.Release|x86.ActiveCfg = Release|Any CPU
		{38A407AC-B56C-4C2A-A448-B49CFBF697C0}.Release|x86.Build.0 = Release|Any CPU
		{47F6B56F-A2C8-4C7C-93DB-EA7F8B5BFADC}.Ad-Hoc|Any CPU.ActiveCfg = Release|Any CPU
		{47F6B56F-A2C8-4C7C-93DB-EA7F8B5BFADC}.Ad-Hoc|Any CPU.Build.0 = Release|Any CPU
		{47F6B56F-A2C8-4C7C-93DB-EA7F8B5BFADC}.Ad-Hoc|Any CPU.Deploy.0 = Release|Any CPU
		{47F6B56F-A2C8-4C7C-93DB-EA7F8B5BFADC}.Ad-Hoc|ARM.ActiveCfg = Release|Any CPU
		{47F6B56F-A2C8-4C7C-93DB-EA7F8B5BFADC}.Ad-Hoc|ARM.Build.0 = Release|Any CPU
		{47F6B56F-A2C8-4C7C-93DB-EA7F8B5BFADC}.Ad-Hoc|ARM.Deploy.0 = Release|Any CPU
		{47F6B56F-A2C8-4C7C-93DB-EA7F8B5BFADC}.Ad-Hoc|iPhone.ActiveCfg = Release|Any CPU
		{47F6B56F-A2C8-4C7C-93DB-EA7F8B5BFADC}.Ad-Hoc|iPhone.Build.0 = Release|Any CPU
		{47F6B56F-A2C8-4C7C-93DB-EA7F8B5BFADC}.Ad-Hoc|iPhone.Deploy.0 = Release|Any CPU
		{47F6B56F-A2C8-4C7C-93DB-EA7F8B5BFADC}.Ad-Hoc|iPhoneSimulator.ActiveCfg = Release|Any CPU
		{47F6B56F-A2C8-4C7C-93DB-EA7F8B5BFADC}.Ad-Hoc|iPhoneSimulator.Build.0 = Release|Any CPU
		{47F6B56F-A2C8-4C7C-93DB-EA7F8B5BFADC}.Ad-Hoc|iPhoneSimulator.Deploy.0 = Release|Any CPU
		{47F6B56F-A2C8-4C7C-93DB-EA7F8B5BFADC}.Ad-Hoc|x64.ActiveCfg = Release|Any CPU
		{47F6B56F-A2C8-4C7C-93DB-EA7F8B5BFADC}.Ad-Hoc|x64.Build.0 = Release|Any CPU
		{47F6B56F-A2C8-4C7C-93DB-EA7F8B5BFADC}.Ad-Hoc|x64.Deploy.0 = Release|Any CPU
		{47F6B56F-A2C8-4C7C-93DB-EA7F8B5BFADC}.Ad-Hoc|x86.ActiveCfg = Release|Any CPU
		{47F6B56F-A2C8-4C7C-93DB-EA7F8B5BFADC}.Ad-Hoc|x86.Build.0 = Release|Any CPU
		{47F6B56F-A2C8-4C7C-93DB-EA7F8B5BFADC}.Ad-Hoc|x86.Deploy.0 = Release|Any CPU
		{47F6B56F-A2C8-4C7C-93DB-EA7F8B5BFADC}.AppStore|Any CPU.ActiveCfg = Release|Any CPU
		{47F6B56F-A2C8-4C7C-93DB-EA7F8B5BFADC}.AppStore|Any CPU.Build.0 = Release|Any CPU
		{47F6B56F-A2C8-4C7C-93DB-EA7F8B5BFADC}.AppStore|Any CPU.Deploy.0 = Release|Any CPU
		{47F6B56F-A2C8-4C7C-93DB-EA7F8B5BFADC}.AppStore|ARM.ActiveCfg = Release|Any CPU
		{47F6B56F-A2C8-4C7C-93DB-EA7F8B5BFADC}.AppStore|ARM.Build.0 = Release|Any CPU
		{47F6B56F-A2C8-4C7C-93DB-EA7F8B5BFADC}.AppStore|ARM.Deploy.0 = Release|Any CPU
		{47F6B56F-A2C8-4C7C-93DB-EA7F8B5BFADC}.AppStore|iPhone.ActiveCfg = Release|Any CPU
		{47F6B56F-A2C8-4C7C-93DB-EA7F8B5BFADC}.AppStore|iPhone.Build.0 = Release|Any CPU
		{47F6B56F-A2C8-4C7C-93DB-EA7F8B5BFADC}.AppStore|iPhone.Deploy.0 = Release|Any CPU
		{47F6B56F-A2C8-4C7C-93DB-EA7F8B5BFADC}.AppStore|iPhoneSimulator.ActiveCfg = Release|Any CPU
		{47F6B56F-A2C8-4C7C-93DB-EA7F8B5BFADC}.AppStore|iPhoneSimulator.Build.0 = Release|Any CPU
		{47F6B56F-A2C8-4C7C-93DB-EA7F8B5BFADC}.AppStore|iPhoneSimulator.Deploy.0 = Release|Any CPU
		{47F6B56F-A2C8-4C7C-93DB-EA7F8B5BFADC}.AppStore|x64.ActiveCfg = Release|Any CPU
		{47F6B56F-A2C8-4C7C-93DB-EA7F8B5BFADC}.AppStore|x64.Build.0 = Release|Any CPU
		{47F6B56F-A2C8-4C7C-93DB-EA7F8B5BFADC}.AppStore|x64.Deploy.0 = Release|Any CPU
		{47F6B56F-A2C8-4C7C-93DB-EA7F8B5BFADC}.AppStore|x86.ActiveCfg = Release|Any CPU
		{47F6B56F-A2C8-4C7C-93DB-EA7F8B5BFADC}.AppStore|x86.Build.0 = Release|Any CPU
		{47F6B56F-A2C8-4C7C-93DB-EA7F8B5BFADC}.AppStore|x86.Deploy.0 = Release|Any CPU
		{47F6B56F-A2C8-4C7C-93DB-EA7F8B5BFADC}.Debug|Any CPU.ActiveCfg = Debug|Any CPU
		{47F6B56F-A2C8-4C7C-93DB-EA7F8B5BFADC}.Debug|Any CPU.Build.0 = Debug|Any CPU
		{47F6B56F-A2C8-4C7C-93DB-EA7F8B5BFADC}.Debug|Any CPU.Deploy.0 = Debug|Any CPU
		{47F6B56F-A2C8-4C7C-93DB-EA7F8B5BFADC}.Debug|ARM.ActiveCfg = Debug|Any CPU
		{47F6B56F-A2C8-4C7C-93DB-EA7F8B5BFADC}.Debug|ARM.Build.0 = Debug|Any CPU
		{47F6B56F-A2C8-4C7C-93DB-EA7F8B5BFADC}.Debug|ARM.Deploy.0 = Debug|Any CPU
		{47F6B56F-A2C8-4C7C-93DB-EA7F8B5BFADC}.Debug|iPhone.ActiveCfg = Debug|Any CPU
		{47F6B56F-A2C8-4C7C-93DB-EA7F8B5BFADC}.Debug|iPhone.Build.0 = Debug|Any CPU
		{47F6B56F-A2C8-4C7C-93DB-EA7F8B5BFADC}.Debug|iPhone.Deploy.0 = Debug|Any CPU
		{47F6B56F-A2C8-4C7C-93DB-EA7F8B5BFADC}.Debug|iPhoneSimulator.ActiveCfg = Debug|Any CPU
		{47F6B56F-A2C8-4C7C-93DB-EA7F8B5BFADC}.Debug|iPhoneSimulator.Build.0 = Debug|Any CPU
		{47F6B56F-A2C8-4C7C-93DB-EA7F8B5BFADC}.Debug|iPhoneSimulator.Deploy.0 = Debug|Any CPU
		{47F6B56F-A2C8-4C7C-93DB-EA7F8B5BFADC}.Debug|x64.ActiveCfg = Debug|Any CPU
		{47F6B56F-A2C8-4C7C-93DB-EA7F8B5BFADC}.Debug|x64.Build.0 = Debug|Any CPU
		{47F6B56F-A2C8-4C7C-93DB-EA7F8B5BFADC}.Debug|x64.Deploy.0 = Debug|Any CPU
		{47F6B56F-A2C8-4C7C-93DB-EA7F8B5BFADC}.Debug|x86.ActiveCfg = Debug|Any CPU
		{47F6B56F-A2C8-4C7C-93DB-EA7F8B5BFADC}.Debug|x86.Build.0 = Debug|Any CPU
		{47F6B56F-A2C8-4C7C-93DB-EA7F8B5BFADC}.Debug|x86.Deploy.0 = Debug|Any CPU
		{47F6B56F-A2C8-4C7C-93DB-EA7F8B5BFADC}.Release|Any CPU.ActiveCfg = Release|Any CPU
		{47F6B56F-A2C8-4C7C-93DB-EA7F8B5BFADC}.Release|ARM.ActiveCfg = Release|Any CPU
		{47F6B56F-A2C8-4C7C-93DB-EA7F8B5BFADC}.Release|ARM.Build.0 = Release|Any CPU
		{47F6B56F-A2C8-4C7C-93DB-EA7F8B5BFADC}.Release|ARM.Deploy.0 = Release|Any CPU
		{47F6B56F-A2C8-4C7C-93DB-EA7F8B5BFADC}.Release|iPhone.ActiveCfg = Release|Any CPU
		{47F6B56F-A2C8-4C7C-93DB-EA7F8B5BFADC}.Release|iPhone.Build.0 = Release|Any CPU
		{47F6B56F-A2C8-4C7C-93DB-EA7F8B5BFADC}.Release|iPhone.Deploy.0 = Release|Any CPU
		{47F6B56F-A2C8-4C7C-93DB-EA7F8B5BFADC}.Release|iPhoneSimulator.ActiveCfg = Release|Any CPU
		{47F6B56F-A2C8-4C7C-93DB-EA7F8B5BFADC}.Release|iPhoneSimulator.Build.0 = Release|Any CPU
		{47F6B56F-A2C8-4C7C-93DB-EA7F8B5BFADC}.Release|iPhoneSimulator.Deploy.0 = Release|Any CPU
		{47F6B56F-A2C8-4C7C-93DB-EA7F8B5BFADC}.Release|x64.ActiveCfg = Release|Any CPU
		{47F6B56F-A2C8-4C7C-93DB-EA7F8B5BFADC}.Release|x64.Build.0 = Release|Any CPU
		{47F6B56F-A2C8-4C7C-93DB-EA7F8B5BFADC}.Release|x64.Deploy.0 = Release|Any CPU
		{47F6B56F-A2C8-4C7C-93DB-EA7F8B5BFADC}.Release|x86.ActiveCfg = Release|Any CPU
		{47F6B56F-A2C8-4C7C-93DB-EA7F8B5BFADC}.Release|x86.Build.0 = Release|Any CPU
		{47F6B56F-A2C8-4C7C-93DB-EA7F8B5BFADC}.Release|x86.Deploy.0 = Release|Any CPU
		{849E5EAF-FAA5-4E44-A11F-E4C6A749FBF6}.Ad-Hoc|Any CPU.ActiveCfg = Ad-Hoc|iPhone
		{849E5EAF-FAA5-4E44-A11F-E4C6A749FBF6}.Ad-Hoc|ARM.ActiveCfg = Ad-Hoc|iPhone
		{849E5EAF-FAA5-4E44-A11F-E4C6A749FBF6}.Ad-Hoc|iPhone.ActiveCfg = Ad-Hoc|iPhone
		{849E5EAF-FAA5-4E44-A11F-E4C6A749FBF6}.Ad-Hoc|iPhone.Build.0 = Ad-Hoc|iPhone
		{849E5EAF-FAA5-4E44-A11F-E4C6A749FBF6}.Ad-Hoc|iPhoneSimulator.ActiveCfg = Ad-Hoc|iPhoneSimulator
		{849E5EAF-FAA5-4E44-A11F-E4C6A749FBF6}.Ad-Hoc|iPhoneSimulator.Build.0 = Ad-Hoc|iPhoneSimulator
		{849E5EAF-FAA5-4E44-A11F-E4C6A749FBF6}.Ad-Hoc|x64.ActiveCfg = Ad-Hoc|iPhone
		{849E5EAF-FAA5-4E44-A11F-E4C6A749FBF6}.Ad-Hoc|x86.ActiveCfg = Ad-Hoc|iPhone
		{849E5EAF-FAA5-4E44-A11F-E4C6A749FBF6}.AppStore|Any CPU.ActiveCfg = AppStore|iPhone
		{849E5EAF-FAA5-4E44-A11F-E4C6A749FBF6}.AppStore|ARM.ActiveCfg = AppStore|iPhone
		{849E5EAF-FAA5-4E44-A11F-E4C6A749FBF6}.AppStore|iPhone.ActiveCfg = AppStore|iPhone
		{849E5EAF-FAA5-4E44-A11F-E4C6A749FBF6}.AppStore|iPhone.Build.0 = AppStore|iPhone
		{849E5EAF-FAA5-4E44-A11F-E4C6A749FBF6}.AppStore|iPhoneSimulator.ActiveCfg = AppStore|iPhoneSimulator
		{849E5EAF-FAA5-4E44-A11F-E4C6A749FBF6}.AppStore|iPhoneSimulator.Build.0 = AppStore|iPhoneSimulator
		{849E5EAF-FAA5-4E44-A11F-E4C6A749FBF6}.AppStore|x64.ActiveCfg = AppStore|iPhone
		{849E5EAF-FAA5-4E44-A11F-E4C6A749FBF6}.AppStore|x86.ActiveCfg = AppStore|iPhone
		{849E5EAF-FAA5-4E44-A11F-E4C6A749FBF6}.Debug|Any CPU.ActiveCfg = Debug|iPhone
		{849E5EAF-FAA5-4E44-A11F-E4C6A749FBF6}.Debug|Any CPU.Build.0 = Debug|iPhone
		{849E5EAF-FAA5-4E44-A11F-E4C6A749FBF6}.Debug|ARM.ActiveCfg = Debug|iPhone
		{849E5EAF-FAA5-4E44-A11F-E4C6A749FBF6}.Debug|iPhone.ActiveCfg = Debug|iPhone
		{849E5EAF-FAA5-4E44-A11F-E4C6A749FBF6}.Debug|iPhone.Build.0 = Debug|iPhone
		{849E5EAF-FAA5-4E44-A11F-E4C6A749FBF6}.Debug|iPhoneSimulator.ActiveCfg = Debug|iPhoneSimulator
		{849E5EAF-FAA5-4E44-A11F-E4C6A749FBF6}.Debug|iPhoneSimulator.Build.0 = Debug|iPhoneSimulator
		{849E5EAF-FAA5-4E44-A11F-E4C6A749FBF6}.Debug|x64.ActiveCfg = Debug|iPhone
		{849E5EAF-FAA5-4E44-A11F-E4C6A749FBF6}.Debug|x86.ActiveCfg = Debug|iPhone
		{849E5EAF-FAA5-4E44-A11F-E4C6A749FBF6}.Release|Any CPU.ActiveCfg = Release|iPhone
		{849E5EAF-FAA5-4E44-A11F-E4C6A749FBF6}.Release|ARM.ActiveCfg = Release|iPhone
		{849E5EAF-FAA5-4E44-A11F-E4C6A749FBF6}.Release|iPhone.ActiveCfg = Release|iPhone
		{849E5EAF-FAA5-4E44-A11F-E4C6A749FBF6}.Release|iPhone.Build.0 = Release|iPhone
		{849E5EAF-FAA5-4E44-A11F-E4C6A749FBF6}.Release|iPhoneSimulator.ActiveCfg = Release|iPhoneSimulator
		{849E5EAF-FAA5-4E44-A11F-E4C6A749FBF6}.Release|iPhoneSimulator.Build.0 = Release|iPhoneSimulator
		{849E5EAF-FAA5-4E44-A11F-E4C6A749FBF6}.Release|x64.ActiveCfg = Release|iPhone
		{849E5EAF-FAA5-4E44-A11F-E4C6A749FBF6}.Release|x86.ActiveCfg = Release|iPhone
		{EFBF1CFF-0529-49F7-98AF-47D8EE51CC51}.Ad-Hoc|Any CPU.ActiveCfg = Debug|x64
		{EFBF1CFF-0529-49F7-98AF-47D8EE51CC51}.Ad-Hoc|Any CPU.Build.0 = Debug|x64
		{EFBF1CFF-0529-49F7-98AF-47D8EE51CC51}.Ad-Hoc|Any CPU.Deploy.0 = Debug|x64
		{EFBF1CFF-0529-49F7-98AF-47D8EE51CC51}.Ad-Hoc|ARM.ActiveCfg = Debug|ARM
		{EFBF1CFF-0529-49F7-98AF-47D8EE51CC51}.Ad-Hoc|ARM.Build.0 = Debug|ARM
		{EFBF1CFF-0529-49F7-98AF-47D8EE51CC51}.Ad-Hoc|ARM.Deploy.0 = Debug|ARM
		{EFBF1CFF-0529-49F7-98AF-47D8EE51CC51}.Ad-Hoc|iPhone.ActiveCfg = Debug|x64
		{EFBF1CFF-0529-49F7-98AF-47D8EE51CC51}.Ad-Hoc|iPhone.Build.0 = Debug|x64
		{EFBF1CFF-0529-49F7-98AF-47D8EE51CC51}.Ad-Hoc|iPhone.Deploy.0 = Debug|x64
		{EFBF1CFF-0529-49F7-98AF-47D8EE51CC51}.Ad-Hoc|iPhoneSimulator.ActiveCfg = Debug|x64
		{EFBF1CFF-0529-49F7-98AF-47D8EE51CC51}.Ad-Hoc|iPhoneSimulator.Build.0 = Debug|x64
		{EFBF1CFF-0529-49F7-98AF-47D8EE51CC51}.Ad-Hoc|iPhoneSimulator.Deploy.0 = Debug|x64
		{EFBF1CFF-0529-49F7-98AF-47D8EE51CC51}.Ad-Hoc|x64.ActiveCfg = Debug|x64
		{EFBF1CFF-0529-49F7-98AF-47D8EE51CC51}.Ad-Hoc|x64.Build.0 = Debug|x64
		{EFBF1CFF-0529-49F7-98AF-47D8EE51CC51}.Ad-Hoc|x64.Deploy.0 = Debug|x64
		{EFBF1CFF-0529-49F7-98AF-47D8EE51CC51}.Ad-Hoc|x86.ActiveCfg = Debug|x86
		{EFBF1CFF-0529-49F7-98AF-47D8EE51CC51}.Ad-Hoc|x86.Build.0 = Debug|x86
		{EFBF1CFF-0529-49F7-98AF-47D8EE51CC51}.Ad-Hoc|x86.Deploy.0 = Debug|x86
		{EFBF1CFF-0529-49F7-98AF-47D8EE51CC51}.AppStore|Any CPU.ActiveCfg = Debug|x64
		{EFBF1CFF-0529-49F7-98AF-47D8EE51CC51}.AppStore|Any CPU.Build.0 = Debug|x64
		{EFBF1CFF-0529-49F7-98AF-47D8EE51CC51}.AppStore|Any CPU.Deploy.0 = Debug|x64
		{EFBF1CFF-0529-49F7-98AF-47D8EE51CC51}.AppStore|ARM.ActiveCfg = Debug|ARM
		{EFBF1CFF-0529-49F7-98AF-47D8EE51CC51}.AppStore|ARM.Build.0 = Debug|ARM
		{EFBF1CFF-0529-49F7-98AF-47D8EE51CC51}.AppStore|ARM.Deploy.0 = Debug|ARM
		{EFBF1CFF-0529-49F7-98AF-47D8EE51CC51}.AppStore|iPhone.ActiveCfg = Debug|x64
		{EFBF1CFF-0529-49F7-98AF-47D8EE51CC51}.AppStore|iPhone.Build.0 = Debug|x64
		{EFBF1CFF-0529-49F7-98AF-47D8EE51CC51}.AppStore|iPhone.Deploy.0 = Debug|x64
		{EFBF1CFF-0529-49F7-98AF-47D8EE51CC51}.AppStore|iPhoneSimulator.ActiveCfg = Debug|x64
		{EFBF1CFF-0529-49F7-98AF-47D8EE51CC51}.AppStore|iPhoneSimulator.Build.0 = Debug|x64
		{EFBF1CFF-0529-49F7-98AF-47D8EE51CC51}.AppStore|iPhoneSimulator.Deploy.0 = Debug|x64
		{EFBF1CFF-0529-49F7-98AF-47D8EE51CC51}.AppStore|x64.ActiveCfg = Debug|x64
		{EFBF1CFF-0529-49F7-98AF-47D8EE51CC51}.AppStore|x64.Build.0 = Debug|x64
		{EFBF1CFF-0529-49F7-98AF-47D8EE51CC51}.AppStore|x64.Deploy.0 = Debug|x64
		{EFBF1CFF-0529-49F7-98AF-47D8EE51CC51}.AppStore|x86.ActiveCfg = Debug|x86
		{EFBF1CFF-0529-49F7-98AF-47D8EE51CC51}.AppStore|x86.Build.0 = Debug|x86
		{EFBF1CFF-0529-49F7-98AF-47D8EE51CC51}.AppStore|x86.Deploy.0 = Debug|x86
		{EFBF1CFF-0529-49F7-98AF-47D8EE51CC51}.Debug|Any CPU.ActiveCfg = Debug|x86
		{EFBF1CFF-0529-49F7-98AF-47D8EE51CC51}.Debug|Any CPU.Build.0 = Debug|x86
		{EFBF1CFF-0529-49F7-98AF-47D8EE51CC51}.Debug|Any CPU.Deploy.0 = Debug|x86
		{EFBF1CFF-0529-49F7-98AF-47D8EE51CC51}.Debug|ARM.ActiveCfg = Debug|ARM
		{EFBF1CFF-0529-49F7-98AF-47D8EE51CC51}.Debug|ARM.Build.0 = Debug|ARM
		{EFBF1CFF-0529-49F7-98AF-47D8EE51CC51}.Debug|ARM.Deploy.0 = Debug|ARM
		{EFBF1CFF-0529-49F7-98AF-47D8EE51CC51}.Debug|iPhone.ActiveCfg = Debug|x86
		{EFBF1CFF-0529-49F7-98AF-47D8EE51CC51}.Debug|iPhoneSimulator.ActiveCfg = Debug|x86
		{EFBF1CFF-0529-49F7-98AF-47D8EE51CC51}.Debug|x64.ActiveCfg = Debug|x64
		{EFBF1CFF-0529-49F7-98AF-47D8EE51CC51}.Debug|x64.Build.0 = Debug|x64
		{EFBF1CFF-0529-49F7-98AF-47D8EE51CC51}.Debug|x64.Deploy.0 = Debug|x64
		{EFBF1CFF-0529-49F7-98AF-47D8EE51CC51}.Debug|x86.ActiveCfg = Debug|x86
		{EFBF1CFF-0529-49F7-98AF-47D8EE51CC51}.Debug|x86.Build.0 = Debug|x86
		{EFBF1CFF-0529-49F7-98AF-47D8EE51CC51}.Debug|x86.Deploy.0 = Debug|x86
		{EFBF1CFF-0529-49F7-98AF-47D8EE51CC51}.Release|Any CPU.ActiveCfg = Release|x86
		{EFBF1CFF-0529-49F7-98AF-47D8EE51CC51}.Release|ARM.ActiveCfg = Release|ARM
		{EFBF1CFF-0529-49F7-98AF-47D8EE51CC51}.Release|ARM.Build.0 = Release|ARM
		{EFBF1CFF-0529-49F7-98AF-47D8EE51CC51}.Release|ARM.Deploy.0 = Release|ARM
		{EFBF1CFF-0529-49F7-98AF-47D8EE51CC51}.Release|iPhone.ActiveCfg = Release|x86
		{EFBF1CFF-0529-49F7-98AF-47D8EE51CC51}.Release|iPhoneSimulator.ActiveCfg = Release|x86
		{EFBF1CFF-0529-49F7-98AF-47D8EE51CC51}.Release|x64.ActiveCfg = Release|x64
		{EFBF1CFF-0529-49F7-98AF-47D8EE51CC51}.Release|x64.Build.0 = Release|x64
		{EFBF1CFF-0529-49F7-98AF-47D8EE51CC51}.Release|x64.Deploy.0 = Release|x64
		{EFBF1CFF-0529-49F7-98AF-47D8EE51CC51}.Release|x86.ActiveCfg = Release|x86
		{EFBF1CFF-0529-49F7-98AF-47D8EE51CC51}.Release|x86.Build.0 = Release|x86
		{EFBF1CFF-0529-49F7-98AF-47D8EE51CC51}.Release|x86.Deploy.0 = Release|x86
		{A86DBCF2-FB0E-4F76-81DC-1A079965A60D}.Ad-Hoc|Any CPU.ActiveCfg = Release|Any CPU
		{A86DBCF2-FB0E-4F76-81DC-1A079965A60D}.Ad-Hoc|Any CPU.Build.0 = Release|Any CPU
		{A86DBCF2-FB0E-4F76-81DC-1A079965A60D}.Ad-Hoc|Any CPU.Deploy.0 = Release|Any CPU
		{A86DBCF2-FB0E-4F76-81DC-1A079965A60D}.Ad-Hoc|ARM.ActiveCfg = Release|Any CPU
		{A86DBCF2-FB0E-4F76-81DC-1A079965A60D}.Ad-Hoc|ARM.Build.0 = Release|Any CPU
		{A86DBCF2-FB0E-4F76-81DC-1A079965A60D}.Ad-Hoc|ARM.Deploy.0 = Release|Any CPU
		{A86DBCF2-FB0E-4F76-81DC-1A079965A60D}.Ad-Hoc|iPhone.ActiveCfg = Release|Any CPU
		{A86DBCF2-FB0E-4F76-81DC-1A079965A60D}.Ad-Hoc|iPhone.Build.0 = Release|Any CPU
		{A86DBCF2-FB0E-4F76-81DC-1A079965A60D}.Ad-Hoc|iPhone.Deploy.0 = Release|Any CPU
		{A86DBCF2-FB0E-4F76-81DC-1A079965A60D}.Ad-Hoc|iPhoneSimulator.ActiveCfg = Release|Any CPU
		{A86DBCF2-FB0E-4F76-81DC-1A079965A60D}.Ad-Hoc|iPhoneSimulator.Build.0 = Release|Any CPU
		{A86DBCF2-FB0E-4F76-81DC-1A079965A60D}.Ad-Hoc|iPhoneSimulator.Deploy.0 = Release|Any CPU
		{A86DBCF2-FB0E-4F76-81DC-1A079965A60D}.Ad-Hoc|x64.ActiveCfg = Release|Any CPU
		{A86DBCF2-FB0E-4F76-81DC-1A079965A60D}.Ad-Hoc|x64.Build.0 = Release|Any CPU
		{A86DBCF2-FB0E-4F76-81DC-1A079965A60D}.Ad-Hoc|x64.Deploy.0 = Release|Any CPU
		{A86DBCF2-FB0E-4F76-81DC-1A079965A60D}.Ad-Hoc|x86.ActiveCfg = Release|Any CPU
		{A86DBCF2-FB0E-4F76-81DC-1A079965A60D}.Ad-Hoc|x86.Build.0 = Release|Any CPU
		{A86DBCF2-FB0E-4F76-81DC-1A079965A60D}.Ad-Hoc|x86.Deploy.0 = Release|Any CPU
		{A86DBCF2-FB0E-4F76-81DC-1A079965A60D}.AppStore|Any CPU.ActiveCfg = Release|Any CPU
		{A86DBCF2-FB0E-4F76-81DC-1A079965A60D}.AppStore|Any CPU.Build.0 = Release|Any CPU
		{A86DBCF2-FB0E-4F76-81DC-1A079965A60D}.AppStore|Any CPU.Deploy.0 = Release|Any CPU
		{A86DBCF2-FB0E-4F76-81DC-1A079965A60D}.AppStore|ARM.ActiveCfg = Release|Any CPU
		{A86DBCF2-FB0E-4F76-81DC-1A079965A60D}.AppStore|ARM.Build.0 = Release|Any CPU
		{A86DBCF2-FB0E-4F76-81DC-1A079965A60D}.AppStore|ARM.Deploy.0 = Release|Any CPU
		{A86DBCF2-FB0E-4F76-81DC-1A079965A60D}.AppStore|iPhone.ActiveCfg = Release|Any CPU
		{A86DBCF2-FB0E-4F76-81DC-1A079965A60D}.AppStore|iPhone.Build.0 = Release|Any CPU
		{A86DBCF2-FB0E-4F76-81DC-1A079965A60D}.AppStore|iPhone.Deploy.0 = Release|Any CPU
		{A86DBCF2-FB0E-4F76-81DC-1A079965A60D}.AppStore|iPhoneSimulator.ActiveCfg = Release|Any CPU
		{A86DBCF2-FB0E-4F76-81DC-1A079965A60D}.AppStore|iPhoneSimulator.Build.0 = Release|Any CPU
		{A86DBCF2-FB0E-4F76-81DC-1A079965A60D}.AppStore|iPhoneSimulator.Deploy.0 = Release|Any CPU
		{A86DBCF2-FB0E-4F76-81DC-1A079965A60D}.AppStore|x64.ActiveCfg = Release|Any CPU
		{A86DBCF2-FB0E-4F76-81DC-1A079965A60D}.AppStore|x64.Build.0 = Release|Any CPU
		{A86DBCF2-FB0E-4F76-81DC-1A079965A60D}.AppStore|x64.Deploy.0 = Release|Any CPU
		{A86DBCF2-FB0E-4F76-81DC-1A079965A60D}.AppStore|x86.ActiveCfg = Release|Any CPU
		{A86DBCF2-FB0E-4F76-81DC-1A079965A60D}.AppStore|x86.Build.0 = Release|Any CPU
		{A86DBCF2-FB0E-4F76-81DC-1A079965A60D}.AppStore|x86.Deploy.0 = Release|Any CPU
		{A86DBCF2-FB0E-4F76-81DC-1A079965A60D}.Debug|Any CPU.ActiveCfg = Debug|Any CPU
		{A86DBCF2-FB0E-4F76-81DC-1A079965A60D}.Debug|Any CPU.Build.0 = Debug|Any CPU
		{A86DBCF2-FB0E-4F76-81DC-1A079965A60D}.Debug|Any CPU.Deploy.0 = Debug|Any CPU
		{A86DBCF2-FB0E-4F76-81DC-1A079965A60D}.Debug|ARM.ActiveCfg = Debug|Any CPU
		{A86DBCF2-FB0E-4F76-81DC-1A079965A60D}.Debug|ARM.Build.0 = Debug|Any CPU
		{A86DBCF2-FB0E-4F76-81DC-1A079965A60D}.Debug|ARM.Deploy.0 = Debug|Any CPU
		{A86DBCF2-FB0E-4F76-81DC-1A079965A60D}.Debug|iPhone.ActiveCfg = Debug|Any CPU
		{A86DBCF2-FB0E-4F76-81DC-1A079965A60D}.Debug|iPhone.Build.0 = Debug|Any CPU
		{A86DBCF2-FB0E-4F76-81DC-1A079965A60D}.Debug|iPhone.Deploy.0 = Debug|Any CPU
		{A86DBCF2-FB0E-4F76-81DC-1A079965A60D}.Debug|iPhoneSimulator.ActiveCfg = Debug|Any CPU
		{A86DBCF2-FB0E-4F76-81DC-1A079965A60D}.Debug|iPhoneSimulator.Build.0 = Debug|Any CPU
		{A86DBCF2-FB0E-4F76-81DC-1A079965A60D}.Debug|iPhoneSimulator.Deploy.0 = Debug|Any CPU
		{A86DBCF2-FB0E-4F76-81DC-1A079965A60D}.Debug|x64.ActiveCfg = Debug|Any CPU
		{A86DBCF2-FB0E-4F76-81DC-1A079965A60D}.Debug|x64.Build.0 = Debug|Any CPU
		{A86DBCF2-FB0E-4F76-81DC-1A079965A60D}.Debug|x64.Deploy.0 = Debug|Any CPU
		{A86DBCF2-FB0E-4F76-81DC-1A079965A60D}.Debug|x86.ActiveCfg = Debug|Any CPU
		{A86DBCF2-FB0E-4F76-81DC-1A079965A60D}.Debug|x86.Build.0 = Debug|Any CPU
		{A86DBCF2-FB0E-4F76-81DC-1A079965A60D}.Debug|x86.Deploy.0 = Debug|Any CPU
		{A86DBCF2-FB0E-4F76-81DC-1A079965A60D}.Release|Any CPU.ActiveCfg = Release|Any CPU
		{A86DBCF2-FB0E-4F76-81DC-1A079965A60D}.Release|ARM.ActiveCfg = Release|Any CPU
		{A86DBCF2-FB0E-4F76-81DC-1A079965A60D}.Release|ARM.Build.0 = Release|Any CPU
		{A86DBCF2-FB0E-4F76-81DC-1A079965A60D}.Release|ARM.Deploy.0 = Release|Any CPU
		{A86DBCF2-FB0E-4F76-81DC-1A079965A60D}.Release|iPhone.ActiveCfg = Release|Any CPU
		{A86DBCF2-FB0E-4F76-81DC-1A079965A60D}.Release|iPhone.Build.0 = Release|Any CPU
		{A86DBCF2-FB0E-4F76-81DC-1A079965A60D}.Release|iPhone.Deploy.0 = Release|Any CPU
		{A86DBCF2-FB0E-4F76-81DC-1A079965A60D}.Release|iPhoneSimulator.ActiveCfg = Release|Any CPU
		{A86DBCF2-FB0E-4F76-81DC-1A079965A60D}.Release|iPhoneSimulator.Build.0 = Release|Any CPU
		{A86DBCF2-FB0E-4F76-81DC-1A079965A60D}.Release|iPhoneSimulator.Deploy.0 = Release|Any CPU
		{A86DBCF2-FB0E-4F76-81DC-1A079965A60D}.Release|x64.ActiveCfg = Release|Any CPU
		{A86DBCF2-FB0E-4F76-81DC-1A079965A60D}.Release|x64.Build.0 = Release|Any CPU
		{A86DBCF2-FB0E-4F76-81DC-1A079965A60D}.Release|x64.Deploy.0 = Release|Any CPU
		{A86DBCF2-FB0E-4F76-81DC-1A079965A60D}.Release|x86.ActiveCfg = Release|Any CPU
		{A86DBCF2-FB0E-4F76-81DC-1A079965A60D}.Release|x86.Build.0 = Release|Any CPU
		{A86DBCF2-FB0E-4F76-81DC-1A079965A60D}.Release|x86.Deploy.0 = Release|Any CPU
		{479F258B-F78C-4A5B-8351-23911CE800A2}.Ad-Hoc|Any CPU.ActiveCfg = Release|iPhone
		{479F258B-F78C-4A5B-8351-23911CE800A2}.Ad-Hoc|Any CPU.Build.0 = Release|iPhone
		{479F258B-F78C-4A5B-8351-23911CE800A2}.Ad-Hoc|ARM.ActiveCfg = Release|iPhone
		{479F258B-F78C-4A5B-8351-23911CE800A2}.Ad-Hoc|ARM.Build.0 = Release|iPhone
		{479F258B-F78C-4A5B-8351-23911CE800A2}.Ad-Hoc|iPhone.ActiveCfg = Release|iPhone
		{479F258B-F78C-4A5B-8351-23911CE800A2}.Ad-Hoc|iPhone.Build.0 = Release|iPhone
		{479F258B-F78C-4A5B-8351-23911CE800A2}.Ad-Hoc|iPhoneSimulator.ActiveCfg = Release|iPhoneSimulator
		{479F258B-F78C-4A5B-8351-23911CE800A2}.Ad-Hoc|iPhoneSimulator.Build.0 = Release|iPhoneSimulator
		{479F258B-F78C-4A5B-8351-23911CE800A2}.Ad-Hoc|x64.ActiveCfg = Release|iPhone
		{479F258B-F78C-4A5B-8351-23911CE800A2}.Ad-Hoc|x64.Build.0 = Release|iPhone
		{479F258B-F78C-4A5B-8351-23911CE800A2}.Ad-Hoc|x86.ActiveCfg = Release|iPhone
		{479F258B-F78C-4A5B-8351-23911CE800A2}.Ad-Hoc|x86.Build.0 = Release|iPhone
		{479F258B-F78C-4A5B-8351-23911CE800A2}.AppStore|Any CPU.ActiveCfg = Release|iPhone
		{479F258B-F78C-4A5B-8351-23911CE800A2}.AppStore|Any CPU.Build.0 = Release|iPhone
		{479F258B-F78C-4A5B-8351-23911CE800A2}.AppStore|ARM.ActiveCfg = Release|iPhone
		{479F258B-F78C-4A5B-8351-23911CE800A2}.AppStore|ARM.Build.0 = Release|iPhone
		{479F258B-F78C-4A5B-8351-23911CE800A2}.AppStore|iPhone.ActiveCfg = Release|iPhone
		{479F258B-F78C-4A5B-8351-23911CE800A2}.AppStore|iPhone.Build.0 = Release|iPhone
		{479F258B-F78C-4A5B-8351-23911CE800A2}.AppStore|iPhoneSimulator.ActiveCfg = Release|iPhoneSimulator
		{479F258B-F78C-4A5B-8351-23911CE800A2}.AppStore|iPhoneSimulator.Build.0 = Release|iPhoneSimulator
		{479F258B-F78C-4A5B-8351-23911CE800A2}.AppStore|x64.ActiveCfg = Release|iPhone
		{479F258B-F78C-4A5B-8351-23911CE800A2}.AppStore|x64.Build.0 = Release|iPhone
		{479F258B-F78C-4A5B-8351-23911CE800A2}.AppStore|x86.ActiveCfg = Release|iPhone
		{479F258B-F78C-4A5B-8351-23911CE800A2}.AppStore|x86.Build.0 = Release|iPhone
		{479F258B-F78C-4A5B-8351-23911CE800A2}.Debug|Any CPU.ActiveCfg = Debug|iPhone
		{479F258B-F78C-4A5B-8351-23911CE800A2}.Debug|Any CPU.Build.0 = Debug|iPhone
		{479F258B-F78C-4A5B-8351-23911CE800A2}.Debug|ARM.ActiveCfg = Debug|iPhone
		{479F258B-F78C-4A5B-8351-23911CE800A2}.Debug|iPhone.ActiveCfg = Debug|iPhone
		{479F258B-F78C-4A5B-8351-23911CE800A2}.Debug|iPhone.Build.0 = Debug|iPhone
		{479F258B-F78C-4A5B-8351-23911CE800A2}.Debug|iPhoneSimulator.ActiveCfg = Debug|iPhoneSimulator
		{479F258B-F78C-4A5B-8351-23911CE800A2}.Debug|iPhoneSimulator.Build.0 = Debug|iPhoneSimulator
		{479F258B-F78C-4A5B-8351-23911CE800A2}.Debug|x64.ActiveCfg = Debug|iPhone
		{479F258B-F78C-4A5B-8351-23911CE800A2}.Debug|x86.ActiveCfg = Debug|iPhone
		{479F258B-F78C-4A5B-8351-23911CE800A2}.Release|Any CPU.ActiveCfg = Release|iPhone
		{479F258B-F78C-4A5B-8351-23911CE800A2}.Release|ARM.ActiveCfg = Release|iPhone
		{479F258B-F78C-4A5B-8351-23911CE800A2}.Release|iPhone.ActiveCfg = Release|iPhone
		{479F258B-F78C-4A5B-8351-23911CE800A2}.Release|iPhone.Build.0 = Release|iPhone
		{479F258B-F78C-4A5B-8351-23911CE800A2}.Release|iPhoneSimulator.ActiveCfg = Release|iPhoneSimulator
		{479F258B-F78C-4A5B-8351-23911CE800A2}.Release|iPhoneSimulator.Build.0 = Release|iPhoneSimulator
		{479F258B-F78C-4A5B-8351-23911CE800A2}.Release|x64.ActiveCfg = Release|iPhone
		{479F258B-F78C-4A5B-8351-23911CE800A2}.Release|x86.ActiveCfg = Release|iPhone
		{2CB86DA1-A8A2-4E1C-B1A0-891EBA283C6C}.Ad-Hoc|Any CPU.ActiveCfg = Release|iPhone
		{2CB86DA1-A8A2-4E1C-B1A0-891EBA283C6C}.Ad-Hoc|Any CPU.Build.0 = Release|iPhone
		{2CB86DA1-A8A2-4E1C-B1A0-891EBA283C6C}.Ad-Hoc|ARM.ActiveCfg = Release|iPhone
		{2CB86DA1-A8A2-4E1C-B1A0-891EBA283C6C}.Ad-Hoc|ARM.Build.0 = Release|iPhone
		{2CB86DA1-A8A2-4E1C-B1A0-891EBA283C6C}.Ad-Hoc|iPhone.ActiveCfg = Release|iPhone
		{2CB86DA1-A8A2-4E1C-B1A0-891EBA283C6C}.Ad-Hoc|iPhone.Build.0 = Release|iPhone
		{2CB86DA1-A8A2-4E1C-B1A0-891EBA283C6C}.Ad-Hoc|iPhoneSimulator.ActiveCfg = Release|iPhoneSimulator
		{2CB86DA1-A8A2-4E1C-B1A0-891EBA283C6C}.Ad-Hoc|iPhoneSimulator.Build.0 = Release|iPhoneSimulator
		{2CB86DA1-A8A2-4E1C-B1A0-891EBA283C6C}.Ad-Hoc|x64.ActiveCfg = Release|iPhone
		{2CB86DA1-A8A2-4E1C-B1A0-891EBA283C6C}.Ad-Hoc|x64.Build.0 = Release|iPhone
		{2CB86DA1-A8A2-4E1C-B1A0-891EBA283C6C}.Ad-Hoc|x86.ActiveCfg = Release|iPhone
		{2CB86DA1-A8A2-4E1C-B1A0-891EBA283C6C}.Ad-Hoc|x86.Build.0 = Release|iPhone
		{2CB86DA1-A8A2-4E1C-B1A0-891EBA283C6C}.AppStore|Any CPU.ActiveCfg = Release|iPhone
		{2CB86DA1-A8A2-4E1C-B1A0-891EBA283C6C}.AppStore|Any CPU.Build.0 = Release|iPhone
		{2CB86DA1-A8A2-4E1C-B1A0-891EBA283C6C}.AppStore|ARM.ActiveCfg = Release|iPhone
		{2CB86DA1-A8A2-4E1C-B1A0-891EBA283C6C}.AppStore|ARM.Build.0 = Release|iPhone
		{2CB86DA1-A8A2-4E1C-B1A0-891EBA283C6C}.AppStore|iPhone.ActiveCfg = Release|iPhone
		{2CB86DA1-A8A2-4E1C-B1A0-891EBA283C6C}.AppStore|iPhone.Build.0 = Release|iPhone
		{2CB86DA1-A8A2-4E1C-B1A0-891EBA283C6C}.AppStore|iPhoneSimulator.ActiveCfg = Release|iPhoneSimulator
		{2CB86DA1-A8A2-4E1C-B1A0-891EBA283C6C}.AppStore|iPhoneSimulator.Build.0 = Release|iPhoneSimulator
		{2CB86DA1-A8A2-4E1C-B1A0-891EBA283C6C}.AppStore|x64.ActiveCfg = Release|iPhone
		{2CB86DA1-A8A2-4E1C-B1A0-891EBA283C6C}.AppStore|x64.Build.0 = Release|iPhone
		{2CB86DA1-A8A2-4E1C-B1A0-891EBA283C6C}.AppStore|x86.ActiveCfg = Release|iPhone
		{2CB86DA1-A8A2-4E1C-B1A0-891EBA283C6C}.AppStore|x86.Build.0 = Release|iPhone
		{2CB86DA1-A8A2-4E1C-B1A0-891EBA283C6C}.Debug|Any CPU.ActiveCfg = Debug|iPhone
		{2CB86DA1-A8A2-4E1C-B1A0-891EBA283C6C}.Debug|Any CPU.Build.0 = Debug|iPhone
		{2CB86DA1-A8A2-4E1C-B1A0-891EBA283C6C}.Debug|ARM.ActiveCfg = Debug|iPhone
		{2CB86DA1-A8A2-4E1C-B1A0-891EBA283C6C}.Debug|iPhone.ActiveCfg = Debug|iPhone
		{2CB86DA1-A8A2-4E1C-B1A0-891EBA283C6C}.Debug|iPhone.Build.0 = Debug|iPhone
		{2CB86DA1-A8A2-4E1C-B1A0-891EBA283C6C}.Debug|iPhoneSimulator.ActiveCfg = Debug|iPhoneSimulator
		{2CB86DA1-A8A2-4E1C-B1A0-891EBA283C6C}.Debug|iPhoneSimulator.Build.0 = Debug|iPhoneSimulator
		{2CB86DA1-A8A2-4E1C-B1A0-891EBA283C6C}.Debug|x64.ActiveCfg = Debug|iPhone
		{2CB86DA1-A8A2-4E1C-B1A0-891EBA283C6C}.Debug|x86.ActiveCfg = Debug|iPhone
		{2CB86DA1-A8A2-4E1C-B1A0-891EBA283C6C}.Release|Any CPU.ActiveCfg = Release|iPhone
		{2CB86DA1-A8A2-4E1C-B1A0-891EBA283C6C}.Release|ARM.ActiveCfg = Release|iPhone
		{2CB86DA1-A8A2-4E1C-B1A0-891EBA283C6C}.Release|iPhone.ActiveCfg = Release|iPhone
		{2CB86DA1-A8A2-4E1C-B1A0-891EBA283C6C}.Release|iPhone.Build.0 = Release|iPhone
		{2CB86DA1-A8A2-4E1C-B1A0-891EBA283C6C}.Release|iPhoneSimulator.ActiveCfg = Release|iPhoneSimulator
		{2CB86DA1-A8A2-4E1C-B1A0-891EBA283C6C}.Release|iPhoneSimulator.Build.0 = Release|iPhoneSimulator
		{2CB86DA1-A8A2-4E1C-B1A0-891EBA283C6C}.Release|x64.ActiveCfg = Release|iPhone
		{2CB86DA1-A8A2-4E1C-B1A0-891EBA283C6C}.Release|x86.ActiveCfg = Release|iPhone
		{4825D005-9713-4CBA-BA8D-293E72D80AF8}.Ad-Hoc|Any CPU.ActiveCfg = Debug|Any CPU
		{4825D005-9713-4CBA-BA8D-293E72D80AF8}.Ad-Hoc|Any CPU.Build.0 = Debug|Any CPU
		{4825D005-9713-4CBA-BA8D-293E72D80AF8}.Ad-Hoc|ARM.ActiveCfg = Debug|Any CPU
		{4825D005-9713-4CBA-BA8D-293E72D80AF8}.Ad-Hoc|ARM.Build.0 = Debug|Any CPU
		{4825D005-9713-4CBA-BA8D-293E72D80AF8}.Ad-Hoc|iPhone.ActiveCfg = Debug|Any CPU
		{4825D005-9713-4CBA-BA8D-293E72D80AF8}.Ad-Hoc|iPhone.Build.0 = Debug|Any CPU
		{4825D005-9713-4CBA-BA8D-293E72D80AF8}.Ad-Hoc|iPhoneSimulator.ActiveCfg = Debug|Any CPU
		{4825D005-9713-4CBA-BA8D-293E72D80AF8}.Ad-Hoc|iPhoneSimulator.Build.0 = Debug|Any CPU
		{4825D005-9713-4CBA-BA8D-293E72D80AF8}.Ad-Hoc|x64.ActiveCfg = Debug|Any CPU
		{4825D005-9713-4CBA-BA8D-293E72D80AF8}.Ad-Hoc|x64.Build.0 = Debug|Any CPU
		{4825D005-9713-4CBA-BA8D-293E72D80AF8}.Ad-Hoc|x86.ActiveCfg = Debug|Any CPU
		{4825D005-9713-4CBA-BA8D-293E72D80AF8}.Ad-Hoc|x86.Build.0 = Debug|Any CPU
		{4825D005-9713-4CBA-BA8D-293E72D80AF8}.AppStore|Any CPU.ActiveCfg = Debug|Any CPU
		{4825D005-9713-4CBA-BA8D-293E72D80AF8}.AppStore|Any CPU.Build.0 = Debug|Any CPU
		{4825D005-9713-4CBA-BA8D-293E72D80AF8}.AppStore|ARM.ActiveCfg = Debug|Any CPU
		{4825D005-9713-4CBA-BA8D-293E72D80AF8}.AppStore|ARM.Build.0 = Debug|Any CPU
		{4825D005-9713-4CBA-BA8D-293E72D80AF8}.AppStore|iPhone.ActiveCfg = Debug|Any CPU
		{4825D005-9713-4CBA-BA8D-293E72D80AF8}.AppStore|iPhone.Build.0 = Debug|Any CPU
		{4825D005-9713-4CBA-BA8D-293E72D80AF8}.AppStore|iPhoneSimulator.ActiveCfg = Debug|Any CPU
		{4825D005-9713-4CBA-BA8D-293E72D80AF8}.AppStore|iPhoneSimulator.Build.0 = Debug|Any CPU
		{4825D005-9713-4CBA-BA8D-293E72D80AF8}.AppStore|x64.ActiveCfg = Debug|Any CPU
		{4825D005-9713-4CBA-BA8D-293E72D80AF8}.AppStore|x64.Build.0 = Debug|Any CPU
		{4825D005-9713-4CBA-BA8D-293E72D80AF8}.AppStore|x86.ActiveCfg = Debug|Any CPU
		{4825D005-9713-4CBA-BA8D-293E72D80AF8}.AppStore|x86.Build.0 = Debug|Any CPU
		{4825D005-9713-4CBA-BA8D-293E72D80AF8}.Debug|Any CPU.ActiveCfg = Debug|Any CPU
		{4825D005-9713-4CBA-BA8D-293E72D80AF8}.Debug|Any CPU.Build.0 = Debug|Any CPU
		{4825D005-9713-4CBA-BA8D-293E72D80AF8}.Debug|ARM.ActiveCfg = Debug|Any CPU
		{4825D005-9713-4CBA-BA8D-293E72D80AF8}.Debug|ARM.Build.0 = Debug|Any CPU
		{4825D005-9713-4CBA-BA8D-293E72D80AF8}.Debug|iPhone.ActiveCfg = Debug|Any CPU
		{4825D005-9713-4CBA-BA8D-293E72D80AF8}.Debug|iPhone.Build.0 = Debug|Any CPU
		{4825D005-9713-4CBA-BA8D-293E72D80AF8}.Debug|iPhoneSimulator.ActiveCfg = Debug|Any CPU
		{4825D005-9713-4CBA-BA8D-293E72D80AF8}.Debug|iPhoneSimulator.Build.0 = Debug|Any CPU
		{4825D005-9713-4CBA-BA8D-293E72D80AF8}.Debug|x64.ActiveCfg = Debug|Any CPU
		{4825D005-9713-4CBA-BA8D-293E72D80AF8}.Debug|x64.Build.0 = Debug|Any CPU
		{4825D005-9713-4CBA-BA8D-293E72D80AF8}.Debug|x86.ActiveCfg = Debug|Any CPU
		{4825D005-9713-4CBA-BA8D-293E72D80AF8}.Debug|x86.Build.0 = Debug|Any CPU
		{4825D005-9713-4CBA-BA8D-293E72D80AF8}.Release|Any CPU.ActiveCfg = Release|Any CPU
		{4825D005-9713-4CBA-BA8D-293E72D80AF8}.Release|Any CPU.Build.0 = Release|Any CPU
		{4825D005-9713-4CBA-BA8D-293E72D80AF8}.Release|ARM.ActiveCfg = Release|Any CPU
		{4825D005-9713-4CBA-BA8D-293E72D80AF8}.Release|ARM.Build.0 = Release|Any CPU
		{4825D005-9713-4CBA-BA8D-293E72D80AF8}.Release|iPhone.ActiveCfg = Release|Any CPU
		{4825D005-9713-4CBA-BA8D-293E72D80AF8}.Release|iPhone.Build.0 = Release|Any CPU
		{4825D005-9713-4CBA-BA8D-293E72D80AF8}.Release|iPhoneSimulator.ActiveCfg = Release|Any CPU
		{4825D005-9713-4CBA-BA8D-293E72D80AF8}.Release|iPhoneSimulator.Build.0 = Release|Any CPU
		{4825D005-9713-4CBA-BA8D-293E72D80AF8}.Release|x64.ActiveCfg = Release|Any CPU
		{4825D005-9713-4CBA-BA8D-293E72D80AF8}.Release|x64.Build.0 = Release|Any CPU
		{4825D005-9713-4CBA-BA8D-293E72D80AF8}.Release|x86.ActiveCfg = Release|Any CPU
		{4825D005-9713-4CBA-BA8D-293E72D80AF8}.Release|x86.Build.0 = Release|Any CPU
	EndGlobalSection
	GlobalSection(SolutionProperties) = preSolution
		HideSolutionNode = FALSE
	EndGlobalSection
	GlobalSection(NestedProjects) = preSolution
		{DD5FE1BA-D2FC-4AF7-860F-C7C8AF0C17B4} = {6FFBECD5-AC8D-4B60-9D5E-C847AC0DC22A}
		{46FDD0BB-356C-450A-A0F7-5AF6F4B3C082} = {6FFBECD5-AC8D-4B60-9D5E-C847AC0DC22A}
		{D307F102-0A59-40B0-B146-E2D9A79525B6} = {6FFBECD5-AC8D-4B60-9D5E-C847AC0DC22A}
		{1BE63C0C-7914-4832-97F6-3289089BB98C} = {D307F102-0A59-40B0-B146-E2D9A79525B6}
		{D67A449A-9D5A-4D07-B006-9A42EDEEAFDE} = {46FDD0BB-356C-450A-A0F7-5AF6F4B3C082}
		{38A407AC-B56C-4C2A-A448-B49CFBF697C0} = {DD5FE1BA-D2FC-4AF7-860F-C7C8AF0C17B4}
		{47F6B56F-A2C8-4C7C-93DB-EA7F8B5BFADC} = {DD5FE1BA-D2FC-4AF7-860F-C7C8AF0C17B4}
		{849E5EAF-FAA5-4E44-A11F-E4C6A749FBF6} = {DD5FE1BA-D2FC-4AF7-860F-C7C8AF0C17B4}
		{EFBF1CFF-0529-49F7-98AF-47D8EE51CC51} = {DD5FE1BA-D2FC-4AF7-860F-C7C8AF0C17B4}
		{A86DBCF2-FB0E-4F76-81DC-1A079965A60D} = {46FDD0BB-356C-450A-A0F7-5AF6F4B3C082}
		{479F258B-F78C-4A5B-8351-23911CE800A2} = {46FDD0BB-356C-450A-A0F7-5AF6F4B3C082}
		{2CB86DA1-A8A2-4E1C-B1A0-891EBA283C6C} = {46FDD0BB-356C-450A-A0F7-5AF6F4B3C082}
	EndGlobalSection
	GlobalSection(ExtensibilityGlobals) = postSolution
		SolutionGuid = {FA645EF5-7121-4AD6-96C4-6BD29CBD178D}
	EndGlobalSection
	GlobalSection(MonoDevelopProperties) = preSolution
		version = 2.5
	EndGlobalSection
EndGlobal
