Microsoft Visual Studio Solution File, Format Version 12.00
# Visual Studio Version 17
VisualStudioVersion = 17.3.32611.2
MinimumVisualStudioVersion = 10.0.40219.1
Project("{9A19103F-16F7-4668-BE54-9A1E7A4F7556}") = "Lottie.Forms", "Lottie.Forms\Lottie.Forms.csproj", "{F03D2DD6-BBDA-45B9-982E-4DCA43FCB8E1}"
EndProject
Project("{9A19103F-16F7-4668-BE54-9A1E7A4F7556}") = "Lottie.iOS", "Lottie.iOS\Lottie.iOS.csproj", "{8F0CC2B2-88E2-459B-AC92-F3A74071707E}"
EndProject
Project("{2150E333-8FDC-42A3-9474-1A3956D46DE8}") = "SolutionItems", "SolutionItems", "{E8F45614-179E-47E6-8D29-E292E32BA282}"
	ProjectSection(SolutionItems) = preProject
		Directory.Build.props = Directory.Build.props
		Directory.Build.targets = Directory.Build.targets
		LICENSE = LICENSE
	EndProjectSection
EndProject
Project("{9A19103F-16F7-4668-BE54-9A1E7A4F7556}") = "Lottie.Android", "Lottie.Android\Lottie.Android.csproj", "{284C8E3C-3352-41AF-8A5A-AC2CFD918737}"
EndProject
Project("{2150E333-8FDC-42A3-9474-1A3956D46DE8}") = "Samples", "Samples", "{6FFBECD5-AC8D-4B60-9D5E-C847AC0DC22A}"
	ProjectSection(SolutionItems) = preProject
		Samples\Directory.Build.props = Samples\Directory.Build.props
	EndProjectSection
EndProject
Project("{2150E333-8FDC-42A3-9474-1A3956D46DE8}") = "Forms", "Forms", "{DD5FE1BA-D2FC-4AF7-860F-C7C8AF0C17B4}"
EndProject
Project("{2150E333-8FDC-42A3-9474-1A3956D46DE8}") = "Native", "Native", "{46FDD0BB-356C-450A-A0F7-5AF6F4B3C082}"
EndProject
Project("{FAE04EC0-301F-11D3-BF4B-00C04F79EFBC}") = "Lottie.Maui", "Lottie.Maui\Lottie.Maui.csproj", "{8573D258-4149-4ED8-B8DF-15780B32DDB8}"
EndProject
Project("{2150E333-8FDC-42A3-9474-1A3956D46DE8}") = "Maui", "Maui", "{D307F102-0A59-40B0-B146-E2D9A79525B6}"
EndProject
Project("{FAE04EC0-301F-11D3-BF4B-00C04F79EFBC}") = "Lottie.Sample", "Samples\Maui\Lottie.Sample\Lottie.Sample.csproj", "{1BE63C0C-7914-4832-97F6-3289089BB98C}"
EndProject
Project("{9344BDBB-3E7F-41FC-A0DD-8665D75EE146}") = "Example.Forms", "Samples\Forms\Example.Forms\Example.Forms.csproj", "{6920BAFF-A1AE-4E3F-A462-C91599817C59}"
EndProject
Project("{9344BDBB-3E7F-41FC-A0DD-8665D75EE146}") = "Example.Forms.Droid", "Samples\Forms\Example.Forms.Droid\Example.Forms.Droid.csproj", "{10F04E40-A357-40C7-9DB5-01640CECA6BC}"
EndProject
Project("{9344BDBB-3E7F-41FC-A0DD-8665D75EE146}") = "Example.Forms.iOS", "Samples\Forms\Example.Forms.iOS\Example.Forms.iOS.csproj", "{B68E1AC0-D994-431A-9CCC-2AADEE4137C1}"
EndProject
Project("{9344BDBB-3E7F-41FC-A0DD-8665D75EE146}") = "Example.Forms.UWP", "Samples\Forms\Example.Forms.UWP\Example.Forms.UWP.csproj", "{8C940BB8-FBF3-4A83-970B-C4F9ABD753FC}"
EndProject
Project("{9344BDBB-3E7F-41FC-A0DD-8665D75EE146}") = "Example.Droid", "Samples\Native\Example.Droid\Example.Droid.csproj", "{7644B653-7711-43CF-BD0F-8E5AD3E915C2}"
EndProject
Project("{9344BDBB-3E7F-41FC-A0DD-8665D75EE146}") = "Example.iOS", "Samples\Native\Example.iOS\Example.iOS.csproj", "{E8BD8235-D004-418C-97F2-46719664E639}"
EndProject
Project("{9344BDBB-3E7F-41FC-A0DD-8665D75EE146}") = "Example.macOS", "Samples\Native\Example.macOS\Example.macOS.csproj", "{D67A449A-9D5A-4D07-B006-9A42EDEEAFDE}"
EndProject
Project("{9344BDBB-3E7F-41FC-A0DD-8665D75EE146}") = "Example.tvOS", "Samples\Native\Example.tvOS\Example.tvOS.csproj", "{C82D2D05-AB12-4601-A5F8-631D828FECC0}"
EndProject
Project("{FAE04EC0-301F-11D3-BF4B-00C04F79EFBC}") = "Lottie.iOS.Migrated", "..\Projects\Lottie.iOS\Lottie.iOS.Migrated\Lottie.iOS.Migrated.csproj", "{A2E977B6-6B67-4276-B324-2AFD46BA6667}"
EndProject
Global
	GlobalSection(SolutionConfigurationPlatforms) = preSolution
		Ad-Hoc|Any CPU = Ad-Hoc|Any CPU
		Ad-Hoc|ARM = Ad-Hoc|ARM
		Ad-Hoc|iPhone = Ad-Hoc|iPhone
		Ad-Hoc|iPhoneSimulator = Ad-Hoc|iPhoneSimulator
		Ad-Hoc|x64 = Ad-Hoc|x64
		Ad-Hoc|x86 = Ad-Hoc|x86
		AppStore|Any CPU = AppStore|Any CPU
		AppStore|ARM = AppStore|ARM
		AppStore|iPhone = AppStore|iPhone
		AppStore|iPhoneSimulator = AppStore|iPhoneSimulator
		AppStore|x64 = AppStore|x64
		AppStore|x86 = AppStore|x86
		Debug|Any CPU = Debug|Any CPU
		Debug|ARM = Debug|ARM
		Debug|iPhone = Debug|iPhone
		Debug|iPhoneSimulator = Debug|iPhoneSimulator
		Debug|x64 = Debug|x64
		Debug|x86 = Debug|x86
		Release|Any CPU = Release|Any CPU
		Release|ARM = Release|ARM
		Release|iPhone = Release|iPhone
		Release|iPhoneSimulator = Release|iPhoneSimulator
		Release|x64 = Release|x64
		Release|x86 = Release|x86
	EndGlobalSection
	GlobalSection(ProjectConfigurationPlatforms) = postSolution
		{F03D2DD6-BBDA-45B9-982E-4DCA43FCB8E1}.Ad-Hoc|Any CPU.ActiveCfg = Release|Any CPU
		{F03D2DD6-BBDA-45B9-982E-4DCA43FCB8E1}.Ad-Hoc|Any CPU.Build.0 = Release|Any CPU
		{F03D2DD6-BBDA-45B9-982E-4DCA43FCB8E1}.Ad-Hoc|ARM.ActiveCfg = Debug|Any CPU
		{F03D2DD6-BBDA-45B9-982E-4DCA43FCB8E1}.Ad-Hoc|ARM.Build.0 = Debug|Any CPU
		{F03D2DD6-BBDA-45B9-982E-4DCA43FCB8E1}.Ad-Hoc|iPhone.ActiveCfg = Release|Any CPU
		{F03D2DD6-BBDA-45B9-982E-4DCA43FCB8E1}.Ad-Hoc|iPhone.Build.0 = Release|Any CPU
		{F03D2DD6-BBDA-45B9-982E-4DCA43FCB8E1}.Ad-Hoc|iPhoneSimulator.ActiveCfg = Release|Any CPU
		{F03D2DD6-BBDA-45B9-982E-4DCA43FCB8E1}.Ad-Hoc|iPhoneSimulator.Build.0 = Release|Any CPU
		{F03D2DD6-BBDA-45B9-982E-4DCA43FCB8E1}.Ad-Hoc|x64.ActiveCfg = Debug|Any CPU
		{F03D2DD6-BBDA-45B9-982E-4DCA43FCB8E1}.Ad-Hoc|x64.Build.0 = Debug|Any CPU
		{F03D2DD6-BBDA-45B9-982E-4DCA43FCB8E1}.Ad-Hoc|x86.ActiveCfg = Debug|Any CPU
		{F03D2DD6-BBDA-45B9-982E-4DCA43FCB8E1}.Ad-Hoc|x86.Build.0 = Debug|Any CPU
		{F03D2DD6-BBDA-45B9-982E-4DCA43FCB8E1}.AppStore|Any CPU.ActiveCfg = Release|Any CPU
		{F03D2DD6-BBDA-45B9-982E-4DCA43FCB8E1}.AppStore|Any CPU.Build.0 = Release|Any CPU
		{F03D2DD6-BBDA-45B9-982E-4DCA43FCB8E1}.AppStore|ARM.ActiveCfg = Debug|Any CPU
		{F03D2DD6-BBDA-45B9-982E-4DCA43FCB8E1}.AppStore|ARM.Build.0 = Debug|Any CPU
		{F03D2DD6-BBDA-45B9-982E-4DCA43FCB8E1}.AppStore|iPhone.ActiveCfg = Release|Any CPU
		{F03D2DD6-BBDA-45B9-982E-4DCA43FCB8E1}.AppStore|iPhone.Build.0 = Release|Any CPU
		{F03D2DD6-BBDA-45B9-982E-4DCA43FCB8E1}.AppStore|iPhoneSimulator.ActiveCfg = Release|Any CPU
		{F03D2DD6-BBDA-45B9-982E-4DCA43FCB8E1}.AppStore|iPhoneSimulator.Build.0 = Release|Any CPU
		{F03D2DD6-BBDA-45B9-982E-4DCA43FCB8E1}.AppStore|x64.ActiveCfg = Debug|Any CPU
		{F03D2DD6-BBDA-45B9-982E-4DCA43FCB8E1}.AppStore|x64.Build.0 = Debug|Any CPU
		{F03D2DD6-BBDA-45B9-982E-4DCA43FCB8E1}.AppStore|x86.ActiveCfg = Debug|Any CPU
		{F03D2DD6-BBDA-45B9-982E-4DCA43FCB8E1}.AppStore|x86.Build.0 = Debug|Any CPU
		{F03D2DD6-BBDA-45B9-982E-4DCA43FCB8E1}.Debug|Any CPU.ActiveCfg = Debug|Any CPU
		{F03D2DD6-BBDA-45B9-982E-4DCA43FCB8E1}.Debug|Any CPU.Build.0 = Debug|Any CPU
		{F03D2DD6-BBDA-45B9-982E-4DCA43FCB8E1}.Debug|ARM.ActiveCfg = Debug|Any CPU
		{F03D2DD6-BBDA-45B9-982E-4DCA43FCB8E1}.Debug|ARM.Build.0 = Debug|Any CPU
		{F03D2DD6-BBDA-45B9-982E-4DCA43FCB8E1}.Debug|iPhone.ActiveCfg = Debug|Any CPU
		{F03D2DD6-BBDA-45B9-982E-4DCA43FCB8E1}.Debug|iPhone.Build.0 = Debug|Any CPU
		{F03D2DD6-BBDA-45B9-982E-4DCA43FCB8E1}.Debug|iPhoneSimulator.ActiveCfg = Debug|Any CPU
		{F03D2DD6-BBDA-45B9-982E-4DCA43FCB8E1}.Debug|iPhoneSimulator.Build.0 = Debug|Any CPU
		{F03D2DD6-BBDA-45B9-982E-4DCA43FCB8E1}.Debug|x64.ActiveCfg = Debug|Any CPU
		{F03D2DD6-BBDA-45B9-982E-4DCA43FCB8E1}.Debug|x64.Build.0 = Debug|Any CPU
		{F03D2DD6-BBDA-45B9-982E-4DCA43FCB8E1}.Debug|x86.ActiveCfg = Debug|Any CPU
		{F03D2DD6-BBDA-45B9-982E-4DCA43FCB8E1}.Debug|x86.Build.0 = Debug|Any CPU
		{F03D2DD6-BBDA-45B9-982E-4DCA43FCB8E1}.Release|Any CPU.ActiveCfg = Release|Any CPU
		{F03D2DD6-BBDA-45B9-982E-4DCA43FCB8E1}.Release|Any CPU.Build.0 = Release|Any CPU
		{F03D2DD6-BBDA-45B9-982E-4DCA43FCB8E1}.Release|ARM.ActiveCfg = Release|Any CPU
		{F03D2DD6-BBDA-45B9-982E-4DCA43FCB8E1}.Release|ARM.Build.0 = Release|Any CPU
		{F03D2DD6-BBDA-45B9-982E-4DCA43FCB8E1}.Release|iPhone.ActiveCfg = Release|Any CPU
		{F03D2DD6-BBDA-45B9-982E-4DCA43FCB8E1}.Release|iPhone.Build.0 = Release|Any CPU
		{F03D2DD6-BBDA-45B9-982E-4DCA43FCB8E1}.Release|iPhoneSimulator.ActiveCfg = Release|Any CPU
		{F03D2DD6-BBDA-45B9-982E-4DCA43FCB8E1}.Release|iPhoneSimulator.Build.0 = Release|Any CPU
		{F03D2DD6-BBDA-45B9-982E-4DCA43FCB8E1}.Release|x64.ActiveCfg = Release|Any CPU
		{F03D2DD6-BBDA-45B9-982E-4DCA43FCB8E1}.Release|x64.Build.0 = Release|Any CPU
		{F03D2DD6-BBDA-45B9-982E-4DCA43FCB8E1}.Release|x86.ActiveCfg = Release|Any CPU
		{F03D2DD6-BBDA-45B9-982E-4DCA43FCB8E1}.Release|x86.Build.0 = Release|Any CPU
		{8F0CC2B2-88E2-459B-AC92-F3A74071707E}.Ad-Hoc|Any CPU.ActiveCfg = Release|Any CPU
		{8F0CC2B2-88E2-459B-AC92-F3A74071707E}.Ad-Hoc|Any CPU.Build.0 = Release|Any CPU
		{8F0CC2B2-88E2-459B-AC92-F3A74071707E}.Ad-Hoc|ARM.ActiveCfg = Debug|Any CPU
		{8F0CC2B2-88E2-459B-AC92-F3A74071707E}.Ad-Hoc|ARM.Build.0 = Debug|Any CPU
		{8F0CC2B2-88E2-459B-AC92-F3A74071707E}.Ad-Hoc|iPhone.ActiveCfg = Release|Any CPU
		{8F0CC2B2-88E2-459B-AC92-F3A74071707E}.Ad-Hoc|iPhone.Build.0 = Release|Any CPU
		{8F0CC2B2-88E2-459B-AC92-F3A74071707E}.Ad-Hoc|iPhoneSimulator.ActiveCfg = Release|Any CPU
		{8F0CC2B2-88E2-459B-AC92-F3A74071707E}.Ad-Hoc|iPhoneSimulator.Build.0 = Release|Any CPU
		{8F0CC2B2-88E2-459B-AC92-F3A74071707E}.Ad-Hoc|x64.ActiveCfg = Debug|Any CPU
		{8F0CC2B2-88E2-459B-AC92-F3A74071707E}.Ad-Hoc|x64.Build.0 = Debug|Any CPU
		{8F0CC2B2-88E2-459B-AC92-F3A74071707E}.Ad-Hoc|x86.ActiveCfg = Debug|Any CPU
		{8F0CC2B2-88E2-459B-AC92-F3A74071707E}.Ad-Hoc|x86.Build.0 = Debug|Any CPU
		{8F0CC2B2-88E2-459B-AC92-F3A74071707E}.AppStore|Any CPU.ActiveCfg = Release|Any CPU
		{8F0CC2B2-88E2-459B-AC92-F3A74071707E}.AppStore|Any CPU.Build.0 = Release|Any CPU
		{8F0CC2B2-88E2-459B-AC92-F3A74071707E}.AppStore|ARM.ActiveCfg = Debug|Any CPU
		{8F0CC2B2-88E2-459B-AC92-F3A74071707E}.AppStore|ARM.Build.0 = Debug|Any CPU
		{8F0CC2B2-88E2-459B-AC92-F3A74071707E}.AppStore|iPhone.ActiveCfg = Release|Any CPU
		{8F0CC2B2-88E2-459B-AC92-F3A74071707E}.AppStore|iPhone.Build.0 = Release|Any CPU
		{8F0CC2B2-88E2-459B-AC92-F3A74071707E}.AppStore|iPhoneSimulator.ActiveCfg = Release|Any CPU
		{8F0CC2B2-88E2-459B-AC92-F3A74071707E}.AppStore|iPhoneSimulator.Build.0 = Release|Any CPU
		{8F0CC2B2-88E2-459B-AC92-F3A74071707E}.AppStore|x64.ActiveCfg = Debug|Any CPU
		{8F0CC2B2-88E2-459B-AC92-F3A74071707E}.AppStore|x64.Build.0 = Debug|Any CPU
		{8F0CC2B2-88E2-459B-AC92-F3A74071707E}.AppStore|x86.ActiveCfg = Debug|Any CPU
		{8F0CC2B2-88E2-459B-AC92-F3A74071707E}.AppStore|x86.Build.0 = Debug|Any CPU
		{8F0CC2B2-88E2-459B-AC92-F3A74071707E}.Debug|Any CPU.ActiveCfg = Debug|Any CPU
		{8F0CC2B2-88E2-459B-AC92-F3A74071707E}.Debug|Any CPU.Build.0 = Debug|Any CPU
		{8F0CC2B2-88E2-459B-AC92-F3A74071707E}.Debug|ARM.ActiveCfg = Debug|Any CPU
		{8F0CC2B2-88E2-459B-AC92-F3A74071707E}.Debug|ARM.Build.0 = Debug|Any CPU
		{8F0CC2B2-88E2-459B-AC92-F3A74071707E}.Debug|iPhone.ActiveCfg = Debug|Any CPU
		{8F0CC2B2-88E2-459B-AC92-F3A74071707E}.Debug|iPhone.Build.0 = Debug|Any CPU
		{8F0CC2B2-88E2-459B-AC92-F3A74071707E}.Debug|iPhoneSimulator.ActiveCfg = Debug|Any CPU
		{8F0CC2B2-88E2-459B-AC92-F3A74071707E}.Debug|iPhoneSimulator.Build.0 = Debug|Any CPU
		{8F0CC2B2-88E2-459B-AC92-F3A74071707E}.Debug|x64.ActiveCfg = Debug|Any CPU
		{8F0CC2B2-88E2-459B-AC92-F3A74071707E}.Debug|x64.Build.0 = Debug|Any CPU
		{8F0CC2B2-88E2-459B-AC92-F3A74071707E}.Debug|x86.ActiveCfg = Debug|Any CPU
		{8F0CC2B2-88E2-459B-AC92-F3A74071707E}.Debug|x86.Build.0 = Debug|Any CPU
		{8F0CC2B2-88E2-459B-AC92-F3A74071707E}.Release|Any CPU.ActiveCfg = Release|Any CPU
		{8F0CC2B2-88E2-459B-AC92-F3A74071707E}.Release|Any CPU.Build.0 = Release|Any CPU
		{8F0CC2B2-88E2-459B-AC92-F3A74071707E}.Release|ARM.ActiveCfg = Release|Any CPU
		{8F0CC2B2-88E2-459B-AC92-F3A74071707E}.Release|ARM.Build.0 = Release|Any CPU
		{8F0CC2B2-88E2-459B-AC92-F3A74071707E}.Release|iPhone.ActiveCfg = Release|Any CPU
		{8F0CC2B2-88E2-459B-AC92-F3A74071707E}.Release|iPhone.Build.0 = Release|Any CPU
		{8F0CC2B2-88E2-459B-AC92-F3A74071707E}.Release|iPhoneSimulator.ActiveCfg = Release|Any CPU
		{8F0CC2B2-88E2-459B-AC92-F3A74071707E}.Release|iPhoneSimulator.Build.0 = Release|Any CPU
		{8F0CC2B2-88E2-459B-AC92-F3A74071707E}.Release|x64.ActiveCfg = Release|Any CPU
		{8F0CC2B2-88E2-459B-AC92-F3A74071707E}.Release|x64.Build.0 = Release|Any CPU
		{8F0CC2B2-88E2-459B-AC92-F3A74071707E}.Release|x86.ActiveCfg = Release|Any CPU
		{8F0CC2B2-88E2-459B-AC92-F3A74071707E}.Release|x86.Build.0 = Release|Any CPU
		{284C8E3C-3352-41AF-8A5A-AC2CFD918737}.Ad-Hoc|Any CPU.ActiveCfg = Release|Any CPU
		{284C8E3C-3352-41AF-8A5A-AC2CFD918737}.Ad-Hoc|Any CPU.Build.0 = Release|Any CPU
		{284C8E3C-3352-41AF-8A5A-AC2CFD918737}.Ad-Hoc|ARM.ActiveCfg = Release|Any CPU
		{284C8E3C-3352-41AF-8A5A-AC2CFD918737}.Ad-Hoc|ARM.Build.0 = Release|Any CPU
		{284C8E3C-3352-41AF-8A5A-AC2CFD918737}.Ad-Hoc|iPhone.ActiveCfg = Release|Any CPU
		{284C8E3C-3352-41AF-8A5A-AC2CFD918737}.Ad-Hoc|iPhone.Build.0 = Release|Any CPU
		{284C8E3C-3352-41AF-8A5A-AC2CFD918737}.Ad-Hoc|iPhoneSimulator.ActiveCfg = Release|Any CPU
		{284C8E3C-3352-41AF-8A5A-AC2CFD918737}.Ad-Hoc|iPhoneSimulator.Build.0 = Release|Any CPU
		{284C8E3C-3352-41AF-8A5A-AC2CFD918737}.Ad-Hoc|x64.ActiveCfg = Release|Any CPU
		{284C8E3C-3352-41AF-8A5A-AC2CFD918737}.Ad-Hoc|x64.Build.0 = Release|Any CPU
		{284C8E3C-3352-41AF-8A5A-AC2CFD918737}.Ad-Hoc|x86.ActiveCfg = Release|Any CPU
		{284C8E3C-3352-41AF-8A5A-AC2CFD918737}.Ad-Hoc|x86.Build.0 = Release|Any CPU
		{284C8E3C-3352-41AF-8A5A-AC2CFD918737}.AppStore|Any CPU.ActiveCfg = Release|Any CPU
		{284C8E3C-3352-41AF-8A5A-AC2CFD918737}.AppStore|Any CPU.Build.0 = Release|Any CPU
		{284C8E3C-3352-41AF-8A5A-AC2CFD918737}.AppStore|ARM.ActiveCfg = Release|Any CPU
		{284C8E3C-3352-41AF-8A5A-AC2CFD918737}.AppStore|ARM.Build.0 = Release|Any CPU
		{284C8E3C-3352-41AF-8A5A-AC2CFD918737}.AppStore|iPhone.ActiveCfg = Release|Any CPU
		{284C8E3C-3352-41AF-8A5A-AC2CFD918737}.AppStore|iPhone.Build.0 = Release|Any CPU
		{284C8E3C-3352-41AF-8A5A-AC2CFD918737}.AppStore|iPhoneSimulator.ActiveCfg = Release|Any CPU
		{284C8E3C-3352-41AF-8A5A-AC2CFD918737}.AppStore|iPhoneSimulator.Build.0 = Release|Any CPU
		{284C8E3C-3352-41AF-8A5A-AC2CFD918737}.AppStore|x64.ActiveCfg = Release|Any CPU
		{284C8E3C-3352-41AF-8A5A-AC2CFD918737}.AppStore|x64.Build.0 = Release|Any CPU
		{284C8E3C-3352-41AF-8A5A-AC2CFD918737}.AppStore|x86.ActiveCfg = Release|Any CPU
		{284C8E3C-3352-41AF-8A5A-AC2CFD918737}.AppStore|x86.Build.0 = Release|Any CPU
		{284C8E3C-3352-41AF-8A5A-AC2CFD918737}.Debug|Any CPU.ActiveCfg = Debug|Any CPU
		{284C8E3C-3352-41AF-8A5A-AC2CFD918737}.Debug|Any CPU.Build.0 = Debug|Any CPU
		{284C8E3C-3352-41AF-8A5A-AC2CFD918737}.Debug|ARM.ActiveCfg = Debug|Any CPU
		{284C8E3C-3352-41AF-8A5A-AC2CFD918737}.Debug|ARM.Build.0 = Debug|Any CPU
		{284C8E3C-3352-41AF-8A5A-AC2CFD918737}.Debug|iPhone.ActiveCfg = Debug|Any CPU
		{284C8E3C-3352-41AF-8A5A-AC2CFD918737}.Debug|iPhone.Build.0 = Debug|Any CPU
		{284C8E3C-3352-41AF-8A5A-AC2CFD918737}.Debug|iPhoneSimulator.ActiveCfg = Debug|Any CPU
		{284C8E3C-3352-41AF-8A5A-AC2CFD918737}.Debug|iPhoneSimulator.Build.0 = Debug|Any CPU
		{284C8E3C-3352-41AF-8A5A-AC2CFD918737}.Debug|x64.ActiveCfg = Debug|Any CPU
		{284C8E3C-3352-41AF-8A5A-AC2CFD918737}.Debug|x64.Build.0 = Debug|Any CPU
		{284C8E3C-3352-41AF-8A5A-AC2CFD918737}.Debug|x86.ActiveCfg = Debug|Any CPU
		{284C8E3C-3352-41AF-8A5A-AC2CFD918737}.Debug|x86.Build.0 = Debug|Any CPU
		{284C8E3C-3352-41AF-8A5A-AC2CFD918737}.Release|Any CPU.ActiveCfg = Release|Any CPU
		{284C8E3C-3352-41AF-8A5A-AC2CFD918737}.Release|Any CPU.Build.0 = Release|Any CPU
		{284C8E3C-3352-41AF-8A5A-AC2CFD918737}.Release|ARM.ActiveCfg = Release|Any CPU
		{284C8E3C-3352-41AF-8A5A-AC2CFD918737}.Release|ARM.Build.0 = Release|Any CPU
		{284C8E3C-3352-41AF-8A5A-AC2CFD918737}.Release|iPhone.ActiveCfg = Release|Any CPU
		{284C8E3C-3352-41AF-8A5A-AC2CFD918737}.Release|iPhone.Build.0 = Release|Any CPU
		{284C8E3C-3352-41AF-8A5A-AC2CFD918737}.Release|iPhoneSimulator.ActiveCfg = Release|Any CPU
		{284C8E3C-3352-41AF-8A5A-AC2CFD918737}.Release|iPhoneSimulator.Build.0 = Release|Any CPU
		{284C8E3C-3352-41AF-8A5A-AC2CFD918737}.Release|x64.ActiveCfg = Release|Any CPU
		{284C8E3C-3352-41AF-8A5A-AC2CFD918737}.Release|x64.Build.0 = Release|Any CPU
		{284C8E3C-3352-41AF-8A5A-AC2CFD918737}.Release|x86.ActiveCfg = Release|Any CPU
		{284C8E3C-3352-41AF-8A5A-AC2CFD918737}.Release|x86.Build.0 = Release|Any CPU
		{8573D258-4149-4ED8-B8DF-15780B32DDB8}.Ad-Hoc|Any CPU.ActiveCfg = Debug|Any CPU
		{8573D258-4149-4ED8-B8DF-15780B32DDB8}.Ad-Hoc|Any CPU.Build.0 = Debug|Any CPU
		{8573D258-4149-4ED8-B8DF-15780B32DDB8}.Ad-Hoc|ARM.ActiveCfg = Debug|Any CPU
		{8573D258-4149-4ED8-B8DF-15780B32DDB8}.Ad-Hoc|ARM.Build.0 = Debug|Any CPU
		{8573D258-4149-4ED8-B8DF-15780B32DDB8}.Ad-Hoc|iPhone.ActiveCfg = Debug|Any CPU
		{8573D258-4149-4ED8-B8DF-15780B32DDB8}.Ad-Hoc|iPhone.Build.0 = Debug|Any CPU
		{8573D258-4149-4ED8-B8DF-15780B32DDB8}.Ad-Hoc|iPhoneSimulator.ActiveCfg = Debug|Any CPU
		{8573D258-4149-4ED8-B8DF-15780B32DDB8}.Ad-Hoc|iPhoneSimulator.Build.0 = Debug|Any CPU
		{8573D258-4149-4ED8-B8DF-15780B32DDB8}.Ad-Hoc|x64.ActiveCfg = Debug|Any CPU
		{8573D258-4149-4ED8-B8DF-15780B32DDB8}.Ad-Hoc|x64.Build.0 = Debug|Any CPU
		{8573D258-4149-4ED8-B8DF-15780B32DDB8}.Ad-Hoc|x86.ActiveCfg = Debug|Any CPU
		{8573D258-4149-4ED8-B8DF-15780B32DDB8}.Ad-Hoc|x86.Build.0 = Debug|Any CPU
		{8573D258-4149-4ED8-B8DF-15780B32DDB8}.AppStore|Any CPU.ActiveCfg = Debug|Any CPU
		{8573D258-4149-4ED8-B8DF-15780B32DDB8}.AppStore|Any CPU.Build.0 = Debug|Any CPU
		{8573D258-4149-4ED8-B8DF-15780B32DDB8}.AppStore|ARM.ActiveCfg = Debug|Any CPU
		{8573D258-4149-4ED8-B8DF-15780B32DDB8}.AppStore|ARM.Build.0 = Debug|Any CPU
		{8573D258-4149-4ED8-B8DF-15780B32DDB8}.AppStore|iPhone.ActiveCfg = Debug|Any CPU
		{8573D258-4149-4ED8-B8DF-15780B32DDB8}.AppStore|iPhone.Build.0 = Debug|Any CPU
		{8573D258-4149-4ED8-B8DF-15780B32DDB8}.AppStore|iPhoneSimulator.ActiveCfg = Debug|Any CPU
		{8573D258-4149-4ED8-B8DF-15780B32DDB8}.AppStore|iPhoneSimulator.Build.0 = Debug|Any CPU
		{8573D258-4149-4ED8-B8DF-15780B32DDB8}.AppStore|x64.ActiveCfg = Debug|Any CPU
		{8573D258-4149-4ED8-B8DF-15780B32DDB8}.AppStore|x64.Build.0 = Debug|Any CPU
		{8573D258-4149-4ED8-B8DF-15780B32DDB8}.AppStore|x86.ActiveCfg = Debug|Any CPU
		{8573D258-4149-4ED8-B8DF-15780B32DDB8}.AppStore|x86.Build.0 = Debug|Any CPU
		{8573D258-4149-4ED8-B8DF-15780B32DDB8}.Debug|Any CPU.ActiveCfg = Debug|Any CPU
		{8573D258-4149-4ED8-B8DF-15780B32DDB8}.Debug|Any CPU.Build.0 = Debug|Any CPU
		{8573D258-4149-4ED8-B8DF-15780B32DDB8}.Debug|ARM.ActiveCfg = Debug|Any CPU
		{8573D258-4149-4ED8-B8DF-15780B32DDB8}.Debug|ARM.Build.0 = Debug|Any CPU
		{8573D258-4149-4ED8-B8DF-15780B32DDB8}.Debug|iPhone.ActiveCfg = Debug|Any CPU
		{8573D258-4149-4ED8-B8DF-15780B32DDB8}.Debug|iPhone.Build.0 = Debug|Any CPU
		{8573D258-4149-4ED8-B8DF-15780B32DDB8}.Debug|iPhoneSimulator.ActiveCfg = Debug|Any CPU
		{8573D258-4149-4ED8-B8DF-15780B32DDB8}.Debug|iPhoneSimulator.Build.0 = Debug|Any CPU
		{8573D258-4149-4ED8-B8DF-15780B32DDB8}.Debug|x64.ActiveCfg = Debug|Any CPU
		{8573D258-4149-4ED8-B8DF-15780B32DDB8}.Debug|x64.Build.0 = Debug|Any CPU
		{8573D258-4149-4ED8-B8DF-15780B32DDB8}.Debug|x86.ActiveCfg = Debug|Any CPU
		{8573D258-4149-4ED8-B8DF-15780B32DDB8}.Debug|x86.Build.0 = Debug|Any CPU
		{8573D258-4149-4ED8-B8DF-15780B32DDB8}.Release|Any CPU.ActiveCfg = Release|Any CPU
		{8573D258-4149-4ED8-B8DF-15780B32DDB8}.Release|Any CPU.Build.0 = Release|Any CPU
		{8573D258-4149-4ED8-B8DF-15780B32DDB8}.Release|ARM.ActiveCfg = Release|Any CPU
		{8573D258-4149-4ED8-B8DF-15780B32DDB8}.Release|ARM.Build.0 = Release|Any CPU
		{8573D258-4149-4ED8-B8DF-15780B32DDB8}.Release|iPhone.ActiveCfg = Release|Any CPU
		{8573D258-4149-4ED8-B8DF-15780B32DDB8}.Release|iPhone.Build.0 = Release|Any CPU
		{8573D258-4149-4ED8-B8DF-15780B32DDB8}.Release|iPhoneSimulator.ActiveCfg = Release|Any CPU
		{8573D258-4149-4ED8-B8DF-15780B32DDB8}.Release|iPhoneSimulator.Build.0 = Release|Any CPU
		{8573D258-4149-4ED8-B8DF-15780B32DDB8}.Release|x64.ActiveCfg = Release|Any CPU
		{8573D258-4149-4ED8-B8DF-15780B32DDB8}.Release|x64.Build.0 = Release|Any CPU
		{8573D258-4149-4ED8-B8DF-15780B32DDB8}.Release|x86.ActiveCfg = Release|Any CPU
		{8573D258-4149-4ED8-B8DF-15780B32DDB8}.Release|x86.Build.0 = Release|Any CPU
		{1BE63C0C-7914-4832-97F6-3289089BB98C}.Ad-Hoc|Any CPU.ActiveCfg = Debug|Any CPU
		{1BE63C0C-7914-4832-97F6-3289089BB98C}.Ad-Hoc|Any CPU.Build.0 = Debug|Any CPU
		{1BE63C0C-7914-4832-97F6-3289089BB98C}.Ad-Hoc|Any CPU.Deploy.0 = Debug|Any CPU
		{1BE63C0C-7914-4832-97F6-3289089BB98C}.Ad-Hoc|ARM.ActiveCfg = Debug|Any CPU
		{1BE63C0C-7914-4832-97F6-3289089BB98C}.Ad-Hoc|ARM.Build.0 = Debug|Any CPU
		{1BE63C0C-7914-4832-97F6-3289089BB98C}.Ad-Hoc|ARM.Deploy.0 = Debug|Any CPU
		{1BE63C0C-7914-4832-97F6-3289089BB98C}.Ad-Hoc|iPhone.ActiveCfg = Debug|Any CPU
		{1BE63C0C-7914-4832-97F6-3289089BB98C}.Ad-Hoc|iPhone.Build.0 = Debug|Any CPU
		{1BE63C0C-7914-4832-97F6-3289089BB98C}.Ad-Hoc|iPhone.Deploy.0 = Debug|Any CPU
		{1BE63C0C-7914-4832-97F6-3289089BB98C}.Ad-Hoc|iPhoneSimulator.ActiveCfg = Debug|Any CPU
		{1BE63C0C-7914-4832-97F6-3289089BB98C}.Ad-Hoc|iPhoneSimulator.Build.0 = Debug|Any CPU
		{1BE63C0C-7914-4832-97F6-3289089BB98C}.Ad-Hoc|iPhoneSimulator.Deploy.0 = Debug|Any CPU
		{1BE63C0C-7914-4832-97F6-3289089BB98C}.Ad-Hoc|x64.ActiveCfg = Debug|Any CPU
		{1BE63C0C-7914-4832-97F6-3289089BB98C}.Ad-Hoc|x64.Build.0 = Debug|Any CPU
		{1BE63C0C-7914-4832-97F6-3289089BB98C}.Ad-Hoc|x64.Deploy.0 = Debug|Any CPU
		{1BE63C0C-7914-4832-97F6-3289089BB98C}.Ad-Hoc|x86.ActiveCfg = Debug|Any CPU
		{1BE63C0C-7914-4832-97F6-3289089BB98C}.Ad-Hoc|x86.Build.0 = Debug|Any CPU
		{1BE63C0C-7914-4832-97F6-3289089BB98C}.Ad-Hoc|x86.Deploy.0 = Debug|Any CPU
		{1BE63C0C-7914-4832-97F6-3289089BB98C}.AppStore|Any CPU.ActiveCfg = Debug|Any CPU
		{1BE63C0C-7914-4832-97F6-3289089BB98C}.AppStore|Any CPU.Build.0 = Debug|Any CPU
		{1BE63C0C-7914-4832-97F6-3289089BB98C}.AppStore|Any CPU.Deploy.0 = Debug|Any CPU
		{1BE63C0C-7914-4832-97F6-3289089BB98C}.AppStore|ARM.ActiveCfg = Debug|Any CPU
		{1BE63C0C-7914-4832-97F6-3289089BB98C}.AppStore|ARM.Build.0 = Debug|Any CPU
		{1BE63C0C-7914-4832-97F6-3289089BB98C}.AppStore|ARM.Deploy.0 = Debug|Any CPU
		{1BE63C0C-7914-4832-97F6-3289089BB98C}.AppStore|iPhone.ActiveCfg = Debug|Any CPU
		{1BE63C0C-7914-4832-97F6-3289089BB98C}.AppStore|iPhone.Build.0 = Debug|Any CPU
		{1BE63C0C-7914-4832-97F6-3289089BB98C}.AppStore|iPhone.Deploy.0 = Debug|Any CPU
		{1BE63C0C-7914-4832-97F6-3289089BB98C}.AppStore|iPhoneSimulator.ActiveCfg = Debug|Any CPU
		{1BE63C0C-7914-4832-97F6-3289089BB98C}.AppStore|iPhoneSimulator.Build.0 = Debug|Any CPU
		{1BE63C0C-7914-4832-97F6-3289089BB98C}.AppStore|iPhoneSimulator.Deploy.0 = Debug|Any CPU
		{1BE63C0C-7914-4832-97F6-3289089BB98C}.AppStore|x64.ActiveCfg = Debug|Any CPU
		{1BE63C0C-7914-4832-97F6-3289089BB98C}.AppStore|x64.Build.0 = Debug|Any CPU
		{1BE63C0C-7914-4832-97F6-3289089BB98C}.AppStore|x64.Deploy.0 = Debug|Any CPU
		{1BE63C0C-7914-4832-97F6-3289089BB98C}.AppStore|x86.ActiveCfg = Debug|Any CPU
		{1BE63C0C-7914-4832-97F6-3289089BB98C}.AppStore|x86.Build.0 = Debug|Any CPU
		{1BE63C0C-7914-4832-97F6-3289089BB98C}.AppStore|x86.Deploy.0 = Debug|Any CPU
		{1BE63C0C-7914-4832-97F6-3289089BB98C}.Debug|Any CPU.ActiveCfg = Debug|Any CPU
		{1BE63C0C-7914-4832-97F6-3289089BB98C}.Debug|Any CPU.Build.0 = Debug|Any CPU
		{1BE63C0C-7914-4832-97F6-3289089BB98C}.Debug|Any CPU.Deploy.0 = Debug|Any CPU
		{1BE63C0C-7914-4832-97F6-3289089BB98C}.Debug|ARM.ActiveCfg = Debug|Any CPU
		{1BE63C0C-7914-4832-97F6-3289089BB98C}.Debug|ARM.Build.0 = Debug|Any CPU
		{1BE63C0C-7914-4832-97F6-3289089BB98C}.Debug|ARM.Deploy.0 = Debug|Any CPU
		{1BE63C0C-7914-4832-97F6-3289089BB98C}.Debug|iPhone.ActiveCfg = Debug|Any CPU
		{1BE63C0C-7914-4832-97F6-3289089BB98C}.Debug|iPhone.Build.0 = Debug|Any CPU
		{1BE63C0C-7914-4832-97F6-3289089BB98C}.Debug|iPhone.Deploy.0 = Debug|Any CPU
		{1BE63C0C-7914-4832-97F6-3289089BB98C}.Debug|iPhoneSimulator.ActiveCfg = Debug|Any CPU
		{1BE63C0C-7914-4832-97F6-3289089BB98C}.Debug|iPhoneSimulator.Build.0 = Debug|Any CPU
		{1BE63C0C-7914-4832-97F6-3289089BB98C}.Debug|iPhoneSimulator.Deploy.0 = Debug|Any CPU
		{1BE63C0C-7914-4832-97F6-3289089BB98C}.Debug|x64.ActiveCfg = Debug|Any CPU
		{1BE63C0C-7914-4832-97F6-3289089BB98C}.Debug|x64.Build.0 = Debug|Any CPU
		{1BE63C0C-7914-4832-97F6-3289089BB98C}.Debug|x64.Deploy.0 = Debug|Any CPU
		{1BE63C0C-7914-4832-97F6-3289089BB98C}.Debug|x86.ActiveCfg = Debug|Any CPU
		{1BE63C0C-7914-4832-97F6-3289089BB98C}.Debug|x86.Build.0 = Debug|Any CPU
		{1BE63C0C-7914-4832-97F6-3289089BB98C}.Debug|x86.Deploy.0 = Debug|Any CPU
		{1BE63C0C-7914-4832-97F6-3289089BB98C}.Release|Any CPU.ActiveCfg = Release|Any CPU
		{1BE63C0C-7914-4832-97F6-3289089BB98C}.Release|ARM.ActiveCfg = Release|Any CPU
		{1BE63C0C-7914-4832-97F6-3289089BB98C}.Release|ARM.Build.0 = Release|Any CPU
		{1BE63C0C-7914-4832-97F6-3289089BB98C}.Release|ARM.Deploy.0 = Release|Any CPU
		{1BE63C0C-7914-4832-97F6-3289089BB98C}.Release|iPhone.ActiveCfg = Release|Any CPU
		{1BE63C0C-7914-4832-97F6-3289089BB98C}.Release|iPhone.Build.0 = Release|Any CPU
		{1BE63C0C-7914-4832-97F6-3289089BB98C}.Release|iPhone.Deploy.0 = Release|Any CPU
		{1BE63C0C-7914-4832-97F6-3289089BB98C}.Release|iPhoneSimulator.ActiveCfg = Release|Any CPU
		{1BE63C0C-7914-4832-97F6-3289089BB98C}.Release|iPhoneSimulator.Build.0 = Release|Any CPU
		{1BE63C0C-7914-4832-97F6-3289089BB98C}.Release|iPhoneSimulator.Deploy.0 = Release|Any CPU
		{1BE63C0C-7914-4832-97F6-3289089BB98C}.Release|x64.ActiveCfg = Release|Any CPU
		{1BE63C0C-7914-4832-97F6-3289089BB98C}.Release|x64.Build.0 = Release|Any CPU
		{1BE63C0C-7914-4832-97F6-3289089BB98C}.Release|x64.Deploy.0 = Release|Any CPU
		{1BE63C0C-7914-4832-97F6-3289089BB98C}.Release|x86.ActiveCfg = Release|Any CPU
		{1BE63C0C-7914-4832-97F6-3289089BB98C}.Release|x86.Build.0 = Release|Any CPU
		{1BE63C0C-7914-4832-97F6-3289089BB98C}.Release|x86.Deploy.0 = Release|Any CPU
		{6920BAFF-A1AE-4E3F-A462-C91599817C59}.Ad-Hoc|Any CPU.ActiveCfg = Debug|Any CPU
		{6920BAFF-A1AE-4E3F-A462-C91599817C59}.Ad-Hoc|Any CPU.Build.0 = Debug|Any CPU
		{6920BAFF-A1AE-4E3F-A462-C91599817C59}.Ad-Hoc|ARM.ActiveCfg = Debug|Any CPU
		{6920BAFF-A1AE-4E3F-A462-C91599817C59}.Ad-Hoc|ARM.Build.0 = Debug|Any CPU
		{6920BAFF-A1AE-4E3F-A462-C91599817C59}.Ad-Hoc|iPhone.ActiveCfg = Debug|Any CPU
		{6920BAFF-A1AE-4E3F-A462-C91599817C59}.Ad-Hoc|iPhone.Build.0 = Debug|Any CPU
		{6920BAFF-A1AE-4E3F-A462-C91599817C59}.Ad-Hoc|iPhoneSimulator.ActiveCfg = Debug|Any CPU
		{6920BAFF-A1AE-4E3F-A462-C91599817C59}.Ad-Hoc|iPhoneSimulator.Build.0 = Debug|Any CPU
		{6920BAFF-A1AE-4E3F-A462-C91599817C59}.Ad-Hoc|x64.ActiveCfg = Debug|Any CPU
		{6920BAFF-A1AE-4E3F-A462-C91599817C59}.Ad-Hoc|x64.Build.0 = Debug|Any CPU
		{6920BAFF-A1AE-4E3F-A462-C91599817C59}.Ad-Hoc|x86.ActiveCfg = Debug|Any CPU
		{6920BAFF-A1AE-4E3F-A462-C91599817C59}.Ad-Hoc|x86.Build.0 = Debug|Any CPU
		{6920BAFF-A1AE-4E3F-A462-C91599817C59}.AppStore|Any CPU.ActiveCfg = Debug|Any CPU
		{6920BAFF-A1AE-4E3F-A462-C91599817C59}.AppStore|Any CPU.Build.0 = Debug|Any CPU
		{6920BAFF-A1AE-4E3F-A462-C91599817C59}.AppStore|ARM.ActiveCfg = Debug|Any CPU
		{6920BAFF-A1AE-4E3F-A462-C91599817C59}.AppStore|ARM.Build.0 = Debug|Any CPU
		{6920BAFF-A1AE-4E3F-A462-C91599817C59}.AppStore|iPhone.ActiveCfg = Debug|Any CPU
		{6920BAFF-A1AE-4E3F-A462-C91599817C59}.AppStore|iPhone.Build.0 = Debug|Any CPU
		{6920BAFF-A1AE-4E3F-A462-C91599817C59}.AppStore|iPhoneSimulator.ActiveCfg = Debug|Any CPU
		{6920BAFF-A1AE-4E3F-A462-C91599817C59}.AppStore|iPhoneSimulator.Build.0 = Debug|Any CPU
		{6920BAFF-A1AE-4E3F-A462-C91599817C59}.AppStore|x64.ActiveCfg = Debug|Any CPU
		{6920BAFF-A1AE-4E3F-A462-C91599817C59}.AppStore|x64.Build.0 = Debug|Any CPU
		{6920BAFF-A1AE-4E3F-A462-C91599817C59}.AppStore|x86.ActiveCfg = Debug|Any CPU
		{6920BAFF-A1AE-4E3F-A462-C91599817C59}.AppStore|x86.Build.0 = Debug|Any CPU
		{6920BAFF-A1AE-4E3F-A462-C91599817C59}.Debug|Any CPU.ActiveCfg = Debug|Any CPU
		{6920BAFF-A1AE-4E3F-A462-C91599817C59}.Debug|Any CPU.Build.0 = Debug|Any CPU
		{6920BAFF-A1AE-4E3F-A462-C91599817C59}.Debug|ARM.ActiveCfg = Debug|Any CPU
		{6920BAFF-A1AE-4E3F-A462-C91599817C59}.Debug|ARM.Build.0 = Debug|Any CPU
		{6920BAFF-A1AE-4E3F-A462-C91599817C59}.Debug|iPhone.ActiveCfg = Debug|Any CPU
		{6920BAFF-A1AE-4E3F-A462-C91599817C59}.Debug|iPhone.Build.0 = Debug|Any CPU
		{6920BAFF-A1AE-4E3F-A462-C91599817C59}.Debug|iPhoneSimulator.ActiveCfg = Debug|Any CPU
		{6920BAFF-A1AE-4E3F-A462-C91599817C59}.Debug|iPhoneSimulator.Build.0 = Debug|Any CPU
		{6920BAFF-A1AE-4E3F-A462-C91599817C59}.Debug|x64.ActiveCfg = Debug|Any CPU
		{6920BAFF-A1AE-4E3F-A462-C91599817C59}.Debug|x64.Build.0 = Debug|Any CPU
		{6920BAFF-A1AE-4E3F-A462-C91599817C59}.Debug|x86.ActiveCfg = Debug|Any CPU
		{6920BAFF-A1AE-4E3F-A462-C91599817C59}.Debug|x86.Build.0 = Debug|Any CPU
		{6920BAFF-A1AE-4E3F-A462-C91599817C59}.Release|Any CPU.ActiveCfg = Release|Any CPU
		{6920BAFF-A1AE-4E3F-A462-C91599817C59}.Release|ARM.ActiveCfg = Release|Any CPU
		{6920BAFF-A1AE-4E3F-A462-C91599817C59}.Release|ARM.Build.0 = Release|Any CPU
		{6920BAFF-A1AE-4E3F-A462-C91599817C59}.Release|iPhone.ActiveCfg = Release|Any CPU
		{6920BAFF-A1AE-4E3F-A462-C91599817C59}.Release|iPhone.Build.0 = Release|Any CPU
		{6920BAFF-A1AE-4E3F-A462-C91599817C59}.Release|iPhoneSimulator.ActiveCfg = Release|Any CPU
		{6920BAFF-A1AE-4E3F-A462-C91599817C59}.Release|iPhoneSimulator.Build.0 = Release|Any CPU
		{6920BAFF-A1AE-4E3F-A462-C91599817C59}.Release|x64.ActiveCfg = Release|Any CPU
		{6920BAFF-A1AE-4E3F-A462-C91599817C59}.Release|x64.Build.0 = Release|Any CPU
		{6920BAFF-A1AE-4E3F-A462-C91599817C59}.Release|x86.ActiveCfg = Release|Any CPU
		{6920BAFF-A1AE-4E3F-A462-C91599817C59}.Release|x86.Build.0 = Release|Any CPU
		{10F04E40-A357-40C7-9DB5-01640CECA6BC}.Ad-Hoc|Any CPU.ActiveCfg = Release|Any CPU
		{10F04E40-A357-40C7-9DB5-01640CECA6BC}.Ad-Hoc|Any CPU.Build.0 = Release|Any CPU
		{10F04E40-A357-40C7-9DB5-01640CECA6BC}.Ad-Hoc|Any CPU.Deploy.0 = Release|Any CPU
		{10F04E40-A357-40C7-9DB5-01640CECA6BC}.Ad-Hoc|ARM.ActiveCfg = Release|Any CPU
		{10F04E40-A357-40C7-9DB5-01640CECA6BC}.Ad-Hoc|ARM.Build.0 = Release|Any CPU
		{10F04E40-A357-40C7-9DB5-01640CECA6BC}.Ad-Hoc|ARM.Deploy.0 = Release|Any CPU
		{10F04E40-A357-40C7-9DB5-01640CECA6BC}.Ad-Hoc|iPhone.ActiveCfg = Release|Any CPU
		{10F04E40-A357-40C7-9DB5-01640CECA6BC}.Ad-Hoc|iPhone.Build.0 = Release|Any CPU
		{10F04E40-A357-40C7-9DB5-01640CECA6BC}.Ad-Hoc|iPhone.Deploy.0 = Release|Any CPU
		{10F04E40-A357-40C7-9DB5-01640CECA6BC}.Ad-Hoc|iPhoneSimulator.ActiveCfg = Release|Any CPU
		{10F04E40-A357-40C7-9DB5-01640CECA6BC}.Ad-Hoc|iPhoneSimulator.Build.0 = Release|Any CPU
		{10F04E40-A357-40C7-9DB5-01640CECA6BC}.Ad-Hoc|iPhoneSimulator.Deploy.0 = Release|Any CPU
		{10F04E40-A357-40C7-9DB5-01640CECA6BC}.Ad-Hoc|x64.ActiveCfg = Release|Any CPU
		{10F04E40-A357-40C7-9DB5-01640CECA6BC}.Ad-Hoc|x64.Build.0 = Release|Any CPU
		{10F04E40-A357-40C7-9DB5-01640CECA6BC}.Ad-Hoc|x64.Deploy.0 = Release|Any CPU
		{10F04E40-A357-40C7-9DB5-01640CECA6BC}.Ad-Hoc|x86.ActiveCfg = Release|Any CPU
		{10F04E40-A357-40C7-9DB5-01640CECA6BC}.Ad-Hoc|x86.Build.0 = Release|Any CPU
		{10F04E40-A357-40C7-9DB5-01640CECA6BC}.Ad-Hoc|x86.Deploy.0 = Release|Any CPU
		{10F04E40-A357-40C7-9DB5-01640CECA6BC}.AppStore|Any CPU.ActiveCfg = Release|Any CPU
		{10F04E40-A357-40C7-9DB5-01640CECA6BC}.AppStore|Any CPU.Build.0 = Release|Any CPU
		{10F04E40-A357-40C7-9DB5-01640CECA6BC}.AppStore|Any CPU.Deploy.0 = Release|Any CPU
		{10F04E40-A357-40C7-9DB5-01640CECA6BC}.AppStore|ARM.ActiveCfg = Release|Any CPU
		{10F04E40-A357-40C7-9DB5-01640CECA6BC}.AppStore|ARM.Build.0 = Release|Any CPU
		{10F04E40-A357-40C7-9DB5-01640CECA6BC}.AppStore|ARM.Deploy.0 = Release|Any CPU
		{10F04E40-A357-40C7-9DB5-01640CECA6BC}.AppStore|iPhone.ActiveCfg = Release|Any CPU
		{10F04E40-A357-40C7-9DB5-01640CECA6BC}.AppStore|iPhone.Build.0 = Release|Any CPU
		{10F04E40-A357-40C7-9DB5-01640CECA6BC}.AppStore|iPhone.Deploy.0 = Release|Any CPU
		{10F04E40-A357-40C7-9DB5-01640CECA6BC}.AppStore|iPhoneSimulator.ActiveCfg = Release|Any CPU
		{10F04E40-A357-40C7-9DB5-01640CECA6BC}.AppStore|iPhoneSimulator.Build.0 = Release|Any CPU
		{10F04E40-A357-40C7-9DB5-01640CECA6BC}.AppStore|iPhoneSimulator.Deploy.0 = Release|Any CPU
		{10F04E40-A357-40C7-9DB5-01640CECA6BC}.AppStore|x64.ActiveCfg = Release|Any CPU
		{10F04E40-A357-40C7-9DB5-01640CECA6BC}.AppStore|x64.Build.0 = Release|Any CPU
		{10F04E40-A357-40C7-9DB5-01640CECA6BC}.AppStore|x64.Deploy.0 = Release|Any CPU
		{10F04E40-A357-40C7-9DB5-01640CECA6BC}.AppStore|x86.ActiveCfg = Release|Any CPU
		{10F04E40-A357-40C7-9DB5-01640CECA6BC}.AppStore|x86.Build.0 = Release|Any CPU
		{10F04E40-A357-40C7-9DB5-01640CECA6BC}.AppStore|x86.Deploy.0 = Release|Any CPU
		{10F04E40-A357-40C7-9DB5-01640CECA6BC}.Debug|Any CPU.ActiveCfg = Debug|Any CPU
		{10F04E40-A357-40C7-9DB5-01640CECA6BC}.Debug|Any CPU.Build.0 = Debug|Any CPU
		{10F04E40-A357-40C7-9DB5-01640CECA6BC}.Debug|Any CPU.Deploy.0 = Debug|Any CPU
		{10F04E40-A357-40C7-9DB5-01640CECA6BC}.Debug|ARM.ActiveCfg = Debug|Any CPU
		{10F04E40-A357-40C7-9DB5-01640CECA6BC}.Debug|ARM.Build.0 = Debug|Any CPU
		{10F04E40-A357-40C7-9DB5-01640CECA6BC}.Debug|ARM.Deploy.0 = Debug|Any CPU
		{10F04E40-A357-40C7-9DB5-01640CECA6BC}.Debug|iPhone.ActiveCfg = Debug|Any CPU
		{10F04E40-A357-40C7-9DB5-01640CECA6BC}.Debug|iPhone.Build.0 = Debug|Any CPU
		{10F04E40-A357-40C7-9DB5-01640CECA6BC}.Debug|iPhone.Deploy.0 = Debug|Any CPU
		{10F04E40-A357-40C7-9DB5-01640CECA6BC}.Debug|iPhoneSimulator.ActiveCfg = Debug|Any CPU
		{10F04E40-A357-40C7-9DB5-01640CECA6BC}.Debug|iPhoneSimulator.Build.0 = Debug|Any CPU
		{10F04E40-A357-40C7-9DB5-01640CECA6BC}.Debug|iPhoneSimulator.Deploy.0 = Debug|Any CPU
		{10F04E40-A357-40C7-9DB5-01640CECA6BC}.Debug|x64.ActiveCfg = Debug|Any CPU
		{10F04E40-A357-40C7-9DB5-01640CECA6BC}.Debug|x64.Build.0 = Debug|Any CPU
		{10F04E40-A357-40C7-9DB5-01640CECA6BC}.Debug|x64.Deploy.0 = Debug|Any CPU
		{10F04E40-A357-40C7-9DB5-01640CECA6BC}.Debug|x86.ActiveCfg = Debug|Any CPU
		{10F04E40-A357-40C7-9DB5-01640CECA6BC}.Debug|x86.Build.0 = Debug|Any CPU
		{10F04E40-A357-40C7-9DB5-01640CECA6BC}.Debug|x86.Deploy.0 = Debug|Any CPU
		{10F04E40-A357-40C7-9DB5-01640CECA6BC}.Release|Any CPU.ActiveCfg = Release|Any CPU
		{10F04E40-A357-40C7-9DB5-01640CECA6BC}.Release|ARM.ActiveCfg = Release|Any CPU
		{10F04E40-A357-40C7-9DB5-01640CECA6BC}.Release|ARM.Build.0 = Release|Any CPU
		{10F04E40-A357-40C7-9DB5-01640CECA6BC}.Release|ARM.Deploy.0 = Release|Any CPU
		{10F04E40-A357-40C7-9DB5-01640CECA6BC}.Release|iPhone.ActiveCfg = Release|Any CPU
		{10F04E40-A357-40C7-9DB5-01640CECA6BC}.Release|iPhone.Build.0 = Release|Any CPU
		{10F04E40-A357-40C7-9DB5-01640CECA6BC}.Release|iPhone.Deploy.0 = Release|Any CPU
		{10F04E40-A357-40C7-9DB5-01640CECA6BC}.Release|iPhoneSimulator.ActiveCfg = Release|Any CPU
		{10F04E40-A357-40C7-9DB5-01640CECA6BC}.Release|iPhoneSimulator.Build.0 = Release|Any CPU
		{10F04E40-A357-40C7-9DB5-01640CECA6BC}.Release|iPhoneSimulator.Deploy.0 = Release|Any CPU
		{10F04E40-A357-40C7-9DB5-01640CECA6BC}.Release|x64.ActiveCfg = Release|Any CPU
		{10F04E40-A357-40C7-9DB5-01640CECA6BC}.Release|x64.Build.0 = Release|Any CPU
		{10F04E40-A357-40C7-9DB5-01640CECA6BC}.Release|x64.Deploy.0 = Release|Any CPU
		{10F04E40-A357-40C7-9DB5-01640CECA6BC}.Release|x86.ActiveCfg = Release|Any CPU
		{10F04E40-A357-40C7-9DB5-01640CECA6BC}.Release|x86.Build.0 = Release|Any CPU
		{10F04E40-A357-40C7-9DB5-01640CECA6BC}.Release|x86.Deploy.0 = Release|Any CPU
		{B68E1AC0-D994-431A-9CCC-2AADEE4137C1}.Ad-Hoc|Any CPU.ActiveCfg = Ad-Hoc|iPhone
		{B68E1AC0-D994-431A-9CCC-2AADEE4137C1}.Ad-Hoc|ARM.ActiveCfg = Ad-Hoc|iPhone
		{B68E1AC0-D994-431A-9CCC-2AADEE4137C1}.Ad-Hoc|iPhone.ActiveCfg = Ad-Hoc|iPhone
		{B68E1AC0-D994-431A-9CCC-2AADEE4137C1}.Ad-Hoc|iPhone.Build.0 = Ad-Hoc|iPhone
		{B68E1AC0-D994-431A-9CCC-2AADEE4137C1}.Ad-Hoc|iPhoneSimulator.ActiveCfg = Ad-Hoc|iPhoneSimulator
		{B68E1AC0-D994-431A-9CCC-2AADEE4137C1}.Ad-Hoc|iPhoneSimulator.Build.0 = Ad-Hoc|iPhoneSimulator
		{B68E1AC0-D994-431A-9CCC-2AADEE4137C1}.Ad-Hoc|x64.ActiveCfg = Ad-Hoc|iPhone
		{B68E1AC0-D994-431A-9CCC-2AADEE4137C1}.Ad-Hoc|x86.ActiveCfg = Ad-Hoc|iPhone
		{B68E1AC0-D994-431A-9CCC-2AADEE4137C1}.AppStore|Any CPU.ActiveCfg = AppStore|iPhone
		{B68E1AC0-D994-431A-9CCC-2AADEE4137C1}.AppStore|ARM.ActiveCfg = AppStore|iPhone
		{B68E1AC0-D994-431A-9CCC-2AADEE4137C1}.AppStore|iPhone.ActiveCfg = AppStore|iPhone
		{B68E1AC0-D994-431A-9CCC-2AADEE4137C1}.AppStore|iPhone.Build.0 = AppStore|iPhone
		{B68E1AC0-D994-431A-9CCC-2AADEE4137C1}.AppStore|iPhoneSimulator.ActiveCfg = AppStore|iPhoneSimulator
		{B68E1AC0-D994-431A-9CCC-2AADEE4137C1}.AppStore|iPhoneSimulator.Build.0 = AppStore|iPhoneSimulator
		{B68E1AC0-D994-431A-9CCC-2AADEE4137C1}.AppStore|x64.ActiveCfg = AppStore|iPhone
		{B68E1AC0-D994-431A-9CCC-2AADEE4137C1}.AppStore|x86.ActiveCfg = AppStore|iPhone
		{B68E1AC0-D994-431A-9CCC-2AADEE4137C1}.Debug|Any CPU.ActiveCfg = Debug|iPhone
		{B68E1AC0-D994-431A-9CCC-2AADEE4137C1}.Debug|Any CPU.Build.0 = Debug|iPhone
		{B68E1AC0-D994-431A-9CCC-2AADEE4137C1}.Debug|ARM.ActiveCfg = Debug|iPhone
		{B68E1AC0-D994-431A-9CCC-2AADEE4137C1}.Debug|iPhone.ActiveCfg = Debug|iPhone
		{B68E1AC0-D994-431A-9CCC-2AADEE4137C1}.Debug|iPhone.Build.0 = Debug|iPhone
		{B68E1AC0-D994-431A-9CCC-2AADEE4137C1}.Debug|iPhoneSimulator.ActiveCfg = Debug|iPhoneSimulator
		{B68E1AC0-D994-431A-9CCC-2AADEE4137C1}.Debug|iPhoneSimulator.Build.0 = Debug|iPhoneSimulator
		{B68E1AC0-D994-431A-9CCC-2AADEE4137C1}.Debug|x64.ActiveCfg = Debug|iPhone
		{B68E1AC0-D994-431A-9CCC-2AADEE4137C1}.Debug|x86.ActiveCfg = Debug|iPhone
		{B68E1AC0-D994-431A-9CCC-2AADEE4137C1}.Release|Any CPU.ActiveCfg = Release|iPhone
		{B68E1AC0-D994-431A-9CCC-2AADEE4137C1}.Release|ARM.ActiveCfg = Release|iPhone
		{B68E1AC0-D994-431A-9CCC-2AADEE4137C1}.Release|iPhone.ActiveCfg = Release|iPhone
		{B68E1AC0-D994-431A-9CCC-2AADEE4137C1}.Release|iPhone.Build.0 = Release|iPhone
		{B68E1AC0-D994-431A-9CCC-2AADEE4137C1}.Release|iPhoneSimulator.ActiveCfg = Release|iPhoneSimulator
		{B68E1AC0-D994-431A-9CCC-2AADEE4137C1}.Release|iPhoneSimulator.Build.0 = Release|iPhoneSimulator
		{B68E1AC0-D994-431A-9CCC-2AADEE4137C1}.Release|x64.ActiveCfg = Release|iPhone
		{B68E1AC0-D994-431A-9CCC-2AADEE4137C1}.Release|x86.ActiveCfg = Release|iPhone
		{8C940BB8-FBF3-4A83-970B-C4F9ABD753FC}.Ad-Hoc|Any CPU.ActiveCfg = Debug|x64
		{8C940BB8-FBF3-4A83-970B-C4F9ABD753FC}.Ad-Hoc|Any CPU.Build.0 = Debug|x64
		{8C940BB8-FBF3-4A83-970B-C4F9ABD753FC}.Ad-Hoc|Any CPU.Deploy.0 = Debug|x64
		{8C940BB8-FBF3-4A83-970B-C4F9ABD753FC}.Ad-Hoc|ARM.ActiveCfg = Debug|ARM
		{8C940BB8-FBF3-4A83-970B-C4F9ABD753FC}.Ad-Hoc|ARM.Build.0 = Debug|ARM
		{8C940BB8-FBF3-4A83-970B-C4F9ABD753FC}.Ad-Hoc|ARM.Deploy.0 = Debug|ARM
		{8C940BB8-FBF3-4A83-970B-C4F9ABD753FC}.Ad-Hoc|iPhone.ActiveCfg = Debug|x64
		{8C940BB8-FBF3-4A83-970B-C4F9ABD753FC}.Ad-Hoc|iPhone.Build.0 = Debug|x64
		{8C940BB8-FBF3-4A83-970B-C4F9ABD753FC}.Ad-Hoc|iPhone.Deploy.0 = Debug|x64
		{8C940BB8-FBF3-4A83-970B-C4F9ABD753FC}.Ad-Hoc|iPhoneSimulator.ActiveCfg = Debug|x64
		{8C940BB8-FBF3-4A83-970B-C4F9ABD753FC}.Ad-Hoc|iPhoneSimulator.Build.0 = Debug|x64
		{8C940BB8-FBF3-4A83-970B-C4F9ABD753FC}.Ad-Hoc|iPhoneSimulator.Deploy.0 = Debug|x64
		{8C940BB8-FBF3-4A83-970B-C4F9ABD753FC}.Ad-Hoc|x64.ActiveCfg = Debug|x64
		{8C940BB8-FBF3-4A83-970B-C4F9ABD753FC}.Ad-Hoc|x64.Build.0 = Debug|x64
		{8C940BB8-FBF3-4A83-970B-C4F9ABD753FC}.Ad-Hoc|x64.Deploy.0 = Debug|x64
		{8C940BB8-FBF3-4A83-970B-C4F9ABD753FC}.Ad-Hoc|x86.ActiveCfg = Debug|x86
		{8C940BB8-FBF3-4A83-970B-C4F9ABD753FC}.Ad-Hoc|x86.Build.0 = Debug|x86
		{8C940BB8-FBF3-4A83-970B-C4F9ABD753FC}.Ad-Hoc|x86.Deploy.0 = Debug|x86
		{8C940BB8-FBF3-4A83-970B-C4F9ABD753FC}.AppStore|Any CPU.ActiveCfg = Debug|x64
		{8C940BB8-FBF3-4A83-970B-C4F9ABD753FC}.AppStore|Any CPU.Build.0 = Debug|x64
		{8C940BB8-FBF3-4A83-970B-C4F9ABD753FC}.AppStore|Any CPU.Deploy.0 = Debug|x64
		{8C940BB8-FBF3-4A83-970B-C4F9ABD753FC}.AppStore|ARM.ActiveCfg = Debug|ARM
		{8C940BB8-FBF3-4A83-970B-C4F9ABD753FC}.AppStore|ARM.Build.0 = Debug|ARM
		{8C940BB8-FBF3-4A83-970B-C4F9ABD753FC}.AppStore|ARM.Deploy.0 = Debug|ARM
		{8C940BB8-FBF3-4A83-970B-C4F9ABD753FC}.AppStore|iPhone.ActiveCfg = Debug|x64
		{8C940BB8-FBF3-4A83-970B-C4F9ABD753FC}.AppStore|iPhone.Build.0 = Debug|x64
		{8C940BB8-FBF3-4A83-970B-C4F9ABD753FC}.AppStore|iPhone.Deploy.0 = Debug|x64
		{8C940BB8-FBF3-4A83-970B-C4F9ABD753FC}.AppStore|iPhoneSimulator.ActiveCfg = Debug|x64
		{8C940BB8-FBF3-4A83-970B-C4F9ABD753FC}.AppStore|iPhoneSimulator.Build.0 = Debug|x64
		{8C940BB8-FBF3-4A83-970B-C4F9ABD753FC}.AppStore|iPhoneSimulator.Deploy.0 = Debug|x64
		{8C940BB8-FBF3-4A83-970B-C4F9ABD753FC}.AppStore|x64.ActiveCfg = Debug|x64
		{8C940BB8-FBF3-4A83-970B-C4F9ABD753FC}.AppStore|x64.Build.0 = Debug|x64
		{8C940BB8-FBF3-4A83-970B-C4F9ABD753FC}.AppStore|x64.Deploy.0 = Debug|x64
		{8C940BB8-FBF3-4A83-970B-C4F9ABD753FC}.AppStore|x86.ActiveCfg = Debug|x86
		{8C940BB8-FBF3-4A83-970B-C4F9ABD753FC}.AppStore|x86.Build.0 = Debug|x86
		{8C940BB8-FBF3-4A83-970B-C4F9ABD753FC}.AppStore|x86.Deploy.0 = Debug|x86
		{8C940BB8-FBF3-4A83-970B-C4F9ABD753FC}.Debug|Any CPU.ActiveCfg = Debug|x86
		{8C940BB8-FBF3-4A83-970B-C4F9ABD753FC}.Debug|Any CPU.Build.0 = Debug|x86
		{8C940BB8-FBF3-4A83-970B-C4F9ABD753FC}.Debug|Any CPU.Deploy.0 = Debug|x86
		{8C940BB8-FBF3-4A83-970B-C4F9ABD753FC}.Debug|ARM.ActiveCfg = Debug|ARM
		{8C940BB8-FBF3-4A83-970B-C4F9ABD753FC}.Debug|ARM.Build.0 = Debug|ARM
		{8C940BB8-FBF3-4A83-970B-C4F9ABD753FC}.Debug|ARM.Deploy.0 = Debug|ARM
		{8C940BB8-FBF3-4A83-970B-C4F9ABD753FC}.Debug|iPhone.ActiveCfg = Debug|x86
		{8C940BB8-FBF3-4A83-970B-C4F9ABD753FC}.Debug|iPhoneSimulator.ActiveCfg = Debug|x86
		{8C940BB8-FBF3-4A83-970B-C4F9ABD753FC}.Debug|x64.ActiveCfg = Debug|x64
		{8C940BB8-FBF3-4A83-970B-C4F9ABD753FC}.Debug|x64.Build.0 = Debug|x64
		{8C940BB8-FBF3-4A83-970B-C4F9ABD753FC}.Debug|x64.Deploy.0 = Debug|x64
		{8C940BB8-FBF3-4A83-970B-C4F9ABD753FC}.Debug|x86.ActiveCfg = Debug|x86
		{8C940BB8-FBF3-4A83-970B-C4F9ABD753FC}.Debug|x86.Build.0 = Debug|x86
		{8C940BB8-FBF3-4A83-970B-C4F9ABD753FC}.Debug|x86.Deploy.0 = Debug|x86
		{8C940BB8-FBF3-4A83-970B-C4F9ABD753FC}.Release|Any CPU.ActiveCfg = Release|x86
		{8C940BB8-FBF3-4A83-970B-C4F9ABD753FC}.Release|ARM.ActiveCfg = Release|ARM
		{8C940BB8-FBF3-4A83-970B-C4F9ABD753FC}.Release|ARM.Build.0 = Release|ARM
		{8C940BB8-FBF3-4A83-970B-C4F9ABD753FC}.Release|ARM.Deploy.0 = Release|ARM
		{8C940BB8-FBF3-4A83-970B-C4F9ABD753FC}.Release|iPhone.ActiveCfg = Release|x86
		{8C940BB8-FBF3-4A83-970B-C4F9ABD753FC}.Release|iPhoneSimulator.ActiveCfg = Release|x86
		{8C940BB8-FBF3-4A83-970B-C4F9ABD753FC}.Release|x64.ActiveCfg = Release|x64
		{8C940BB8-FBF3-4A83-970B-C4F9ABD753FC}.Release|x64.Build.0 = Release|x64
		{8C940BB8-FBF3-4A83-970B-C4F9ABD753FC}.Release|x64.Deploy.0 = Release|x64
		{8C940BB8-FBF3-4A83-970B-C4F9ABD753FC}.Release|x86.ActiveCfg = Release|x86
		{8C940BB8-FBF3-4A83-970B-C4F9ABD753FC}.Release|x86.Build.0 = Release|x86
		{8C940BB8-FBF3-4A83-970B-C4F9ABD753FC}.Release|x86.Deploy.0 = Release|x86
		{7644B653-7711-43CF-BD0F-8E5AD3E915C2}.Ad-Hoc|Any CPU.ActiveCfg = Release|Any CPU
		{7644B653-7711-43CF-BD0F-8E5AD3E915C2}.Ad-Hoc|Any CPU.Build.0 = Release|Any CPU
		{7644B653-7711-43CF-BD0F-8E5AD3E915C2}.Ad-Hoc|Any CPU.Deploy.0 = Release|Any CPU
		{7644B653-7711-43CF-BD0F-8E5AD3E915C2}.Ad-Hoc|ARM.ActiveCfg = Release|Any CPU
		{7644B653-7711-43CF-BD0F-8E5AD3E915C2}.Ad-Hoc|ARM.Build.0 = Release|Any CPU
		{7644B653-7711-43CF-BD0F-8E5AD3E915C2}.Ad-Hoc|ARM.Deploy.0 = Release|Any CPU
		{7644B653-7711-43CF-BD0F-8E5AD3E915C2}.Ad-Hoc|iPhone.ActiveCfg = Release|Any CPU
		{7644B653-7711-43CF-BD0F-8E5AD3E915C2}.Ad-Hoc|iPhone.Build.0 = Release|Any CPU
		{7644B653-7711-43CF-BD0F-8E5AD3E915C2}.Ad-Hoc|iPhone.Deploy.0 = Release|Any CPU
		{7644B653-7711-43CF-BD0F-8E5AD3E915C2}.Ad-Hoc|iPhoneSimulator.ActiveCfg = Release|Any CPU
		{7644B653-7711-43CF-BD0F-8E5AD3E915C2}.Ad-Hoc|iPhoneSimulator.Build.0 = Release|Any CPU
		{7644B653-7711-43CF-BD0F-8E5AD3E915C2}.Ad-Hoc|iPhoneSimulator.Deploy.0 = Release|Any CPU
		{7644B653-7711-43CF-BD0F-8E5AD3E915C2}.Ad-Hoc|x64.ActiveCfg = Release|Any CPU
		{7644B653-7711-43CF-BD0F-8E5AD3E915C2}.Ad-Hoc|x64.Build.0 = Release|Any CPU
		{7644B653-7711-43CF-BD0F-8E5AD3E915C2}.Ad-Hoc|x64.Deploy.0 = Release|Any CPU
		{7644B653-7711-43CF-BD0F-8E5AD3E915C2}.Ad-Hoc|x86.ActiveCfg = Release|Any CPU
		{7644B653-7711-43CF-BD0F-8E5AD3E915C2}.Ad-Hoc|x86.Build.0 = Release|Any CPU
		{7644B653-7711-43CF-BD0F-8E5AD3E915C2}.Ad-Hoc|x86.Deploy.0 = Release|Any CPU
		{7644B653-7711-43CF-BD0F-8E5AD3E915C2}.AppStore|Any CPU.ActiveCfg = Release|Any CPU
		{7644B653-7711-43CF-BD0F-8E5AD3E915C2}.AppStore|Any CPU.Build.0 = Release|Any CPU
		{7644B653-7711-43CF-BD0F-8E5AD3E915C2}.AppStore|Any CPU.Deploy.0 = Release|Any CPU
		{7644B653-7711-43CF-BD0F-8E5AD3E915C2}.AppStore|ARM.ActiveCfg = Release|Any CPU
		{7644B653-7711-43CF-BD0F-8E5AD3E915C2}.AppStore|ARM.Build.0 = Release|Any CPU
		{7644B653-7711-43CF-BD0F-8E5AD3E915C2}.AppStore|ARM.Deploy.0 = Release|Any CPU
		{7644B653-7711-43CF-BD0F-8E5AD3E915C2}.AppStore|iPhone.ActiveCfg = Release|Any CPU
		{7644B653-7711-43CF-BD0F-8E5AD3E915C2}.AppStore|iPhone.Build.0 = Release|Any CPU
		{7644B653-7711-43CF-BD0F-8E5AD3E915C2}.AppStore|iPhone.Deploy.0 = Release|Any CPU
		{7644B653-7711-43CF-BD0F-8E5AD3E915C2}.AppStore|iPhoneSimulator.ActiveCfg = Release|Any CPU
		{7644B653-7711-43CF-BD0F-8E5AD3E915C2}.AppStore|iPhoneSimulator.Build.0 = Release|Any CPU
		{7644B653-7711-43CF-BD0F-8E5AD3E915C2}.AppStore|iPhoneSimulator.Deploy.0 = Release|Any CPU
		{7644B653-7711-43CF-BD0F-8E5AD3E915C2}.AppStore|x64.ActiveCfg = Release|Any CPU
		{7644B653-7711-43CF-BD0F-8E5AD3E915C2}.AppStore|x64.Build.0 = Release|Any CPU
		{7644B653-7711-43CF-BD0F-8E5AD3E915C2}.AppStore|x64.Deploy.0 = Release|Any CPU
		{7644B653-7711-43CF-BD0F-8E5AD3E915C2}.AppStore|x86.ActiveCfg = Release|Any CPU
		{7644B653-7711-43CF-BD0F-8E5AD3E915C2}.AppStore|x86.Build.0 = Release|Any CPU
		{7644B653-7711-43CF-BD0F-8E5AD3E915C2}.AppStore|x86.Deploy.0 = Release|Any CPU
		{7644B653-7711-43CF-BD0F-8E5AD3E915C2}.Debug|Any CPU.ActiveCfg = Debug|Any CPU
		{7644B653-7711-43CF-BD0F-8E5AD3E915C2}.Debug|Any CPU.Build.0 = Debug|Any CPU
		{7644B653-7711-43CF-BD0F-8E5AD3E915C2}.Debug|Any CPU.Deploy.0 = Debug|Any CPU
		{7644B653-7711-43CF-BD0F-8E5AD3E915C2}.Debug|ARM.ActiveCfg = Debug|Any CPU
		{7644B653-7711-43CF-BD0F-8E5AD3E915C2}.Debug|ARM.Build.0 = Debug|Any CPU
		{7644B653-7711-43CF-BD0F-8E5AD3E915C2}.Debug|ARM.Deploy.0 = Debug|Any CPU
		{7644B653-7711-43CF-BD0F-8E5AD3E915C2}.Debug|iPhone.ActiveCfg = Debug|Any CPU
		{7644B653-7711-43CF-BD0F-8E5AD3E915C2}.Debug|iPhone.Build.0 = Debug|Any CPU
		{7644B653-7711-43CF-BD0F-8E5AD3E915C2}.Debug|iPhone.Deploy.0 = Debug|Any CPU
		{7644B653-7711-43CF-BD0F-8E5AD3E915C2}.Debug|iPhoneSimulator.ActiveCfg = Debug|Any CPU
		{7644B653-7711-43CF-BD0F-8E5AD3E915C2}.Debug|iPhoneSimulator.Build.0 = Debug|Any CPU
		{7644B653-7711-43CF-BD0F-8E5AD3E915C2}.Debug|iPhoneSimulator.Deploy.0 = Debug|Any CPU
		{7644B653-7711-43CF-BD0F-8E5AD3E915C2}.Debug|x64.ActiveCfg = Debug|Any CPU
		{7644B653-7711-43CF-BD0F-8E5AD3E915C2}.Debug|x64.Build.0 = Debug|Any CPU
		{7644B653-7711-43CF-BD0F-8E5AD3E915C2}.Debug|x64.Deploy.0 = Debug|Any CPU
		{7644B653-7711-43CF-BD0F-8E5AD3E915C2}.Debug|x86.ActiveCfg = Debug|Any CPU
		{7644B653-7711-43CF-BD0F-8E5AD3E915C2}.Debug|x86.Build.0 = Debug|Any CPU
		{7644B653-7711-43CF-BD0F-8E5AD3E915C2}.Debug|x86.Deploy.0 = Debug|Any CPU
		{7644B653-7711-43CF-BD0F-8E5AD3E915C2}.Release|Any CPU.ActiveCfg = Release|Any CPU
		{7644B653-7711-43CF-BD0F-8E5AD3E915C2}.Release|ARM.ActiveCfg = Release|Any CPU
		{7644B653-7711-43CF-BD0F-8E5AD3E915C2}.Release|ARM.Build.0 = Release|Any CPU
		{7644B653-7711-43CF-BD0F-8E5AD3E915C2}.Release|ARM.Deploy.0 = Release|Any CPU
		{7644B653-7711-43CF-BD0F-8E5AD3E915C2}.Release|iPhone.ActiveCfg = Release|Any CPU
		{7644B653-7711-43CF-BD0F-8E5AD3E915C2}.Release|iPhone.Build.0 = Release|Any CPU
		{7644B653-7711-43CF-BD0F-8E5AD3E915C2}.Release|iPhone.Deploy.0 = Release|Any CPU
		{7644B653-7711-43CF-BD0F-8E5AD3E915C2}.Release|iPhoneSimulator.ActiveCfg = Release|Any CPU
		{7644B653-7711-43CF-BD0F-8E5AD3E915C2}.Release|iPhoneSimulator.Build.0 = Release|Any CPU
		{7644B653-7711-43CF-BD0F-8E5AD3E915C2}.Release|iPhoneSimulator.Deploy.0 = Release|Any CPU
		{7644B653-7711-43CF-BD0F-8E5AD3E915C2}.Release|x64.ActiveCfg = Release|Any CPU
		{7644B653-7711-43CF-BD0F-8E5AD3E915C2}.Release|x64.Build.0 = Release|Any CPU
		{7644B653-7711-43CF-BD0F-8E5AD3E915C2}.Release|x64.Deploy.0 = Release|Any CPU
		{7644B653-7711-43CF-BD0F-8E5AD3E915C2}.Release|x86.ActiveCfg = Release|Any CPU
		{7644B653-7711-43CF-BD0F-8E5AD3E915C2}.Release|x86.Build.0 = Release|Any CPU
		{7644B653-7711-43CF-BD0F-8E5AD3E915C2}.Release|x86.Deploy.0 = Release|Any CPU
		{E8BD8235-D004-418C-97F2-46719664E639}.Ad-Hoc|Any CPU.ActiveCfg = Release|iPhone
		{E8BD8235-D004-418C-97F2-46719664E639}.Ad-Hoc|Any CPU.Build.0 = Release|iPhone
		{E8BD8235-D004-418C-97F2-46719664E639}.Ad-Hoc|ARM.ActiveCfg = Release|iPhone
		{E8BD8235-D004-418C-97F2-46719664E639}.Ad-Hoc|ARM.Build.0 = Release|iPhone
		{E8BD8235-D004-418C-97F2-46719664E639}.Ad-Hoc|iPhone.ActiveCfg = Release|iPhone
		{E8BD8235-D004-418C-97F2-46719664E639}.Ad-Hoc|iPhone.Build.0 = Release|iPhone
		{E8BD8235-D004-418C-97F2-46719664E639}.Ad-Hoc|iPhoneSimulator.ActiveCfg = Release|iPhoneSimulator
		{E8BD8235-D004-418C-97F2-46719664E639}.Ad-Hoc|iPhoneSimulator.Build.0 = Release|iPhoneSimulator
		{E8BD8235-D004-418C-97F2-46719664E639}.Ad-Hoc|x64.ActiveCfg = Release|iPhone
		{E8BD8235-D004-418C-97F2-46719664E639}.Ad-Hoc|x64.Build.0 = Release|iPhone
		{E8BD8235-D004-418C-97F2-46719664E639}.Ad-Hoc|x86.ActiveCfg = Release|iPhone
		{E8BD8235-D004-418C-97F2-46719664E639}.Ad-Hoc|x86.Build.0 = Release|iPhone
		{E8BD8235-D004-418C-97F2-46719664E639}.AppStore|Any CPU.ActiveCfg = Release|iPhone
		{E8BD8235-D004-418C-97F2-46719664E639}.AppStore|Any CPU.Build.0 = Release|iPhone
		{E8BD8235-D004-418C-97F2-46719664E639}.AppStore|ARM.ActiveCfg = Release|iPhone
		{E8BD8235-D004-418C-97F2-46719664E639}.AppStore|ARM.Build.0 = Release|iPhone
		{E8BD8235-D004-418C-97F2-46719664E639}.AppStore|iPhone.ActiveCfg = Release|iPhone
		{E8BD8235-D004-418C-97F2-46719664E639}.AppStore|iPhone.Build.0 = Release|iPhone
		{E8BD8235-D004-418C-97F2-46719664E639}.AppStore|iPhoneSimulator.ActiveCfg = Release|iPhoneSimulator
		{E8BD8235-D004-418C-97F2-46719664E639}.AppStore|iPhoneSimulator.Build.0 = Release|iPhoneSimulator
		{E8BD8235-D004-418C-97F2-46719664E639}.AppStore|x64.ActiveCfg = Release|iPhone
		{E8BD8235-D004-418C-97F2-46719664E639}.AppStore|x64.Build.0 = Release|iPhone
		{E8BD8235-D004-418C-97F2-46719664E639}.AppStore|x86.ActiveCfg = Release|iPhone
		{E8BD8235-D004-418C-97F2-46719664E639}.AppStore|x86.Build.0 = Release|iPhone
		{E8BD8235-D004-418C-97F2-46719664E639}.Debug|Any CPU.ActiveCfg = Debug|iPhone
		{E8BD8235-D004-418C-97F2-46719664E639}.Debug|Any CPU.Build.0 = Debug|iPhone
		{E8BD8235-D004-418C-97F2-46719664E639}.Debug|ARM.ActiveCfg = Debug|iPhone
		{E8BD8235-D004-418C-97F2-46719664E639}.Debug|iPhone.ActiveCfg = Debug|iPhone
		{E8BD8235-D004-418C-97F2-46719664E639}.Debug|iPhone.Build.0 = Debug|iPhone
		{E8BD8235-D004-418C-97F2-46719664E639}.Debug|iPhoneSimulator.ActiveCfg = Debug|iPhoneSimulator
		{E8BD8235-D004-418C-97F2-46719664E639}.Debug|iPhoneSimulator.Build.0 = Debug|iPhoneSimulator
		{E8BD8235-D004-418C-97F2-46719664E639}.Debug|x64.ActiveCfg = Debug|iPhone
		{E8BD8235-D004-418C-97F2-46719664E639}.Debug|x86.ActiveCfg = Debug|iPhone
		{E8BD8235-D004-418C-97F2-46719664E639}.Release|Any CPU.ActiveCfg = Release|iPhone
		{E8BD8235-D004-418C-97F2-46719664E639}.Release|ARM.ActiveCfg = Release|iPhone
		{E8BD8235-D004-418C-97F2-46719664E639}.Release|iPhone.ActiveCfg = Release|iPhone
		{E8BD8235-D004-418C-97F2-46719664E639}.Release|iPhone.Build.0 = Release|iPhone
		{E8BD8235-D004-418C-97F2-46719664E639}.Release|iPhoneSimulator.ActiveCfg = Release|iPhoneSimulator
		{E8BD8235-D004-418C-97F2-46719664E639}.Release|iPhoneSimulator.Build.0 = Release|iPhoneSimulator
		{E8BD8235-D004-418C-97F2-46719664E639}.Release|x64.ActiveCfg = Release|iPhone
		{E8BD8235-D004-418C-97F2-46719664E639}.Release|x86.ActiveCfg = Release|iPhone
		{D67A449A-9D5A-4D07-B006-9A42EDEEAFDE}.Ad-Hoc|Any CPU.ActiveCfg = Release|iPhoneSimulator
		{D67A449A-9D5A-4D07-B006-9A42EDEEAFDE}.Ad-Hoc|Any CPU.Build.0 = Release|iPhoneSimulator
		{D67A449A-9D5A-4D07-B006-9A42EDEEAFDE}.Ad-Hoc|ARM.ActiveCfg = Release|iPhoneSimulator
		{D67A449A-9D5A-4D07-B006-9A42EDEEAFDE}.Ad-Hoc|ARM.Build.0 = Release|iPhoneSimulator
		{D67A449A-9D5A-4D07-B006-9A42EDEEAFDE}.Ad-Hoc|iPhone.ActiveCfg = Release|iPhoneSimulator
		{D67A449A-9D5A-4D07-B006-9A42EDEEAFDE}.Ad-Hoc|iPhone.Build.0 = Release|iPhoneSimulator
		{D67A449A-9D5A-4D07-B006-9A42EDEEAFDE}.Ad-Hoc|iPhoneSimulator.ActiveCfg = Release|iPhoneSimulator
		{D67A449A-9D5A-4D07-B006-9A42EDEEAFDE}.Ad-Hoc|iPhoneSimulator.Build.0 = Release|iPhoneSimulator
		{D67A449A-9D5A-4D07-B006-9A42EDEEAFDE}.Ad-Hoc|x64.ActiveCfg = Release|iPhoneSimulator
		{D67A449A-9D5A-4D07-B006-9A42EDEEAFDE}.Ad-Hoc|x64.Build.0 = Release|iPhoneSimulator
		{D67A449A-9D5A-4D07-B006-9A42EDEEAFDE}.Ad-Hoc|x86.ActiveCfg = Release|iPhoneSimulator
		{D67A449A-9D5A-4D07-B006-9A42EDEEAFDE}.Ad-Hoc|x86.Build.0 = Release|iPhoneSimulator
		{D67A449A-9D5A-4D07-B006-9A42EDEEAFDE}.AppStore|Any CPU.ActiveCfg = Release|iPhoneSimulator
		{D67A449A-9D5A-4D07-B006-9A42EDEEAFDE}.AppStore|Any CPU.Build.0 = Release|iPhoneSimulator
		{D67A449A-9D5A-4D07-B006-9A42EDEEAFDE}.AppStore|ARM.ActiveCfg = Release|iPhoneSimulator
		{D67A449A-9D5A-4D07-B006-9A42EDEEAFDE}.AppStore|ARM.Build.0 = Release|iPhoneSimulator
		{D67A449A-9D5A-4D07-B006-9A42EDEEAFDE}.AppStore|iPhone.ActiveCfg = Release|iPhoneSimulator
		{D67A449A-9D5A-4D07-B006-9A42EDEEAFDE}.AppStore|iPhone.Build.0 = Release|iPhoneSimulator
		{D67A449A-9D5A-4D07-B006-9A42EDEEAFDE}.AppStore|iPhoneSimulator.ActiveCfg = Release|iPhoneSimulator
		{D67A449A-9D5A-4D07-B006-9A42EDEEAFDE}.AppStore|iPhoneSimulator.Build.0 = Release|iPhoneSimulator
		{D67A449A-9D5A-4D07-B006-9A42EDEEAFDE}.AppStore|x64.ActiveCfg = Release|iPhoneSimulator
		{D67A449A-9D5A-4D07-B006-9A42EDEEAFDE}.AppStore|x64.Build.0 = Release|iPhoneSimulator
		{D67A449A-9D5A-4D07-B006-9A42EDEEAFDE}.AppStore|x86.ActiveCfg = Release|iPhoneSimulator
		{D67A449A-9D5A-4D07-B006-9A42EDEEAFDE}.AppStore|x86.Build.0 = Release|iPhoneSimulator
		{D67A449A-9D5A-4D07-B006-9A42EDEEAFDE}.Debug|Any CPU.ActiveCfg = Debug|iPhoneSimulator
		{D67A449A-9D5A-4D07-B006-9A42EDEEAFDE}.Debug|Any CPU.Build.0 = Debug|iPhoneSimulator
		{D67A449A-9D5A-4D07-B006-9A42EDEEAFDE}.Debug|ARM.ActiveCfg = Debug|iPhoneSimulator
		{D67A449A-9D5A-4D07-B006-9A42EDEEAFDE}.Debug|iPhone.ActiveCfg = Debug|iPhoneSimulator
		{D67A449A-9D5A-4D07-B006-9A42EDEEAFDE}.Debug|iPhoneSimulator.ActiveCfg = Debug|iPhoneSimulator
		{D67A449A-9D5A-4D07-B006-9A42EDEEAFDE}.Debug|iPhoneSimulator.Build.0 = Debug|iPhoneSimulator
		{D67A449A-9D5A-4D07-B006-9A42EDEEAFDE}.Debug|x64.ActiveCfg = Debug|iPhoneSimulator
		{D67A449A-9D5A-4D07-B006-9A42EDEEAFDE}.Debug|x86.ActiveCfg = Debug|iPhoneSimulator
		{D67A449A-9D5A-4D07-B006-9A42EDEEAFDE}.Release|Any CPU.ActiveCfg = Release|iPhoneSimulator
		{D67A449A-9D5A-4D07-B006-9A42EDEEAFDE}.Release|ARM.ActiveCfg = Release|iPhoneSimulator
		{D67A449A-9D5A-4D07-B006-9A42EDEEAFDE}.Release|iPhone.ActiveCfg = Release|iPhoneSimulator
		{D67A449A-9D5A-4D07-B006-9A42EDEEAFDE}.Release|iPhoneSimulator.ActiveCfg = Release|iPhoneSimulator
		{D67A449A-9D5A-4D07-B006-9A42EDEEAFDE}.Release|iPhoneSimulator.Build.0 = Release|iPhoneSimulator
		{D67A449A-9D5A-4D07-B006-9A42EDEEAFDE}.Release|x64.ActiveCfg = Release|iPhoneSimulator
		{D67A449A-9D5A-4D07-B006-9A42EDEEAFDE}.Release|x86.ActiveCfg = Release|iPhoneSimulator
		{C82D2D05-AB12-4601-A5F8-631D828FECC0}.Ad-Hoc|Any CPU.ActiveCfg = Release|iPhone
		{C82D2D05-AB12-4601-A5F8-631D828FECC0}.Ad-Hoc|Any CPU.Build.0 = Release|iPhone
		{C82D2D05-AB12-4601-A5F8-631D828FECC0}.Ad-Hoc|ARM.ActiveCfg = Release|iPhone
		{C82D2D05-AB12-4601-A5F8-631D828FECC0}.Ad-Hoc|ARM.Build.0 = Release|iPhone
		{C82D2D05-AB12-4601-A5F8-631D828FECC0}.Ad-Hoc|iPhone.ActiveCfg = Release|iPhone
		{C82D2D05-AB12-4601-A5F8-631D828FECC0}.Ad-Hoc|iPhone.Build.0 = Release|iPhone
		{C82D2D05-AB12-4601-A5F8-631D828FECC0}.Ad-Hoc|iPhoneSimulator.ActiveCfg = Release|iPhoneSimulator
		{C82D2D05-AB12-4601-A5F8-631D828FECC0}.Ad-Hoc|iPhoneSimulator.Build.0 = Release|iPhoneSimulator
		{C82D2D05-AB12-4601-A5F8-631D828FECC0}.Ad-Hoc|x64.ActiveCfg = Release|iPhone
		{C82D2D05-AB12-4601-A5F8-631D828FECC0}.Ad-Hoc|x64.Build.0 = Release|iPhone
		{C82D2D05-AB12-4601-A5F8-631D828FECC0}.Ad-Hoc|x86.ActiveCfg = Release|iPhone
		{C82D2D05-AB12-4601-A5F8-631D828FECC0}.Ad-Hoc|x86.Build.0 = Release|iPhone
		{C82D2D05-AB12-4601-A5F8-631D828FECC0}.AppStore|Any CPU.ActiveCfg = Release|iPhone
		{C82D2D05-AB12-4601-A5F8-631D828FECC0}.AppStore|Any CPU.Build.0 = Release|iPhone
		{C82D2D05-AB12-4601-A5F8-631D828FECC0}.AppStore|ARM.ActiveCfg = Release|iPhone
		{C82D2D05-AB12-4601-A5F8-631D828FECC0}.AppStore|ARM.Build.0 = Release|iPhone
		{C82D2D05-AB12-4601-A5F8-631D828FECC0}.AppStore|iPhone.ActiveCfg = Release|iPhone
		{C82D2D05-AB12-4601-A5F8-631D828FECC0}.AppStore|iPhone.Build.0 = Release|iPhone
		{C82D2D05-AB12-4601-A5F8-631D828FECC0}.AppStore|iPhoneSimulator.ActiveCfg = Release|iPhoneSimulator
		{C82D2D05-AB12-4601-A5F8-631D828FECC0}.AppStore|iPhoneSimulator.Build.0 = Release|iPhoneSimulator
		{C82D2D05-AB12-4601-A5F8-631D828FECC0}.AppStore|x64.ActiveCfg = Release|iPhone
		{C82D2D05-AB12-4601-A5F8-631D828FECC0}.AppStore|x64.Build.0 = Release|iPhone
		{C82D2D05-AB12-4601-A5F8-631D828FECC0}.AppStore|x86.ActiveCfg = Release|iPhone
		{C82D2D05-AB12-4601-A5F8-631D828FECC0}.AppStore|x86.Build.0 = Release|iPhone
		{C82D2D05-AB12-4601-A5F8-631D828FECC0}.Debug|Any CPU.ActiveCfg = Debug|iPhone
		{C82D2D05-AB12-4601-A5F8-631D828FECC0}.Debug|Any CPU.Build.0 = Debug|iPhone
		{C82D2D05-AB12-4601-A5F8-631D828FECC0}.Debug|ARM.ActiveCfg = Debug|iPhone
		{C82D2D05-AB12-4601-A5F8-631D828FECC0}.Debug|iPhone.ActiveCfg = Debug|iPhone
		{C82D2D05-AB12-4601-A5F8-631D828FECC0}.Debug|iPhone.Build.0 = Debug|iPhone
		{C82D2D05-AB12-4601-A5F8-631D828FECC0}.Debug|iPhoneSimulator.ActiveCfg = Debug|iPhoneSimulator
		{C82D2D05-AB12-4601-A5F8-631D828FECC0}.Debug|iPhoneSimulator.Build.0 = Debug|iPhoneSimulator
		{C82D2D05-AB12-4601-A5F8-631D828FECC0}.Debug|x64.ActiveCfg = Debug|iPhone
		{C82D2D05-AB12-4601-A5F8-631D828FECC0}.Debug|x86.ActiveCfg = Debug|iPhone
		{C82D2D05-AB12-4601-A5F8-631D828FECC0}.Release|Any CPU.ActiveCfg = Release|iPhone
		{C82D2D05-AB12-4601-A5F8-631D828FECC0}.Release|ARM.ActiveCfg = Release|iPhone
		{C82D2D05-AB12-4601-A5F8-631D828FECC0}.Release|iPhone.ActiveCfg = Release|iPhone
		{C82D2D05-AB12-4601-A5F8-631D828FECC0}.Release|iPhone.Build.0 = Release|iPhone
		{C82D2D05-AB12-4601-A5F8-631D828FECC0}.Release|iPhoneSimulator.ActiveCfg = Release|iPhoneSimulator
		{C82D2D05-AB12-4601-A5F8-631D828FECC0}.Release|iPhoneSimulator.Build.0 = Release|iPhoneSimulator
		{C82D2D05-AB12-4601-A5F8-631D828FECC0}.Release|x64.ActiveCfg = Release|iPhone
		{C82D2D05-AB12-4601-A5F8-631D828FECC0}.Release|x86.ActiveCfg = Release|iPhone
		{A2E977B6-6B67-4276-B324-2AFD46BA6667}.Ad-Hoc|Any CPU.ActiveCfg = Debug|Any CPU
		{A2E977B6-6B67-4276-B324-2AFD46BA6667}.Ad-Hoc|Any CPU.Build.0 = Debug|Any CPU
		{A2E977B6-6B67-4276-B324-2AFD46BA6667}.Ad-Hoc|ARM.ActiveCfg = Debug|Any CPU
		{A2E977B6-6B67-4276-B324-2AFD46BA6667}.Ad-Hoc|ARM.Build.0 = Debug|Any CPU
		{A2E977B6-6B67-4276-B324-2AFD46BA6667}.Ad-Hoc|iPhone.ActiveCfg = Debug|Any CPU
		{A2E977B6-6B67-4276-B324-2AFD46BA6667}.Ad-Hoc|iPhone.Build.0 = Debug|Any CPU
		{A2E977B6-6B67-4276-B324-2AFD46BA6667}.Ad-Hoc|iPhoneSimulator.ActiveCfg = Debug|Any CPU
		{A2E977B6-6B67-4276-B324-2AFD46BA6667}.Ad-Hoc|iPhoneSimulator.Build.0 = Debug|Any CPU
		{A2E977B6-6B67-4276-B324-2AFD46BA6667}.Ad-Hoc|x64.ActiveCfg = Debug|Any CPU
		{A2E977B6-6B67-4276-B324-2AFD46BA6667}.Ad-Hoc|x64.Build.0 = Debug|Any CPU
		{A2E977B6-6B67-4276-B324-2AFD46BA6667}.Ad-Hoc|x86.ActiveCfg = Debug|Any CPU
		{A2E977B6-6B67-4276-B324-2AFD46BA6667}.Ad-Hoc|x86.Build.0 = Debug|Any CPU
		{A2E977B6-6B67-4276-B324-2AFD46BA6667}.AppStore|Any CPU.ActiveCfg = Debug|Any CPU
		{A2E977B6-6B67-4276-B324-2AFD46BA6667}.AppStore|Any CPU.Build.0 = Debug|Any CPU
		{A2E977B6-6B67-4276-B324-2AFD46BA6667}.AppStore|ARM.ActiveCfg = Debug|Any CPU
		{A2E977B6-6B67-4276-B324-2AFD46BA6667}.AppStore|ARM.Build.0 = Debug|Any CPU
		{A2E977B6-6B67-4276-B324-2AFD46BA6667}.AppStore|iPhone.ActiveCfg = Debug|Any CPU
		{A2E977B6-6B67-4276-B324-2AFD46BA6667}.AppStore|iPhone.Build.0 = Debug|Any CPU
		{A2E977B6-6B67-4276-B324-2AFD46BA6667}.AppStore|iPhoneSimulator.ActiveCfg = Debug|Any CPU
		{A2E977B6-6B67-4276-B324-2AFD46BA6667}.AppStore|iPhoneSimulator.Build.0 = Debug|Any CPU
		{A2E977B6-6B67-4276-B324-2AFD46BA6667}.AppStore|x64.ActiveCfg = Debug|Any CPU
		{A2E977B6-6B67-4276-B324-2AFD46BA6667}.AppStore|x64.Build.0 = Debug|Any CPU
		{A2E977B6-6B67-4276-B324-2AFD46BA6667}.AppStore|x86.ActiveCfg = Debug|Any CPU
		{A2E977B6-6B67-4276-B324-2AFD46BA6667}.AppStore|x86.Build.0 = Debug|Any CPU
		{A2E977B6-6B67-4276-B324-2AFD46BA6667}.Debug|Any CPU.ActiveCfg = Debug|Any CPU
		{A2E977B6-6B67-4276-B324-2AFD46BA6667}.Debug|Any CPU.Build.0 = Debug|Any CPU
		{A2E977B6-6B67-4276-B324-2AFD46BA6667}.Debug|ARM.ActiveCfg = Debug|Any CPU
		{A2E977B6-6B67-4276-B324-2AFD46BA6667}.Debug|ARM.Build.0 = Debug|Any CPU
		{A2E977B6-6B67-4276-B324-2AFD46BA6667}.Debug|iPhone.ActiveCfg = Debug|Any CPU
		{A2E977B6-6B67-4276-B324-2AFD46BA6667}.Debug|iPhone.Build.0 = Debug|Any CPU
		{A2E977B6-6B67-4276-B324-2AFD46BA6667}.Debug|iPhoneSimulator.ActiveCfg = Debug|Any CPU
		{A2E977B6-6B67-4276-B324-2AFD46BA6667}.Debug|iPhoneSimulator.Build.0 = Debug|Any CPU
		{A2E977B6-6B67-4276-B324-2AFD46BA6667}.Debug|x64.ActiveCfg = Debug|Any CPU
		{A2E977B6-6B67-4276-B324-2AFD46BA6667}.Debug|x64.Build.0 = Debug|Any CPU
		{A2E977B6-6B67-4276-B324-2AFD46BA6667}.Debug|x86.ActiveCfg = Debug|Any CPU
		{A2E977B6-6B67-4276-B324-2AFD46BA6667}.Debug|x86.Build.0 = Debug|Any CPU
		{A2E977B6-6B67-4276-B324-2AFD46BA6667}.Release|Any CPU.ActiveCfg = Release|Any CPU
		{A2E977B6-6B67-4276-B324-2AFD46BA6667}.Release|Any CPU.Build.0 = Release|Any CPU
		{A2E977B6-6B67-4276-B324-2AFD46BA6667}.Release|ARM.ActiveCfg = Release|Any CPU
		{A2E977B6-6B67-4276-B324-2AFD46BA6667}.Release|ARM.Build.0 = Release|Any CPU
		{A2E977B6-6B67-4276-B324-2AFD46BA6667}.Release|iPhone.ActiveCfg = Release|Any CPU
		{A2E977B6-6B67-4276-B324-2AFD46BA6667}.Release|iPhone.Build.0 = Release|Any CPU
		{A2E977B6-6B67-4276-B324-2AFD46BA6667}.Release|iPhoneSimulator.ActiveCfg = Release|Any CPU
		{A2E977B6-6B67-4276-B324-2AFD46BA6667}.Release|iPhoneSimulator.Build.0 = Release|Any CPU
		{A2E977B6-6B67-4276-B324-2AFD46BA6667}.Release|x64.ActiveCfg = Release|Any CPU
		{A2E977B6-6B67-4276-B324-2AFD46BA6667}.Release|x64.Build.0 = Release|Any CPU
		{A2E977B6-6B67-4276-B324-2AFD46BA6667}.Release|x86.ActiveCfg = Release|Any CPU
		{A2E977B6-6B67-4276-B324-2AFD46BA6667}.Release|x86.Build.0 = Release|Any CPU
	EndGlobalSection
	GlobalSection(SolutionProperties) = preSolution
		HideSolutionNode = FALSE
	EndGlobalSection
	GlobalSection(NestedProjects) = preSolution
		{DD5FE1BA-D2FC-4AF7-860F-C7C8AF0C17B4} = {6FFBECD5-AC8D-4B60-9D5E-C847AC0DC22A}
		{46FDD0BB-356C-450A-A0F7-5AF6F4B3C082} = {6FFBECD5-AC8D-4B60-9D5E-C847AC0DC22A}
		{D307F102-0A59-40B0-B146-E2D9A79525B6} = {6FFBECD5-AC8D-4B60-9D5E-C847AC0DC22A}
		{1BE63C0C-7914-4832-97F6-3289089BB98C} = {D307F102-0A59-40B0-B146-E2D9A79525B6}
		{6920BAFF-A1AE-4E3F-A462-C91599817C59} = {DD5FE1BA-D2FC-4AF7-860F-C7C8AF0C17B4}
		{10F04E40-A357-40C7-9DB5-01640CECA6BC} = {DD5FE1BA-D2FC-4AF7-860F-C7C8AF0C17B4}
		{B68E1AC0-D994-431A-9CCC-2AADEE4137C1} = {DD5FE1BA-D2FC-4AF7-860F-C7C8AF0C17B4}
		{8C940BB8-FBF3-4A83-970B-C4F9ABD753FC} = {DD5FE1BA-D2FC-4AF7-860F-C7C8AF0C17B4}
		{7644B653-7711-43CF-BD0F-8E5AD3E915C2} = {46FDD0BB-356C-450A-A0F7-5AF6F4B3C082}
		{E8BD8235-D004-418C-97F2-46719664E639} = {46FDD0BB-356C-450A-A0F7-5AF6F4B3C082}
		{D67A449A-9D5A-4D07-B006-9A42EDEEAFDE} = {46FDD0BB-356C-450A-A0F7-5AF6F4B3C082}
		{C82D2D05-AB12-4601-A5F8-631D828FECC0} = {46FDD0BB-356C-450A-A0F7-5AF6F4B3C082}
	EndGlobalSection
	GlobalSection(ExtensibilityGlobals) = postSolution
		SolutionGuid = {FA645EF5-7121-4AD6-96C4-6BD29CBD178D}
	EndGlobalSection
	GlobalSection(MonoDevelopProperties) = preSolution
		version = 2.5
	EndGlobalSection
EndGlobal
