
Microsoft Visual Studio Solution File, Format Version 12.00
# Visual Studio Version 16
VisualStudioVersion = 25.0.1706.13
MinimumVisualStudioVersion = 10.0.40219.1
Project("{FAE04EC0-301F-11D3-BF4B-00C04F79EFBC}") = "Lottie.Maui", "Lottie.Maui.csproj", "{79FA10DF-6712-4F6E-B539-16D49ED8DAC8}"
EndProject
Global
	GlobalSection(SolutionConfigurationPlatforms) = preSolution
		Debug|Any CPU = Debug|Any CPU
		Release|Any CPU = Release|Any CPU
	EndGlobalSection
	GlobalSection(ProjectConfigurationPlatforms) = postSolution
		{79FA10DF-6712-4F6E-B539-16D49ED8DAC8}.Debug|Any CPU.ActiveCfg = Debug|Any CPU
		{79FA10DF-6712-4F6E-B539-16D49ED8DAC8}.Debug|Any CPU.Build.0 = Debug|Any CPU
		{79FA10DF-6712-4F6E-B539-16D49ED8DAC8}.Release|Any CPU.ActiveCfg = Release|Any CPU
		{79FA10DF-6712-4F6E-B539-16D49ED8DAC8}.Release|Any CPU.Build.0 = Release|Any CPU
	EndGlobalSection
	GlobalSection(SolutionProperties) = preSolution
		HideSolutionNode = FALSE
	EndGlobalSection
	GlobalSection(ExtensibilityGlobals) = postSolution
		SolutionGuid = {7B6D35BB-3D0D-488C-9331-971CB7FF7126}
	EndGlobalSection
EndGlobal
